
Microsoft Visual Studio Solution File, Format Version 12.00
# Visual Studio 15
VisualStudioVersion = 15.0.25920.0
MinimumVisualStudioVersion = 10.0.40219.1
Project("{FAE04EC0-301F-11D3-BF4B-00C04F79EFBC}") = "SmartAudioPlayer Fx", "SmartAudioPlayer Fx\SmartAudioPlayer Fx.csproj", "{584670B1-25C8-48FF-9568-5033C4CD21CC}"
EndProject
Project("{FAE04EC0-301F-11D3-BF4B-00C04F79EFBC}") = "SmartAudioPlayerFx.Test", "SmartAudioPlayerFx.Test\SmartAudioPlayerFx.Test.csproj", "{44593803-3441-4D77-B2D5-F850956DD451}"
EndProject
Project("{2150E333-8FDC-42A3-9474-1A3956D46DE8}") = "Quala", "Quala", "{0BE10BE1-D713-4C9E-BC30-BF72CBEA32DD}"
EndProject
Project("{FAE04EC0-301F-11D3-BF4B-00C04F79EFBC}") = "Quala.Win32", "Quala\Quala.Win32\Quala.Win32.csproj", "{AC33CEA6-8564-4247-8841-02FEC18ABA1E}"
EndProject
Project("{2150E333-8FDC-42A3-9474-1A3956D46DE8}") = "media", "media", "{E95B2FA1-EB2B-4780-8D02-0779CB8009B7}"
EndProject
Project("{FAE04EC0-301F-11D3-BF4B-00C04F79EFBC}") = "player-application", "media\player-application\player-application.csproj", "{AF5C69D2-A703-473A-AF69-601D9F150DBE}"
EndProject
Project("{FAE04EC0-301F-11D3-BF4B-00C04F79EFBC}") = "openal-ffmpeg", "media\openal-ffmpeg\openal-ffmpeg.csproj", "{E4D81929-3A93-4FBC-8E98-1160B9B10A58}"
EndProject
Project("{FAE04EC0-301F-11D3-BF4B-00C04F79EFBC}") = "VLCTest", "media\VLCTest\VLCTest.csproj", "{79C1DC53-4CFA-460E-B734-5562B512BC4F}"
EndProject
Project("{FAE04EC0-301F-11D3-BF4B-00C04F79EFBC}") = "wpf-ffmpeg-player", "media\wpf-ffmpeg-player\wpf-ffmpeg-player.csproj", "{CBF38DC2-8DEF-4357-B078-3A00A2DBB07D}"
EndProject
Project("{FAE04EC0-301F-11D3-BF4B-00C04F79EFBC}") = "sfxcore.Console", "sfxcore.Console\sfxcore.Console.csproj", "{FD1F653B-99CC-4536-A1A7-9E7ABB2A9987}"
EndProject
Project("{2150E333-8FDC-42A3-9474-1A3956D46DE8}") = "xamarin", "xamarin", "{B9E3AD87-ACB1-4E20-926D-82B0BF13BD1B}"
EndProject
Project("{FAE04EC0-301F-11D3-BF4B-00C04F79EFBC}") = "sfxui.iOS", "xamarin\sfxui.iOS\sfxui.iOS.csproj", "{02520D4A-C47F-4D27-95B0-7BCE1E7F3E12}"
EndProject
Project("{2150E333-8FDC-42A3-9474-1A3956D46DE8}") = "old", "old", "{6136B8D8-7FDA-4262-AA6A-1F5344CEE932}"
EndProject
Project("{2150E333-8FDC-42A3-9474-1A3956D46DE8}") = "test", "test", "{9EAA56A9-2779-4430-91BA-C136014EB2D2}"
EndProject
Project("{FAE04EC0-301F-11D3-BF4B-00C04F79EFBC}") = "test", "test\test\test.csproj", "{E66999C0-42ED-476D-8F6E-F9752612FD71}"
EndProject
Project("{FAE04EC0-301F-11D3-BF4B-00C04F79EFBC}") = "ConsoleApplication1", "test\ConsoleApplication1\ConsoleApplication1.csproj", "{7DD39827-7E49-4E1E-B357-16CD351A841E}"
EndProject
Project("{FAE04EC0-301F-11D3-BF4B-00C04F79EFBC}") = "sfxui.droid", "xamarin\sfxui.droid\sfxui.droid.csproj", "{4EDC366E-26BE-4AEB-A487-1745850AD412}"
EndProject
Project("{2150E333-8FDC-42A3-9474-1A3956D46DE8}") = "external", "external", "{674C10BB-CE93-4618-BB3B-6146EDEBABDB}"
EndProject
Project("{FAE04EC0-301F-11D3-BF4B-00C04F79EFBC}") = "OpenAL-CS Portable", "external\OpenAL-CS\OpenAL-CS Portable\OpenAL-CS Portable.csproj", "{C21BC570-43DA-4CE5-BC06-9579756E0FB5}"
EndProject
Project("{FAE04EC0-301F-11D3-BF4B-00C04F79EFBC}") = "JsonTest", "JsonTest\JsonTest.csproj", "{F75E7934-83F0-41A5-B03F-2DEABF4C3808}"
EndProject
Project("{FAE04EC0-301F-11D3-BF4B-00C04F79EFBC}") = "App1", "App1\App1.csproj", "{7F7894BE-C480-4C90-8E50-3588B37DDDC9}"
EndProject
Project("{9A19103F-16F7-4668-BE54-9A1E7A4F7556}") = "Quala.Core", "Quala\Quala.Core\Quala.Core.csproj", "{1BB634D7-AC8E-4B9A-B11F-DD67DE2F6183}"
EndProject
Project("{9A19103F-16F7-4668-BE54-9A1E7A4F7556}") = "Quala.Extensions", "Quala\Quala.Extensions\Quala.Extensions.csproj", "{53D7AF95-9D09-4C52-B9D5-ACC0D229D6AE}"
EndProject
Project("{FAE04EC0-301F-11D3-BF4B-00C04F79EFBC}") = "Quala.WPF", "Quala\Quala.WPF\Quala.WPF.csproj", "{F34C3A5C-DD58-4E0F-A834-FF2709158EEF}"
EndProject
Project("{FAE04EC0-301F-11D3-BF4B-00C04F79EFBC}") = "sfxcore", "sfxcore\sfxcore.csproj", "{A7E412D4-DF80-48F3-B895-C76B6F39B0A8}"
EndProject
Global
	GlobalSection(SolutionConfigurationPlatforms) = preSolution
		Ad-Hoc|Any CPU = Ad-Hoc|Any CPU
		Ad-Hoc|ARM = Ad-Hoc|ARM
		Ad-Hoc|iPhone = Ad-Hoc|iPhone
		Ad-Hoc|iPhoneSimulator = Ad-Hoc|iPhoneSimulator
		Ad-Hoc|x64 = Ad-Hoc|x64
		Ad-Hoc|x86 = Ad-Hoc|x86
		AppStore|Any CPU = AppStore|Any CPU
		AppStore|ARM = AppStore|ARM
		AppStore|iPhone = AppStore|iPhone
		AppStore|iPhoneSimulator = AppStore|iPhoneSimulator
		AppStore|x64 = AppStore|x64
		AppStore|x86 = AppStore|x86
		Debug|Any CPU = Debug|Any CPU
		Debug|ARM = Debug|ARM
		Debug|iPhone = Debug|iPhone
		Debug|iPhoneSimulator = Debug|iPhoneSimulator
		Debug|x64 = Debug|x64
		Debug|x86 = Debug|x86
		Release|Any CPU = Release|Any CPU
		Release|ARM = Release|ARM
		Release|iPhone = Release|iPhone
		Release|iPhoneSimulator = Release|iPhoneSimulator
		Release|x64 = Release|x64
		Release|x86 = Release|x86
		UpdateTest|Any CPU = UpdateTest|Any CPU
		UpdateTest|ARM = UpdateTest|ARM
		UpdateTest|iPhone = UpdateTest|iPhone
		UpdateTest|iPhoneSimulator = UpdateTest|iPhoneSimulator
		UpdateTest|x64 = UpdateTest|x64
		UpdateTest|x86 = UpdateTest|x86
	EndGlobalSection
	GlobalSection(ProjectConfigurationPlatforms) = postSolution
		{584670B1-25C8-48FF-9568-5033C4CD21CC}.Ad-Hoc|Any CPU.ActiveCfg = UpdateTest|Any CPU
		{584670B1-25C8-48FF-9568-5033C4CD21CC}.Ad-Hoc|Any CPU.Build.0 = UpdateTest|Any CPU
		{584670B1-25C8-48FF-9568-5033C4CD21CC}.Ad-Hoc|ARM.ActiveCfg = UpdateTest|Any CPU
		{584670B1-25C8-48FF-9568-5033C4CD21CC}.Ad-Hoc|ARM.Build.0 = UpdateTest|Any CPU
		{584670B1-25C8-48FF-9568-5033C4CD21CC}.Ad-Hoc|iPhone.ActiveCfg = UpdateTest|Any CPU
		{584670B1-25C8-48FF-9568-5033C4CD21CC}.Ad-Hoc|iPhone.Build.0 = UpdateTest|Any CPU
		{584670B1-25C8-48FF-9568-5033C4CD21CC}.Ad-Hoc|iPhoneSimulator.ActiveCfg = UpdateTest|Any CPU
		{584670B1-25C8-48FF-9568-5033C4CD21CC}.Ad-Hoc|iPhoneSimulator.Build.0 = UpdateTest|Any CPU
		{584670B1-25C8-48FF-9568-5033C4CD21CC}.Ad-Hoc|x64.ActiveCfg = UpdateTest|Any CPU
		{584670B1-25C8-48FF-9568-5033C4CD21CC}.Ad-Hoc|x64.Build.0 = UpdateTest|Any CPU
		{584670B1-25C8-48FF-9568-5033C4CD21CC}.Ad-Hoc|x86.ActiveCfg = UpdateTest|x86
		{584670B1-25C8-48FF-9568-5033C4CD21CC}.Ad-Hoc|x86.Build.0 = UpdateTest|x86
		{584670B1-25C8-48FF-9568-5033C4CD21CC}.AppStore|Any CPU.ActiveCfg = UpdateTest|Any CPU
		{584670B1-25C8-48FF-9568-5033C4CD21CC}.AppStore|Any CPU.Build.0 = UpdateTest|Any CPU
		{584670B1-25C8-48FF-9568-5033C4CD21CC}.AppStore|ARM.ActiveCfg = UpdateTest|Any CPU
		{584670B1-25C8-48FF-9568-5033C4CD21CC}.AppStore|ARM.Build.0 = UpdateTest|Any CPU
		{584670B1-25C8-48FF-9568-5033C4CD21CC}.AppStore|iPhone.ActiveCfg = UpdateTest|Any CPU
		{584670B1-25C8-48FF-9568-5033C4CD21CC}.AppStore|iPhone.Build.0 = UpdateTest|Any CPU
		{584670B1-25C8-48FF-9568-5033C4CD21CC}.AppStore|iPhoneSimulator.ActiveCfg = UpdateTest|Any CPU
		{584670B1-25C8-48FF-9568-5033C4CD21CC}.AppStore|iPhoneSimulator.Build.0 = UpdateTest|Any CPU
		{584670B1-25C8-48FF-9568-5033C4CD21CC}.AppStore|x64.ActiveCfg = UpdateTest|Any CPU
		{584670B1-25C8-48FF-9568-5033C4CD21CC}.AppStore|x64.Build.0 = UpdateTest|Any CPU
		{584670B1-25C8-48FF-9568-5033C4CD21CC}.AppStore|x86.ActiveCfg = UpdateTest|x86
		{584670B1-25C8-48FF-9568-5033C4CD21CC}.AppStore|x86.Build.0 = UpdateTest|x86
		{584670B1-25C8-48FF-9568-5033C4CD21CC}.Debug|Any CPU.ActiveCfg = Debug|x86
		{584670B1-25C8-48FF-9568-5033C4CD21CC}.Debug|ARM.ActiveCfg = Debug|Any CPU
		{584670B1-25C8-48FF-9568-5033C4CD21CC}.Debug|ARM.Build.0 = Debug|Any CPU
		{584670B1-25C8-48FF-9568-5033C4CD21CC}.Debug|iPhone.ActiveCfg = Debug|Any CPU
		{584670B1-25C8-48FF-9568-5033C4CD21CC}.Debug|iPhone.Build.0 = Debug|Any CPU
		{584670B1-25C8-48FF-9568-5033C4CD21CC}.Debug|iPhoneSimulator.ActiveCfg = Debug|Any CPU
		{584670B1-25C8-48FF-9568-5033C4CD21CC}.Debug|iPhoneSimulator.Build.0 = Debug|Any CPU
		{584670B1-25C8-48FF-9568-5033C4CD21CC}.Debug|x64.ActiveCfg = Debug|Any CPU
		{584670B1-25C8-48FF-9568-5033C4CD21CC}.Debug|x64.Build.0 = Debug|Any CPU
		{584670B1-25C8-48FF-9568-5033C4CD21CC}.Debug|x86.ActiveCfg = Debug|x86
		{584670B1-25C8-48FF-9568-5033C4CD21CC}.Debug|x86.Build.0 = Debug|x86
		{584670B1-25C8-48FF-9568-5033C4CD21CC}.Release|Any CPU.ActiveCfg = Release|x86
		{584670B1-25C8-48FF-9568-5033C4CD21CC}.Release|ARM.ActiveCfg = Release|Any CPU
		{584670B1-25C8-48FF-9568-5033C4CD21CC}.Release|ARM.Build.0 = Release|Any CPU
		{584670B1-25C8-48FF-9568-5033C4CD21CC}.Release|iPhone.ActiveCfg = Release|Any CPU
		{584670B1-25C8-48FF-9568-5033C4CD21CC}.Release|iPhone.Build.0 = Release|Any CPU
		{584670B1-25C8-48FF-9568-5033C4CD21CC}.Release|iPhoneSimulator.ActiveCfg = Release|Any CPU
		{584670B1-25C8-48FF-9568-5033C4CD21CC}.Release|iPhoneSimulator.Build.0 = Release|Any CPU
		{584670B1-25C8-48FF-9568-5033C4CD21CC}.Release|x64.ActiveCfg = Release|Any CPU
		{584670B1-25C8-48FF-9568-5033C4CD21CC}.Release|x64.Build.0 = Release|Any CPU
		{584670B1-25C8-48FF-9568-5033C4CD21CC}.Release|x86.ActiveCfg = Release|x86
		{584670B1-25C8-48FF-9568-5033C4CD21CC}.Release|x86.Build.0 = Release|x86
		{584670B1-25C8-48FF-9568-5033C4CD21CC}.UpdateTest|Any CPU.ActiveCfg = UpdateTest|x86
		{584670B1-25C8-48FF-9568-5033C4CD21CC}.UpdateTest|ARM.ActiveCfg = UpdateTest|Any CPU
		{584670B1-25C8-48FF-9568-5033C4CD21CC}.UpdateTest|ARM.Build.0 = UpdateTest|Any CPU
		{584670B1-25C8-48FF-9568-5033C4CD21CC}.UpdateTest|iPhone.ActiveCfg = UpdateTest|Any CPU
		{584670B1-25C8-48FF-9568-5033C4CD21CC}.UpdateTest|iPhone.Build.0 = UpdateTest|Any CPU
		{584670B1-25C8-48FF-9568-5033C4CD21CC}.UpdateTest|iPhoneSimulator.ActiveCfg = UpdateTest|Any CPU
		{584670B1-25C8-48FF-9568-5033C4CD21CC}.UpdateTest|iPhoneSimulator.Build.0 = UpdateTest|Any CPU
		{584670B1-25C8-48FF-9568-5033C4CD21CC}.UpdateTest|x64.ActiveCfg = UpdateTest|Any CPU
		{584670B1-25C8-48FF-9568-5033C4CD21CC}.UpdateTest|x64.Build.0 = UpdateTest|Any CPU
		{584670B1-25C8-48FF-9568-5033C4CD21CC}.UpdateTest|x86.ActiveCfg = UpdateTest|x86
		{584670B1-25C8-48FF-9568-5033C4CD21CC}.UpdateTest|x86.Build.0 = UpdateTest|x86
		{44593803-3441-4D77-B2D5-F850956DD451}.Ad-Hoc|Any CPU.ActiveCfg = Release|x86
		{44593803-3441-4D77-B2D5-F850956DD451}.Ad-Hoc|ARM.ActiveCfg = Release|x86
		{44593803-3441-4D77-B2D5-F850956DD451}.Ad-Hoc|iPhone.ActiveCfg = Release|x86
		{44593803-3441-4D77-B2D5-F850956DD451}.Ad-Hoc|iPhoneSimulator.ActiveCfg = Release|x86
		{44593803-3441-4D77-B2D5-F850956DD451}.Ad-Hoc|x64.ActiveCfg = Release|x86
		{44593803-3441-4D77-B2D5-F850956DD451}.Ad-Hoc|x86.ActiveCfg = Release|x86
		{44593803-3441-4D77-B2D5-F850956DD451}.AppStore|Any CPU.ActiveCfg = Release|x86
		{44593803-3441-4D77-B2D5-F850956DD451}.AppStore|ARM.ActiveCfg = Release|x86
		{44593803-3441-4D77-B2D5-F850956DD451}.AppStore|iPhone.ActiveCfg = Release|x86
		{44593803-3441-4D77-B2D5-F850956DD451}.AppStore|iPhoneSimulator.ActiveCfg = Release|x86
		{44593803-3441-4D77-B2D5-F850956DD451}.AppStore|x64.ActiveCfg = Release|x86
		{44593803-3441-4D77-B2D5-F850956DD451}.AppStore|x86.ActiveCfg = Release|x86
		{44593803-3441-4D77-B2D5-F850956DD451}.Debug|Any CPU.ActiveCfg = Debug|x86
		{44593803-3441-4D77-B2D5-F850956DD451}.Debug|ARM.ActiveCfg = Debug|x86
		{44593803-3441-4D77-B2D5-F850956DD451}.Debug|iPhone.ActiveCfg = Debug|x86
		{44593803-3441-4D77-B2D5-F850956DD451}.Debug|iPhoneSimulator.ActiveCfg = Debug|x86
		{44593803-3441-4D77-B2D5-F850956DD451}.Debug|x64.ActiveCfg = Debug|x86
		{44593803-3441-4D77-B2D5-F850956DD451}.Debug|x86.ActiveCfg = Debug|x86
		{44593803-3441-4D77-B2D5-F850956DD451}.Debug|x86.Build.0 = Debug|x86
		{44593803-3441-4D77-B2D5-F850956DD451}.Release|Any CPU.ActiveCfg = Release|x86
		{44593803-3441-4D77-B2D5-F850956DD451}.Release|ARM.ActiveCfg = Release|x86
		{44593803-3441-4D77-B2D5-F850956DD451}.Release|iPhone.ActiveCfg = Release|x86
		{44593803-3441-4D77-B2D5-F850956DD451}.Release|iPhoneSimulator.ActiveCfg = Release|x86
		{44593803-3441-4D77-B2D5-F850956DD451}.Release|x64.ActiveCfg = Release|x86
		{44593803-3441-4D77-B2D5-F850956DD451}.Release|x86.ActiveCfg = Release|x86
		{44593803-3441-4D77-B2D5-F850956DD451}.Release|x86.Build.0 = Release|x86
		{44593803-3441-4D77-B2D5-F850956DD451}.UpdateTest|Any CPU.ActiveCfg = Release|x86
		{44593803-3441-4D77-B2D5-F850956DD451}.UpdateTest|ARM.ActiveCfg = Release|x86
		{44593803-3441-4D77-B2D5-F850956DD451}.UpdateTest|iPhone.ActiveCfg = Release|x86
		{44593803-3441-4D77-B2D5-F850956DD451}.UpdateTest|iPhoneSimulator.ActiveCfg = Release|x86
		{44593803-3441-4D77-B2D5-F850956DD451}.UpdateTest|x64.ActiveCfg = Release|x86
		{44593803-3441-4D77-B2D5-F850956DD451}.UpdateTest|x86.ActiveCfg = Release|x86
		{44593803-3441-4D77-B2D5-F850956DD451}.UpdateTest|x86.Build.0 = Release|x86
		{AC33CEA6-8564-4247-8841-02FEC18ABA1E}.Ad-Hoc|Any CPU.ActiveCfg = Release|Any CPU
		{AC33CEA6-8564-4247-8841-02FEC18ABA1E}.Ad-Hoc|Any CPU.Build.0 = Release|Any CPU
		{AC33CEA6-8564-4247-8841-02FEC18ABA1E}.Ad-Hoc|ARM.ActiveCfg = Release|Any CPU
		{AC33CEA6-8564-4247-8841-02FEC18ABA1E}.Ad-Hoc|ARM.Build.0 = Release|Any CPU
		{AC33CEA6-8564-4247-8841-02FEC18ABA1E}.Ad-Hoc|iPhone.ActiveCfg = Release|Any CPU
		{AC33CEA6-8564-4247-8841-02FEC18ABA1E}.Ad-Hoc|iPhone.Build.0 = Release|Any CPU
		{AC33CEA6-8564-4247-8841-02FEC18ABA1E}.Ad-Hoc|iPhoneSimulator.ActiveCfg = Release|Any CPU
		{AC33CEA6-8564-4247-8841-02FEC18ABA1E}.Ad-Hoc|iPhoneSimulator.Build.0 = Release|Any CPU
		{AC33CEA6-8564-4247-8841-02FEC18ABA1E}.Ad-Hoc|x64.ActiveCfg = Release|Any CPU
		{AC33CEA6-8564-4247-8841-02FEC18ABA1E}.Ad-Hoc|x64.Build.0 = Release|Any CPU
		{AC33CEA6-8564-4247-8841-02FEC18ABA1E}.Ad-Hoc|x86.ActiveCfg = Release|Any CPU
		{AC33CEA6-8564-4247-8841-02FEC18ABA1E}.Ad-Hoc|x86.Build.0 = Release|Any CPU
		{AC33CEA6-8564-4247-8841-02FEC18ABA1E}.AppStore|Any CPU.ActiveCfg = Release|Any CPU
		{AC33CEA6-8564-4247-8841-02FEC18ABA1E}.AppStore|Any CPU.Build.0 = Release|Any CPU
		{AC33CEA6-8564-4247-8841-02FEC18ABA1E}.AppStore|ARM.ActiveCfg = Release|Any CPU
		{AC33CEA6-8564-4247-8841-02FEC18ABA1E}.AppStore|ARM.Build.0 = Release|Any CPU
		{AC33CEA6-8564-4247-8841-02FEC18ABA1E}.AppStore|iPhone.ActiveCfg = Release|Any CPU
		{AC33CEA6-8564-4247-8841-02FEC18ABA1E}.AppStore|iPhone.Build.0 = Release|Any CPU
		{AC33CEA6-8564-4247-8841-02FEC18ABA1E}.AppStore|iPhoneSimulator.ActiveCfg = Release|Any CPU
		{AC33CEA6-8564-4247-8841-02FEC18ABA1E}.AppStore|iPhoneSimulator.Build.0 = Release|Any CPU
		{AC33CEA6-8564-4247-8841-02FEC18ABA1E}.AppStore|x64.ActiveCfg = Release|Any CPU
		{AC33CEA6-8564-4247-8841-02FEC18ABA1E}.AppStore|x64.Build.0 = Release|Any CPU
		{AC33CEA6-8564-4247-8841-02FEC18ABA1E}.AppStore|x86.ActiveCfg = Release|Any CPU
		{AC33CEA6-8564-4247-8841-02FEC18ABA1E}.AppStore|x86.Build.0 = Release|Any CPU
		{AC33CEA6-8564-4247-8841-02FEC18ABA1E}.Debug|Any CPU.ActiveCfg = Debug|Any CPU
		{AC33CEA6-8564-4247-8841-02FEC18ABA1E}.Debug|Any CPU.Build.0 = Debug|Any CPU
		{AC33CEA6-8564-4247-8841-02FEC18ABA1E}.Debug|ARM.ActiveCfg = Debug|Any CPU
		{AC33CEA6-8564-4247-8841-02FEC18ABA1E}.Debug|ARM.Build.0 = Debug|Any CPU
		{AC33CEA6-8564-4247-8841-02FEC18ABA1E}.Debug|iPhone.ActiveCfg = Debug|Any CPU
		{AC33CEA6-8564-4247-8841-02FEC18ABA1E}.Debug|iPhone.Build.0 = Debug|Any CPU
		{AC33CEA6-8564-4247-8841-02FEC18ABA1E}.Debug|iPhoneSimulator.ActiveCfg = Debug|Any CPU
		{AC33CEA6-8564-4247-8841-02FEC18ABA1E}.Debug|iPhoneSimulator.Build.0 = Debug|Any CPU
		{AC33CEA6-8564-4247-8841-02FEC18ABA1E}.Debug|x64.ActiveCfg = Debug|Any CPU
		{AC33CEA6-8564-4247-8841-02FEC18ABA1E}.Debug|x64.Build.0 = Debug|Any CPU
		{AC33CEA6-8564-4247-8841-02FEC18ABA1E}.Debug|x86.ActiveCfg = Debug|Any CPU
		{AC33CEA6-8564-4247-8841-02FEC18ABA1E}.Debug|x86.Build.0 = Debug|Any CPU
		{AC33CEA6-8564-4247-8841-02FEC18ABA1E}.Release|Any CPU.ActiveCfg = Release|Any CPU
		{AC33CEA6-8564-4247-8841-02FEC18ABA1E}.Release|Any CPU.Build.0 = Release|Any CPU
		{AC33CEA6-8564-4247-8841-02FEC18ABA1E}.Release|ARM.ActiveCfg = Release|Any CPU
		{AC33CEA6-8564-4247-8841-02FEC18ABA1E}.Release|ARM.Build.0 = Release|Any CPU
		{AC33CEA6-8564-4247-8841-02FEC18ABA1E}.Release|iPhone.ActiveCfg = Release|Any CPU
		{AC33CEA6-8564-4247-8841-02FEC18ABA1E}.Release|iPhone.Build.0 = Release|Any CPU
		{AC33CEA6-8564-4247-8841-02FEC18ABA1E}.Release|iPhoneSimulator.ActiveCfg = Release|Any CPU
		{AC33CEA6-8564-4247-8841-02FEC18ABA1E}.Release|iPhoneSimulator.Build.0 = Release|Any CPU
		{AC33CEA6-8564-4247-8841-02FEC18ABA1E}.Release|x64.ActiveCfg = Release|Any CPU
		{AC33CEA6-8564-4247-8841-02FEC18ABA1E}.Release|x64.Build.0 = Release|Any CPU
		{AC33CEA6-8564-4247-8841-02FEC18ABA1E}.Release|x86.ActiveCfg = Release|Any CPU
		{AC33CEA6-8564-4247-8841-02FEC18ABA1E}.Release|x86.Build.0 = Release|Any CPU
		{AC33CEA6-8564-4247-8841-02FEC18ABA1E}.UpdateTest|Any CPU.ActiveCfg = Release|Any CPU
		{AC33CEA6-8564-4247-8841-02FEC18ABA1E}.UpdateTest|Any CPU.Build.0 = Release|Any CPU
		{AC33CEA6-8564-4247-8841-02FEC18ABA1E}.UpdateTest|ARM.ActiveCfg = Release|Any CPU
		{AC33CEA6-8564-4247-8841-02FEC18ABA1E}.UpdateTest|ARM.Build.0 = Release|Any CPU
		{AC33CEA6-8564-4247-8841-02FEC18ABA1E}.UpdateTest|iPhone.ActiveCfg = Release|Any CPU
		{AC33CEA6-8564-4247-8841-02FEC18ABA1E}.UpdateTest|iPhone.Build.0 = Release|Any CPU
		{AC33CEA6-8564-4247-8841-02FEC18ABA1E}.UpdateTest|iPhoneSimulator.ActiveCfg = Release|Any CPU
		{AC33CEA6-8564-4247-8841-02FEC18ABA1E}.UpdateTest|iPhoneSimulator.Build.0 = Release|Any CPU
		{AC33CEA6-8564-4247-8841-02FEC18ABA1E}.UpdateTest|x64.ActiveCfg = Release|Any CPU
		{AC33CEA6-8564-4247-8841-02FEC18ABA1E}.UpdateTest|x64.Build.0 = Release|Any CPU
		{AC33CEA6-8564-4247-8841-02FEC18ABA1E}.UpdateTest|x86.ActiveCfg = Release|Any CPU
		{AC33CEA6-8564-4247-8841-02FEC18ABA1E}.UpdateTest|x86.Build.0 = Release|Any CPU
		{AF5C69D2-A703-473A-AF69-601D9F150DBE}.Ad-Hoc|Any CPU.ActiveCfg = Release|Any CPU
		{AF5C69D2-A703-473A-AF69-601D9F150DBE}.Ad-Hoc|ARM.ActiveCfg = Release|Any CPU
		{AF5C69D2-A703-473A-AF69-601D9F150DBE}.Ad-Hoc|iPhone.ActiveCfg = Release|Any CPU
		{AF5C69D2-A703-473A-AF69-601D9F150DBE}.Ad-Hoc|iPhoneSimulator.ActiveCfg = Release|Any CPU
		{AF5C69D2-A703-473A-AF69-601D9F150DBE}.Ad-Hoc|x64.ActiveCfg = Release|Any CPU
		{AF5C69D2-A703-473A-AF69-601D9F150DBE}.Ad-Hoc|x86.ActiveCfg = Release|Any CPU
		{AF5C69D2-A703-473A-AF69-601D9F150DBE}.AppStore|Any CPU.ActiveCfg = Release|Any CPU
		{AF5C69D2-A703-473A-AF69-601D9F150DBE}.AppStore|ARM.ActiveCfg = Release|Any CPU
		{AF5C69D2-A703-473A-AF69-601D9F150DBE}.AppStore|iPhone.ActiveCfg = Release|Any CPU
		{AF5C69D2-A703-473A-AF69-601D9F150DBE}.AppStore|iPhoneSimulator.ActiveCfg = Release|Any CPU
		{AF5C69D2-A703-473A-AF69-601D9F150DBE}.AppStore|x64.ActiveCfg = Release|Any CPU
		{AF5C69D2-A703-473A-AF69-601D9F150DBE}.AppStore|x86.ActiveCfg = Release|Any CPU
		{AF5C69D2-A703-473A-AF69-601D9F150DBE}.Debug|Any CPU.ActiveCfg = Debug|Any CPU
		{AF5C69D2-A703-473A-AF69-601D9F150DBE}.Debug|Any CPU.Build.0 = Debug|Any CPU
		{AF5C69D2-A703-473A-AF69-601D9F150DBE}.Debug|ARM.ActiveCfg = Debug|Any CPU
		{AF5C69D2-A703-473A-AF69-601D9F150DBE}.Debug|ARM.Build.0 = Debug|Any CPU
		{AF5C69D2-A703-473A-AF69-601D9F150DBE}.Debug|iPhone.ActiveCfg = Debug|Any CPU
		{AF5C69D2-A703-473A-AF69-601D9F150DBE}.Debug|iPhoneSimulator.ActiveCfg = Debug|Any CPU
		{AF5C69D2-A703-473A-AF69-601D9F150DBE}.Debug|x64.ActiveCfg = Debug|Any CPU
		{AF5C69D2-A703-473A-AF69-601D9F150DBE}.Debug|x64.Build.0 = Debug|Any CPU
		{AF5C69D2-A703-473A-AF69-601D9F150DBE}.Debug|x86.ActiveCfg = Debug|Any CPU
		{AF5C69D2-A703-473A-AF69-601D9F150DBE}.Debug|x86.Build.0 = Debug|Any CPU
		{AF5C69D2-A703-473A-AF69-601D9F150DBE}.Release|Any CPU.ActiveCfg = Release|Any CPU
		{AF5C69D2-A703-473A-AF69-601D9F150DBE}.Release|Any CPU.Build.0 = Release|Any CPU
		{AF5C69D2-A703-473A-AF69-601D9F150DBE}.Release|ARM.ActiveCfg = Release|Any CPU
		{AF5C69D2-A703-473A-AF69-601D9F150DBE}.Release|ARM.Build.0 = Release|Any CPU
		{AF5C69D2-A703-473A-AF69-601D9F150DBE}.Release|iPhone.ActiveCfg = Release|Any CPU
		{AF5C69D2-A703-473A-AF69-601D9F150DBE}.Release|iPhoneSimulator.ActiveCfg = Release|Any CPU
		{AF5C69D2-A703-473A-AF69-601D9F150DBE}.Release|x64.ActiveCfg = Release|Any CPU
		{AF5C69D2-A703-473A-AF69-601D9F150DBE}.Release|x64.Build.0 = Release|Any CPU
		{AF5C69D2-A703-473A-AF69-601D9F150DBE}.Release|x86.ActiveCfg = Release|Any CPU
		{AF5C69D2-A703-473A-AF69-601D9F150DBE}.Release|x86.Build.0 = Release|Any CPU
		{AF5C69D2-A703-473A-AF69-601D9F150DBE}.UpdateTest|Any CPU.ActiveCfg = Release|Any CPU
		{AF5C69D2-A703-473A-AF69-601D9F150DBE}.UpdateTest|Any CPU.Build.0 = Release|Any CPU
		{AF5C69D2-A703-473A-AF69-601D9F150DBE}.UpdateTest|ARM.ActiveCfg = Release|Any CPU
		{AF5C69D2-A703-473A-AF69-601D9F150DBE}.UpdateTest|ARM.Build.0 = Release|Any CPU
		{AF5C69D2-A703-473A-AF69-601D9F150DBE}.UpdateTest|iPhone.ActiveCfg = Release|Any CPU
		{AF5C69D2-A703-473A-AF69-601D9F150DBE}.UpdateTest|iPhoneSimulator.ActiveCfg = Release|Any CPU
		{AF5C69D2-A703-473A-AF69-601D9F150DBE}.UpdateTest|x64.ActiveCfg = Release|Any CPU
		{AF5C69D2-A703-473A-AF69-601D9F150DBE}.UpdateTest|x64.Build.0 = Release|Any CPU
		{AF5C69D2-A703-473A-AF69-601D9F150DBE}.UpdateTest|x86.ActiveCfg = Release|Any CPU
		{AF5C69D2-A703-473A-AF69-601D9F150DBE}.UpdateTest|x86.Build.0 = Release|Any CPU
		{E4D81929-3A93-4FBC-8E98-1160B9B10A58}.Ad-Hoc|Any CPU.ActiveCfg = Release|Any CPU
		{E4D81929-3A93-4FBC-8E98-1160B9B10A58}.Ad-Hoc|ARM.ActiveCfg = Release|Any CPU
		{E4D81929-3A93-4FBC-8E98-1160B9B10A58}.Ad-Hoc|iPhone.ActiveCfg = Release|Any CPU
		{E4D81929-3A93-4FBC-8E98-1160B9B10A58}.Ad-Hoc|iPhoneSimulator.ActiveCfg = Release|Any CPU
		{E4D81929-3A93-4FBC-8E98-1160B9B10A58}.Ad-Hoc|x64.ActiveCfg = Debug|x64
		{E4D81929-3A93-4FBC-8E98-1160B9B10A58}.Ad-Hoc|x86.ActiveCfg = Release|Any CPU
		{E4D81929-3A93-4FBC-8E98-1160B9B10A58}.AppStore|Any CPU.ActiveCfg = Release|Any CPU
		{E4D81929-3A93-4FBC-8E98-1160B9B10A58}.AppStore|ARM.ActiveCfg = Release|Any CPU
		{E4D81929-3A93-4FBC-8E98-1160B9B10A58}.AppStore|iPhone.ActiveCfg = Release|Any CPU
		{E4D81929-3A93-4FBC-8E98-1160B9B10A58}.AppStore|iPhoneSimulator.ActiveCfg = Release|Any CPU
		{E4D81929-3A93-4FBC-8E98-1160B9B10A58}.AppStore|x64.ActiveCfg = Debug|x64
		{E4D81929-3A93-4FBC-8E98-1160B9B10A58}.AppStore|x86.ActiveCfg = Release|Any CPU
		{E4D81929-3A93-4FBC-8E98-1160B9B10A58}.Debug|Any CPU.ActiveCfg = Debug|Any CPU
		{E4D81929-3A93-4FBC-8E98-1160B9B10A58}.Debug|Any CPU.Build.0 = Debug|Any CPU
		{E4D81929-3A93-4FBC-8E98-1160B9B10A58}.Debug|ARM.ActiveCfg = Debug|Any CPU
		{E4D81929-3A93-4FBC-8E98-1160B9B10A58}.Debug|ARM.Build.0 = Debug|Any CPU
		{E4D81929-3A93-4FBC-8E98-1160B9B10A58}.Debug|iPhone.ActiveCfg = Debug|Any CPU
		{E4D81929-3A93-4FBC-8E98-1160B9B10A58}.Debug|iPhoneSimulator.ActiveCfg = Debug|Any CPU
		{E4D81929-3A93-4FBC-8E98-1160B9B10A58}.Debug|x64.ActiveCfg = Debug|x64
		{E4D81929-3A93-4FBC-8E98-1160B9B10A58}.Debug|x64.Build.0 = Debug|x64
		{E4D81929-3A93-4FBC-8E98-1160B9B10A58}.Debug|x86.ActiveCfg = Debug|Any CPU
		{E4D81929-3A93-4FBC-8E98-1160B9B10A58}.Debug|x86.Build.0 = Debug|Any CPU
		{E4D81929-3A93-4FBC-8E98-1160B9B10A58}.Release|Any CPU.ActiveCfg = Release|Any CPU
		{E4D81929-3A93-4FBC-8E98-1160B9B10A58}.Release|Any CPU.Build.0 = Release|Any CPU
		{E4D81929-3A93-4FBC-8E98-1160B9B10A58}.Release|ARM.ActiveCfg = Release|Any CPU
		{E4D81929-3A93-4FBC-8E98-1160B9B10A58}.Release|ARM.Build.0 = Release|Any CPU
		{E4D81929-3A93-4FBC-8E98-1160B9B10A58}.Release|iPhone.ActiveCfg = Release|Any CPU
		{E4D81929-3A93-4FBC-8E98-1160B9B10A58}.Release|iPhoneSimulator.ActiveCfg = Release|Any CPU
		{E4D81929-3A93-4FBC-8E98-1160B9B10A58}.Release|x64.ActiveCfg = Release|Any CPU
		{E4D81929-3A93-4FBC-8E98-1160B9B10A58}.Release|x64.Build.0 = Release|Any CPU
		{E4D81929-3A93-4FBC-8E98-1160B9B10A58}.Release|x86.ActiveCfg = Release|Any CPU
		{E4D81929-3A93-4FBC-8E98-1160B9B10A58}.Release|x86.Build.0 = Release|Any CPU
		{E4D81929-3A93-4FBC-8E98-1160B9B10A58}.UpdateTest|Any CPU.ActiveCfg = Release|Any CPU
		{E4D81929-3A93-4FBC-8E98-1160B9B10A58}.UpdateTest|Any CPU.Build.0 = Release|Any CPU
		{E4D81929-3A93-4FBC-8E98-1160B9B10A58}.UpdateTest|ARM.ActiveCfg = Release|Any CPU
		{E4D81929-3A93-4FBC-8E98-1160B9B10A58}.UpdateTest|ARM.Build.0 = Release|Any CPU
		{E4D81929-3A93-4FBC-8E98-1160B9B10A58}.UpdateTest|iPhone.ActiveCfg = Release|Any CPU
		{E4D81929-3A93-4FBC-8E98-1160B9B10A58}.UpdateTest|iPhoneSimulator.ActiveCfg = Release|Any CPU
		{E4D81929-3A93-4FBC-8E98-1160B9B10A58}.UpdateTest|x64.ActiveCfg = Release|Any CPU
		{E4D81929-3A93-4FBC-8E98-1160B9B10A58}.UpdateTest|x64.Build.0 = Release|Any CPU
		{E4D81929-3A93-4FBC-8E98-1160B9B10A58}.UpdateTest|x86.ActiveCfg = Release|Any CPU
		{E4D81929-3A93-4FBC-8E98-1160B9B10A58}.UpdateTest|x86.Build.0 = Release|Any CPU
		{79C1DC53-4CFA-460E-B734-5562B512BC4F}.Ad-Hoc|Any CPU.ActiveCfg = Release|Any CPU
		{79C1DC53-4CFA-460E-B734-5562B512BC4F}.Ad-Hoc|ARM.ActiveCfg = Release|Any CPU
		{79C1DC53-4CFA-460E-B734-5562B512BC4F}.Ad-Hoc|iPhone.ActiveCfg = Release|Any CPU
		{79C1DC53-4CFA-460E-B734-5562B512BC4F}.Ad-Hoc|iPhoneSimulator.ActiveCfg = Release|Any CPU
		{79C1DC53-4CFA-460E-B734-5562B512BC4F}.Ad-Hoc|x64.ActiveCfg = Release|Any CPU
		{79C1DC53-4CFA-460E-B734-5562B512BC4F}.Ad-Hoc|x86.ActiveCfg = Release|Any CPU
		{79C1DC53-4CFA-460E-B734-5562B512BC4F}.AppStore|Any CPU.ActiveCfg = Release|Any CPU
		{79C1DC53-4CFA-460E-B734-5562B512BC4F}.AppStore|ARM.ActiveCfg = Release|Any CPU
		{79C1DC53-4CFA-460E-B734-5562B512BC4F}.AppStore|iPhone.ActiveCfg = Release|Any CPU
		{79C1DC53-4CFA-460E-B734-5562B512BC4F}.AppStore|iPhoneSimulator.ActiveCfg = Release|Any CPU
		{79C1DC53-4CFA-460E-B734-5562B512BC4F}.AppStore|x64.ActiveCfg = Release|Any CPU
		{79C1DC53-4CFA-460E-B734-5562B512BC4F}.AppStore|x86.ActiveCfg = Release|Any CPU
		{79C1DC53-4CFA-460E-B734-5562B512BC4F}.Debug|Any CPU.ActiveCfg = Debug|Any CPU
		{79C1DC53-4CFA-460E-B734-5562B512BC4F}.Debug|Any CPU.Build.0 = Debug|Any CPU
		{79C1DC53-4CFA-460E-B734-5562B512BC4F}.Debug|ARM.ActiveCfg = Debug|Any CPU
		{79C1DC53-4CFA-460E-B734-5562B512BC4F}.Debug|ARM.Build.0 = Debug|Any CPU
		{79C1DC53-4CFA-460E-B734-5562B512BC4F}.Debug|iPhone.ActiveCfg = Debug|Any CPU
		{79C1DC53-4CFA-460E-B734-5562B512BC4F}.Debug|iPhoneSimulator.ActiveCfg = Debug|Any CPU
		{79C1DC53-4CFA-460E-B734-5562B512BC4F}.Debug|x64.ActiveCfg = Debug|Any CPU
		{79C1DC53-4CFA-460E-B734-5562B512BC4F}.Debug|x64.Build.0 = Debug|Any CPU
		{79C1DC53-4CFA-460E-B734-5562B512BC4F}.Debug|x86.ActiveCfg = Debug|Any CPU
		{79C1DC53-4CFA-460E-B734-5562B512BC4F}.Debug|x86.Build.0 = Debug|Any CPU
		{79C1DC53-4CFA-460E-B734-5562B512BC4F}.Release|Any CPU.ActiveCfg = Release|Any CPU
		{79C1DC53-4CFA-460E-B734-5562B512BC4F}.Release|Any CPU.Build.0 = Release|Any CPU
		{79C1DC53-4CFA-460E-B734-5562B512BC4F}.Release|ARM.ActiveCfg = Release|Any CPU
		{79C1DC53-4CFA-460E-B734-5562B512BC4F}.Release|ARM.Build.0 = Release|Any CPU
		{79C1DC53-4CFA-460E-B734-5562B512BC4F}.Release|iPhone.ActiveCfg = Release|Any CPU
		{79C1DC53-4CFA-460E-B734-5562B512BC4F}.Release|iPhoneSimulator.ActiveCfg = Release|Any CPU
		{79C1DC53-4CFA-460E-B734-5562B512BC4F}.Release|x64.ActiveCfg = Release|Any CPU
		{79C1DC53-4CFA-460E-B734-5562B512BC4F}.Release|x64.Build.0 = Release|Any CPU
		{79C1DC53-4CFA-460E-B734-5562B512BC4F}.Release|x86.ActiveCfg = Release|Any CPU
		{79C1DC53-4CFA-460E-B734-5562B512BC4F}.Release|x86.Build.0 = Release|Any CPU
		{79C1DC53-4CFA-460E-B734-5562B512BC4F}.UpdateTest|Any CPU.ActiveCfg = Release|Any CPU
		{79C1DC53-4CFA-460E-B734-5562B512BC4F}.UpdateTest|Any CPU.Build.0 = Release|Any CPU
		{79C1DC53-4CFA-460E-B734-5562B512BC4F}.UpdateTest|ARM.ActiveCfg = Release|Any CPU
		{79C1DC53-4CFA-460E-B734-5562B512BC4F}.UpdateTest|ARM.Build.0 = Release|Any CPU
		{79C1DC53-4CFA-460E-B734-5562B512BC4F}.UpdateTest|iPhone.ActiveCfg = Release|Any CPU
		{79C1DC53-4CFA-460E-B734-5562B512BC4F}.UpdateTest|iPhoneSimulator.ActiveCfg = Release|Any CPU
		{79C1DC53-4CFA-460E-B734-5562B512BC4F}.UpdateTest|x64.ActiveCfg = Release|Any CPU
		{79C1DC53-4CFA-460E-B734-5562B512BC4F}.UpdateTest|x64.Build.0 = Release|Any CPU
		{79C1DC53-4CFA-460E-B734-5562B512BC4F}.UpdateTest|x86.ActiveCfg = Release|Any CPU
		{79C1DC53-4CFA-460E-B734-5562B512BC4F}.UpdateTest|x86.Build.0 = Release|Any CPU
		{CBF38DC2-8DEF-4357-B078-3A00A2DBB07D}.Ad-Hoc|Any CPU.ActiveCfg = Release|Any CPU
		{CBF38DC2-8DEF-4357-B078-3A00A2DBB07D}.Ad-Hoc|ARM.ActiveCfg = Release|Any CPU
		{CBF38DC2-8DEF-4357-B078-3A00A2DBB07D}.Ad-Hoc|iPhone.ActiveCfg = Release|Any CPU
		{CBF38DC2-8DEF-4357-B078-3A00A2DBB07D}.Ad-Hoc|iPhoneSimulator.ActiveCfg = Release|Any CPU
		{CBF38DC2-8DEF-4357-B078-3A00A2DBB07D}.Ad-Hoc|x64.ActiveCfg = Release|Any CPU
		{CBF38DC2-8DEF-4357-B078-3A00A2DBB07D}.Ad-Hoc|x86.ActiveCfg = Release|Any CPU
		{CBF38DC2-8DEF-4357-B078-3A00A2DBB07D}.AppStore|Any CPU.ActiveCfg = Release|Any CPU
		{CBF38DC2-8DEF-4357-B078-3A00A2DBB07D}.AppStore|ARM.ActiveCfg = Release|Any CPU
		{CBF38DC2-8DEF-4357-B078-3A00A2DBB07D}.AppStore|iPhone.ActiveCfg = Release|Any CPU
		{CBF38DC2-8DEF-4357-B078-3A00A2DBB07D}.AppStore|iPhoneSimulator.ActiveCfg = Release|Any CPU
		{CBF38DC2-8DEF-4357-B078-3A00A2DBB07D}.AppStore|x64.ActiveCfg = Release|Any CPU
		{CBF38DC2-8DEF-4357-B078-3A00A2DBB07D}.AppStore|x86.ActiveCfg = Release|Any CPU
		{CBF38DC2-8DEF-4357-B078-3A00A2DBB07D}.Debug|Any CPU.ActiveCfg = Debug|Any CPU
		{CBF38DC2-8DEF-4357-B078-3A00A2DBB07D}.Debug|Any CPU.Build.0 = Debug|Any CPU
		{CBF38DC2-8DEF-4357-B078-3A00A2DBB07D}.Debug|ARM.ActiveCfg = Debug|Any CPU
		{CBF38DC2-8DEF-4357-B078-3A00A2DBB07D}.Debug|ARM.Build.0 = Debug|Any CPU
		{CBF38DC2-8DEF-4357-B078-3A00A2DBB07D}.Debug|iPhone.ActiveCfg = Debug|Any CPU
		{CBF38DC2-8DEF-4357-B078-3A00A2DBB07D}.Debug|iPhoneSimulator.ActiveCfg = Debug|Any CPU
		{CBF38DC2-8DEF-4357-B078-3A00A2DBB07D}.Debug|x64.ActiveCfg = Debug|Any CPU
		{CBF38DC2-8DEF-4357-B078-3A00A2DBB07D}.Debug|x64.Build.0 = Debug|Any CPU
		{CBF38DC2-8DEF-4357-B078-3A00A2DBB07D}.Debug|x86.ActiveCfg = Debug|Any CPU
		{CBF38DC2-8DEF-4357-B078-3A00A2DBB07D}.Debug|x86.Build.0 = Debug|Any CPU
		{CBF38DC2-8DEF-4357-B078-3A00A2DBB07D}.Release|Any CPU.ActiveCfg = Release|Any CPU
		{CBF38DC2-8DEF-4357-B078-3A00A2DBB07D}.Release|Any CPU.Build.0 = Release|Any CPU
		{CBF38DC2-8DEF-4357-B078-3A00A2DBB07D}.Release|ARM.ActiveCfg = Release|Any CPU
		{CBF38DC2-8DEF-4357-B078-3A00A2DBB07D}.Release|ARM.Build.0 = Release|Any CPU
		{CBF38DC2-8DEF-4357-B078-3A00A2DBB07D}.Release|iPhone.ActiveCfg = Release|Any CPU
		{CBF38DC2-8DEF-4357-B078-3A00A2DBB07D}.Release|iPhoneSimulator.ActiveCfg = Release|Any CPU
		{CBF38DC2-8DEF-4357-B078-3A00A2DBB07D}.Release|x64.ActiveCfg = Release|Any CPU
		{CBF38DC2-8DEF-4357-B078-3A00A2DBB07D}.Release|x64.Build.0 = Release|Any CPU
		{CBF38DC2-8DEF-4357-B078-3A00A2DBB07D}.Release|x86.ActiveCfg = Release|Any CPU
		{CBF38DC2-8DEF-4357-B078-3A00A2DBB07D}.Release|x86.Build.0 = Release|Any CPU
		{CBF38DC2-8DEF-4357-B078-3A00A2DBB07D}.UpdateTest|Any CPU.ActiveCfg = Release|Any CPU
		{CBF38DC2-8DEF-4357-B078-3A00A2DBB07D}.UpdateTest|Any CPU.Build.0 = Release|Any CPU
		{CBF38DC2-8DEF-4357-B078-3A00A2DBB07D}.UpdateTest|ARM.ActiveCfg = Release|Any CPU
		{CBF38DC2-8DEF-4357-B078-3A00A2DBB07D}.UpdateTest|ARM.Build.0 = Release|Any CPU
		{CBF38DC2-8DEF-4357-B078-3A00A2DBB07D}.UpdateTest|iPhone.ActiveCfg = Release|Any CPU
		{CBF38DC2-8DEF-4357-B078-3A00A2DBB07D}.UpdateTest|iPhoneSimulator.ActiveCfg = Release|Any CPU
		{CBF38DC2-8DEF-4357-B078-3A00A2DBB07D}.UpdateTest|x64.ActiveCfg = Release|Any CPU
		{CBF38DC2-8DEF-4357-B078-3A00A2DBB07D}.UpdateTest|x64.Build.0 = Release|Any CPU
		{CBF38DC2-8DEF-4357-B078-3A00A2DBB07D}.UpdateTest|x86.ActiveCfg = Release|Any CPU
		{CBF38DC2-8DEF-4357-B078-3A00A2DBB07D}.UpdateTest|x86.Build.0 = Release|Any CPU
		{FD1F653B-99CC-4536-A1A7-9E7ABB2A9987}.Ad-Hoc|Any CPU.ActiveCfg = Release|Any CPU
		{FD1F653B-99CC-4536-A1A7-9E7ABB2A9987}.Ad-Hoc|ARM.ActiveCfg = Release|Any CPU
		{FD1F653B-99CC-4536-A1A7-9E7ABB2A9987}.Ad-Hoc|iPhone.ActiveCfg = Release|Any CPU
		{FD1F653B-99CC-4536-A1A7-9E7ABB2A9987}.Ad-Hoc|iPhoneSimulator.ActiveCfg = Release|Any CPU
		{FD1F653B-99CC-4536-A1A7-9E7ABB2A9987}.Ad-Hoc|x64.ActiveCfg = Release|Any CPU
		{FD1F653B-99CC-4536-A1A7-9E7ABB2A9987}.Ad-Hoc|x86.ActiveCfg = Release|Any CPU
		{FD1F653B-99CC-4536-A1A7-9E7ABB2A9987}.AppStore|Any CPU.ActiveCfg = Release|Any CPU
		{FD1F653B-99CC-4536-A1A7-9E7ABB2A9987}.AppStore|ARM.ActiveCfg = Release|Any CPU
		{FD1F653B-99CC-4536-A1A7-9E7ABB2A9987}.AppStore|iPhone.ActiveCfg = Release|Any CPU
		{FD1F653B-99CC-4536-A1A7-9E7ABB2A9987}.AppStore|iPhoneSimulator.ActiveCfg = Release|Any CPU
		{FD1F653B-99CC-4536-A1A7-9E7ABB2A9987}.AppStore|x64.ActiveCfg = Release|Any CPU
		{FD1F653B-99CC-4536-A1A7-9E7ABB2A9987}.AppStore|x86.ActiveCfg = Release|Any CPU
		{FD1F653B-99CC-4536-A1A7-9E7ABB2A9987}.Debug|Any CPU.ActiveCfg = Debug|Any CPU
		{FD1F653B-99CC-4536-A1A7-9E7ABB2A9987}.Debug|Any CPU.Build.0 = Debug|Any CPU
		{FD1F653B-99CC-4536-A1A7-9E7ABB2A9987}.Debug|ARM.ActiveCfg = Debug|Any CPU
		{FD1F653B-99CC-4536-A1A7-9E7ABB2A9987}.Debug|ARM.Build.0 = Debug|Any CPU
		{FD1F653B-99CC-4536-A1A7-9E7ABB2A9987}.Debug|iPhone.ActiveCfg = Debug|Any CPU
		{FD1F653B-99CC-4536-A1A7-9E7ABB2A9987}.Debug|iPhoneSimulator.ActiveCfg = Debug|Any CPU
		{FD1F653B-99CC-4536-A1A7-9E7ABB2A9987}.Debug|x64.ActiveCfg = Debug|Any CPU
		{FD1F653B-99CC-4536-A1A7-9E7ABB2A9987}.Debug|x64.Build.0 = Debug|Any CPU
		{FD1F653B-99CC-4536-A1A7-9E7ABB2A9987}.Debug|x86.ActiveCfg = Debug|Any CPU
		{FD1F653B-99CC-4536-A1A7-9E7ABB2A9987}.Debug|x86.Build.0 = Debug|Any CPU
		{FD1F653B-99CC-4536-A1A7-9E7ABB2A9987}.Release|Any CPU.ActiveCfg = Release|Any CPU
		{FD1F653B-99CC-4536-A1A7-9E7ABB2A9987}.Release|Any CPU.Build.0 = Release|Any CPU
		{FD1F653B-99CC-4536-A1A7-9E7ABB2A9987}.Release|ARM.ActiveCfg = Release|Any CPU
		{FD1F653B-99CC-4536-A1A7-9E7ABB2A9987}.Release|ARM.Build.0 = Release|Any CPU
		{FD1F653B-99CC-4536-A1A7-9E7ABB2A9987}.Release|iPhone.ActiveCfg = Release|Any CPU
		{FD1F653B-99CC-4536-A1A7-9E7ABB2A9987}.Release|iPhoneSimulator.ActiveCfg = Release|Any CPU
		{FD1F653B-99CC-4536-A1A7-9E7ABB2A9987}.Release|x64.ActiveCfg = Release|Any CPU
		{FD1F653B-99CC-4536-A1A7-9E7ABB2A9987}.Release|x64.Build.0 = Release|Any CPU
		{FD1F653B-99CC-4536-A1A7-9E7ABB2A9987}.Release|x86.ActiveCfg = Release|Any CPU
		{FD1F653B-99CC-4536-A1A7-9E7ABB2A9987}.Release|x86.Build.0 = Release|Any CPU
		{FD1F653B-99CC-4536-A1A7-9E7ABB2A9987}.UpdateTest|Any CPU.ActiveCfg = Release|Any CPU
		{FD1F653B-99CC-4536-A1A7-9E7ABB2A9987}.UpdateTest|Any CPU.Build.0 = Release|Any CPU
		{FD1F653B-99CC-4536-A1A7-9E7ABB2A9987}.UpdateTest|ARM.ActiveCfg = Release|Any CPU
		{FD1F653B-99CC-4536-A1A7-9E7ABB2A9987}.UpdateTest|ARM.Build.0 = Release|Any CPU
		{FD1F653B-99CC-4536-A1A7-9E7ABB2A9987}.UpdateTest|iPhone.ActiveCfg = Release|Any CPU
		{FD1F653B-99CC-4536-A1A7-9E7ABB2A9987}.UpdateTest|iPhoneSimulator.ActiveCfg = Release|Any CPU
		{FD1F653B-99CC-4536-A1A7-9E7ABB2A9987}.UpdateTest|x64.ActiveCfg = Release|Any CPU
		{FD1F653B-99CC-4536-A1A7-9E7ABB2A9987}.UpdateTest|x64.Build.0 = Release|Any CPU
		{FD1F653B-99CC-4536-A1A7-9E7ABB2A9987}.UpdateTest|x86.ActiveCfg = Release|Any CPU
		{FD1F653B-99CC-4536-A1A7-9E7ABB2A9987}.UpdateTest|x86.Build.0 = Release|Any CPU
		{02520D4A-C47F-4D27-95B0-7BCE1E7F3E12}.Ad-Hoc|Any CPU.ActiveCfg = Release|Any CPU
		{02520D4A-C47F-4D27-95B0-7BCE1E7F3E12}.Ad-Hoc|ARM.ActiveCfg = Release|Any CPU
		{02520D4A-C47F-4D27-95B0-7BCE1E7F3E12}.Ad-Hoc|iPhone.ActiveCfg = Release|Any CPU
		{02520D4A-C47F-4D27-95B0-7BCE1E7F3E12}.Ad-Hoc|iPhoneSimulator.ActiveCfg = Release|Any CPU
		{02520D4A-C47F-4D27-95B0-7BCE1E7F3E12}.Ad-Hoc|x64.ActiveCfg = Release|Any CPU
		{02520D4A-C47F-4D27-95B0-7BCE1E7F3E12}.Ad-Hoc|x86.ActiveCfg = Release|Any CPU
		{02520D4A-C47F-4D27-95B0-7BCE1E7F3E12}.AppStore|Any CPU.ActiveCfg = Release|Any CPU
		{02520D4A-C47F-4D27-95B0-7BCE1E7F3E12}.AppStore|ARM.ActiveCfg = Release|Any CPU
		{02520D4A-C47F-4D27-95B0-7BCE1E7F3E12}.AppStore|iPhone.ActiveCfg = Release|Any CPU
		{02520D4A-C47F-4D27-95B0-7BCE1E7F3E12}.AppStore|iPhoneSimulator.ActiveCfg = Release|Any CPU
		{02520D4A-C47F-4D27-95B0-7BCE1E7F3E12}.AppStore|x64.ActiveCfg = Release|Any CPU
		{02520D4A-C47F-4D27-95B0-7BCE1E7F3E12}.AppStore|x86.ActiveCfg = Release|Any CPU
		{02520D4A-C47F-4D27-95B0-7BCE1E7F3E12}.Debug|Any CPU.ActiveCfg = Debug|Any CPU
		{02520D4A-C47F-4D27-95B0-7BCE1E7F3E12}.Debug|Any CPU.Build.0 = Debug|Any CPU
		{02520D4A-C47F-4D27-95B0-7BCE1E7F3E12}.Debug|ARM.ActiveCfg = Debug|Any CPU
		{02520D4A-C47F-4D27-95B0-7BCE1E7F3E12}.Debug|ARM.Build.0 = Debug|Any CPU
		{02520D4A-C47F-4D27-95B0-7BCE1E7F3E12}.Debug|iPhone.ActiveCfg = Debug|Any CPU
		{02520D4A-C47F-4D27-95B0-7BCE1E7F3E12}.Debug|iPhoneSimulator.ActiveCfg = Debug|Any CPU
		{02520D4A-C47F-4D27-95B0-7BCE1E7F3E12}.Debug|x64.ActiveCfg = Debug|Any CPU
		{02520D4A-C47F-4D27-95B0-7BCE1E7F3E12}.Debug|x64.Build.0 = Debug|Any CPU
		{02520D4A-C47F-4D27-95B0-7BCE1E7F3E12}.Debug|x86.ActiveCfg = Debug|Any CPU
		{02520D4A-C47F-4D27-95B0-7BCE1E7F3E12}.Debug|x86.Build.0 = Debug|Any CPU
		{02520D4A-C47F-4D27-95B0-7BCE1E7F3E12}.Release|Any CPU.ActiveCfg = Release|Any CPU
		{02520D4A-C47F-4D27-95B0-7BCE1E7F3E12}.Release|Any CPU.Build.0 = Release|Any CPU
		{02520D4A-C47F-4D27-95B0-7BCE1E7F3E12}.Release|ARM.ActiveCfg = Release|Any CPU
		{02520D4A-C47F-4D27-95B0-7BCE1E7F3E12}.Release|ARM.Build.0 = Release|Any CPU
		{02520D4A-C47F-4D27-95B0-7BCE1E7F3E12}.Release|iPhone.ActiveCfg = Release|Any CPU
		{02520D4A-C47F-4D27-95B0-7BCE1E7F3E12}.Release|iPhoneSimulator.ActiveCfg = Release|Any CPU
		{02520D4A-C47F-4D27-95B0-7BCE1E7F3E12}.Release|x64.ActiveCfg = Release|Any CPU
		{02520D4A-C47F-4D27-95B0-7BCE1E7F3E12}.Release|x64.Build.0 = Release|Any CPU
		{02520D4A-C47F-4D27-95B0-7BCE1E7F3E12}.Release|x86.ActiveCfg = Release|Any CPU
		{02520D4A-C47F-4D27-95B0-7BCE1E7F3E12}.Release|x86.Build.0 = Release|Any CPU
		{02520D4A-C47F-4D27-95B0-7BCE1E7F3E12}.UpdateTest|Any CPU.ActiveCfg = Release|Any CPU
		{02520D4A-C47F-4D27-95B0-7BCE1E7F3E12}.UpdateTest|Any CPU.Build.0 = Release|Any CPU
		{02520D4A-C47F-4D27-95B0-7BCE1E7F3E12}.UpdateTest|ARM.ActiveCfg = Release|Any CPU
		{02520D4A-C47F-4D27-95B0-7BCE1E7F3E12}.UpdateTest|ARM.Build.0 = Release|Any CPU
		{02520D4A-C47F-4D27-95B0-7BCE1E7F3E12}.UpdateTest|iPhone.ActiveCfg = Release|Any CPU
		{02520D4A-C47F-4D27-95B0-7BCE1E7F3E12}.UpdateTest|iPhoneSimulator.ActiveCfg = Release|Any CPU
		{02520D4A-C47F-4D27-95B0-7BCE1E7F3E12}.UpdateTest|x64.ActiveCfg = Release|Any CPU
		{02520D4A-C47F-4D27-95B0-7BCE1E7F3E12}.UpdateTest|x64.Build.0 = Release|Any CPU
		{02520D4A-C47F-4D27-95B0-7BCE1E7F3E12}.UpdateTest|x86.ActiveCfg = Release|Any CPU
		{02520D4A-C47F-4D27-95B0-7BCE1E7F3E12}.UpdateTest|x86.Build.0 = Release|Any CPU
		{E66999C0-42ED-476D-8F6E-F9752612FD71}.Ad-Hoc|Any CPU.ActiveCfg = Release|Any CPU
		{E66999C0-42ED-476D-8F6E-F9752612FD71}.Ad-Hoc|ARM.ActiveCfg = Release|Any CPU
		{E66999C0-42ED-476D-8F6E-F9752612FD71}.Ad-Hoc|iPhone.ActiveCfg = Release|Any CPU
		{E66999C0-42ED-476D-8F6E-F9752612FD71}.Ad-Hoc|iPhoneSimulator.ActiveCfg = Release|Any CPU
		{E66999C0-42ED-476D-8F6E-F9752612FD71}.Ad-Hoc|x64.ActiveCfg = Release|Any CPU
		{E66999C0-42ED-476D-8F6E-F9752612FD71}.Ad-Hoc|x86.ActiveCfg = Release|Any CPU
		{E66999C0-42ED-476D-8F6E-F9752612FD71}.AppStore|Any CPU.ActiveCfg = Release|Any CPU
		{E66999C0-42ED-476D-8F6E-F9752612FD71}.AppStore|ARM.ActiveCfg = Release|Any CPU
		{E66999C0-42ED-476D-8F6E-F9752612FD71}.AppStore|iPhone.ActiveCfg = Release|Any CPU
		{E66999C0-42ED-476D-8F6E-F9752612FD71}.AppStore|iPhoneSimulator.ActiveCfg = Release|Any CPU
		{E66999C0-42ED-476D-8F6E-F9752612FD71}.AppStore|x64.ActiveCfg = Release|Any CPU
		{E66999C0-42ED-476D-8F6E-F9752612FD71}.AppStore|x86.ActiveCfg = Release|Any CPU
		{E66999C0-42ED-476D-8F6E-F9752612FD71}.Debug|Any CPU.ActiveCfg = Debug|Any CPU
		{E66999C0-42ED-476D-8F6E-F9752612FD71}.Debug|Any CPU.Build.0 = Debug|Any CPU
		{E66999C0-42ED-476D-8F6E-F9752612FD71}.Debug|ARM.ActiveCfg = Debug|Any CPU
		{E66999C0-42ED-476D-8F6E-F9752612FD71}.Debug|ARM.Build.0 = Debug|Any CPU
		{E66999C0-42ED-476D-8F6E-F9752612FD71}.Debug|iPhone.ActiveCfg = Debug|Any CPU
		{E66999C0-42ED-476D-8F6E-F9752612FD71}.Debug|iPhoneSimulator.ActiveCfg = Debug|Any CPU
		{E66999C0-42ED-476D-8F6E-F9752612FD71}.Debug|x64.ActiveCfg = Debug|Any CPU
		{E66999C0-42ED-476D-8F6E-F9752612FD71}.Debug|x64.Build.0 = Debug|Any CPU
		{E66999C0-42ED-476D-8F6E-F9752612FD71}.Debug|x86.ActiveCfg = Debug|Any CPU
		{E66999C0-42ED-476D-8F6E-F9752612FD71}.Debug|x86.Build.0 = Debug|Any CPU
		{E66999C0-42ED-476D-8F6E-F9752612FD71}.Release|Any CPU.ActiveCfg = Release|Any CPU
		{E66999C0-42ED-476D-8F6E-F9752612FD71}.Release|Any CPU.Build.0 = Release|Any CPU
		{E66999C0-42ED-476D-8F6E-F9752612FD71}.Release|ARM.ActiveCfg = Release|Any CPU
		{E66999C0-42ED-476D-8F6E-F9752612FD71}.Release|ARM.Build.0 = Release|Any CPU
		{E66999C0-42ED-476D-8F6E-F9752612FD71}.Release|iPhone.ActiveCfg = Release|Any CPU
		{E66999C0-42ED-476D-8F6E-F9752612FD71}.Release|iPhoneSimulator.ActiveCfg = Release|Any CPU
		{E66999C0-42ED-476D-8F6E-F9752612FD71}.Release|x64.ActiveCfg = Release|Any CPU
		{E66999C0-42ED-476D-8F6E-F9752612FD71}.Release|x64.Build.0 = Release|Any CPU
		{E66999C0-42ED-476D-8F6E-F9752612FD71}.Release|x86.ActiveCfg = Release|Any CPU
		{E66999C0-42ED-476D-8F6E-F9752612FD71}.Release|x86.Build.0 = Release|Any CPU
		{E66999C0-42ED-476D-8F6E-F9752612FD71}.UpdateTest|Any CPU.ActiveCfg = Release|Any CPU
		{E66999C0-42ED-476D-8F6E-F9752612FD71}.UpdateTest|Any CPU.Build.0 = Release|Any CPU
		{E66999C0-42ED-476D-8F6E-F9752612FD71}.UpdateTest|ARM.ActiveCfg = Release|Any CPU
		{E66999C0-42ED-476D-8F6E-F9752612FD71}.UpdateTest|ARM.Build.0 = Release|Any CPU
		{E66999C0-42ED-476D-8F6E-F9752612FD71}.UpdateTest|iPhone.ActiveCfg = Release|Any CPU
		{E66999C0-42ED-476D-8F6E-F9752612FD71}.UpdateTest|iPhoneSimulator.ActiveCfg = Release|Any CPU
		{E66999C0-42ED-476D-8F6E-F9752612FD71}.UpdateTest|x64.ActiveCfg = Release|Any CPU
		{E66999C0-42ED-476D-8F6E-F9752612FD71}.UpdateTest|x64.Build.0 = Release|Any CPU
		{E66999C0-42ED-476D-8F6E-F9752612FD71}.UpdateTest|x86.ActiveCfg = Release|Any CPU
		{E66999C0-42ED-476D-8F6E-F9752612FD71}.UpdateTest|x86.Build.0 = Release|Any CPU
		{7DD39827-7E49-4E1E-B357-16CD351A841E}.Ad-Hoc|Any CPU.ActiveCfg = Release|Any CPU
		{7DD39827-7E49-4E1E-B357-16CD351A841E}.Ad-Hoc|ARM.ActiveCfg = Release|Any CPU
		{7DD39827-7E49-4E1E-B357-16CD351A841E}.Ad-Hoc|iPhone.ActiveCfg = Release|Any CPU
		{7DD39827-7E49-4E1E-B357-16CD351A841E}.Ad-Hoc|iPhoneSimulator.ActiveCfg = Release|Any CPU
		{7DD39827-7E49-4E1E-B357-16CD351A841E}.Ad-Hoc|x64.ActiveCfg = Release|Any CPU
		{7DD39827-7E49-4E1E-B357-16CD351A841E}.Ad-Hoc|x86.ActiveCfg = Release|Any CPU
		{7DD39827-7E49-4E1E-B357-16CD351A841E}.AppStore|Any CPU.ActiveCfg = Release|Any CPU
		{7DD39827-7E49-4E1E-B357-16CD351A841E}.AppStore|ARM.ActiveCfg = Release|Any CPU
		{7DD39827-7E49-4E1E-B357-16CD351A841E}.AppStore|iPhone.ActiveCfg = Release|Any CPU
		{7DD39827-7E49-4E1E-B357-16CD351A841E}.AppStore|iPhoneSimulator.ActiveCfg = Release|Any CPU
		{7DD39827-7E49-4E1E-B357-16CD351A841E}.AppStore|x64.ActiveCfg = Release|Any CPU
		{7DD39827-7E49-4E1E-B357-16CD351A841E}.AppStore|x86.ActiveCfg = Release|Any CPU
		{7DD39827-7E49-4E1E-B357-16CD351A841E}.Debug|Any CPU.ActiveCfg = Debug|Any CPU
		{7DD39827-7E49-4E1E-B357-16CD351A841E}.Debug|Any CPU.Build.0 = Debug|Any CPU
		{7DD39827-7E49-4E1E-B357-16CD351A841E}.Debug|ARM.ActiveCfg = Debug|Any CPU
		{7DD39827-7E49-4E1E-B357-16CD351A841E}.Debug|ARM.Build.0 = Debug|Any CPU
		{7DD39827-7E49-4E1E-B357-16CD351A841E}.Debug|iPhone.ActiveCfg = Debug|Any CPU
		{7DD39827-7E49-4E1E-B357-16CD351A841E}.Debug|iPhoneSimulator.ActiveCfg = Debug|Any CPU
		{7DD39827-7E49-4E1E-B357-16CD351A841E}.Debug|x64.ActiveCfg = Debug|Any CPU
		{7DD39827-7E49-4E1E-B357-16CD351A841E}.Debug|x64.Build.0 = Debug|Any CPU
		{7DD39827-7E49-4E1E-B357-16CD351A841E}.Debug|x86.ActiveCfg = Debug|Any CPU
		{7DD39827-7E49-4E1E-B357-16CD351A841E}.Debug|x86.Build.0 = Debug|Any CPU
		{7DD39827-7E49-4E1E-B357-16CD351A841E}.Release|Any CPU.ActiveCfg = Release|Any CPU
		{7DD39827-7E49-4E1E-B357-16CD351A841E}.Release|Any CPU.Build.0 = Release|Any CPU
		{7DD39827-7E49-4E1E-B357-16CD351A841E}.Release|ARM.ActiveCfg = Release|Any CPU
		{7DD39827-7E49-4E1E-B357-16CD351A841E}.Release|ARM.Build.0 = Release|Any CPU
		{7DD39827-7E49-4E1E-B357-16CD351A841E}.Release|iPhone.ActiveCfg = Release|Any CPU
		{7DD39827-7E49-4E1E-B357-16CD351A841E}.Release|iPhoneSimulator.ActiveCfg = Release|Any CPU
		{7DD39827-7E49-4E1E-B357-16CD351A841E}.Release|x64.ActiveCfg = Release|Any CPU
		{7DD39827-7E49-4E1E-B357-16CD351A841E}.Release|x64.Build.0 = Release|Any CPU
		{7DD39827-7E49-4E1E-B357-16CD351A841E}.Release|x86.ActiveCfg = Release|Any CPU
		{7DD39827-7E49-4E1E-B357-16CD351A841E}.Release|x86.Build.0 = Release|Any CPU
		{7DD39827-7E49-4E1E-B357-16CD351A841E}.UpdateTest|Any CPU.ActiveCfg = Release|Any CPU
		{7DD39827-7E49-4E1E-B357-16CD351A841E}.UpdateTest|Any CPU.Build.0 = Release|Any CPU
		{7DD39827-7E49-4E1E-B357-16CD351A841E}.UpdateTest|ARM.ActiveCfg = Release|Any CPU
		{7DD39827-7E49-4E1E-B357-16CD351A841E}.UpdateTest|ARM.Build.0 = Release|Any CPU
		{7DD39827-7E49-4E1E-B357-16CD351A841E}.UpdateTest|iPhone.ActiveCfg = Release|Any CPU
		{7DD39827-7E49-4E1E-B357-16CD351A841E}.UpdateTest|iPhoneSimulator.ActiveCfg = Release|Any CPU
		{7DD39827-7E49-4E1E-B357-16CD351A841E}.UpdateTest|x64.ActiveCfg = Release|Any CPU
		{7DD39827-7E49-4E1E-B357-16CD351A841E}.UpdateTest|x64.Build.0 = Release|Any CPU
		{7DD39827-7E49-4E1E-B357-16CD351A841E}.UpdateTest|x86.ActiveCfg = Release|Any CPU
		{7DD39827-7E49-4E1E-B357-16CD351A841E}.UpdateTest|x86.Build.0 = Release|Any CPU
		{4EDC366E-26BE-4AEB-A487-1745850AD412}.Ad-Hoc|Any CPU.ActiveCfg = Release|Any CPU
		{4EDC366E-26BE-4AEB-A487-1745850AD412}.Ad-Hoc|ARM.ActiveCfg = Release|Any CPU
		{4EDC366E-26BE-4AEB-A487-1745850AD412}.Ad-Hoc|iPhone.ActiveCfg = Release|Any CPU
		{4EDC366E-26BE-4AEB-A487-1745850AD412}.Ad-Hoc|iPhoneSimulator.ActiveCfg = Release|Any CPU
		{4EDC366E-26BE-4AEB-A487-1745850AD412}.Ad-Hoc|x64.ActiveCfg = Release|Any CPU
		{4EDC366E-26BE-4AEB-A487-1745850AD412}.Ad-Hoc|x86.ActiveCfg = Release|Any CPU
		{4EDC366E-26BE-4AEB-A487-1745850AD412}.AppStore|Any CPU.ActiveCfg = Release|Any CPU
		{4EDC366E-26BE-4AEB-A487-1745850AD412}.AppStore|ARM.ActiveCfg = Release|Any CPU
		{4EDC366E-26BE-4AEB-A487-1745850AD412}.AppStore|iPhone.ActiveCfg = Release|Any CPU
		{4EDC366E-26BE-4AEB-A487-1745850AD412}.AppStore|iPhoneSimulator.ActiveCfg = Release|Any CPU
		{4EDC366E-26BE-4AEB-A487-1745850AD412}.AppStore|x64.ActiveCfg = Release|Any CPU
		{4EDC366E-26BE-4AEB-A487-1745850AD412}.AppStore|x86.ActiveCfg = Release|Any CPU
		{4EDC366E-26BE-4AEB-A487-1745850AD412}.Debug|Any CPU.ActiveCfg = Debug|Any CPU
		{4EDC366E-26BE-4AEB-A487-1745850AD412}.Debug|Any CPU.Build.0 = Debug|Any CPU
		{4EDC366E-26BE-4AEB-A487-1745850AD412}.Debug|Any CPU.Deploy.0 = Debug|Any CPU
		{4EDC366E-26BE-4AEB-A487-1745850AD412}.Debug|ARM.ActiveCfg = Debug|Any CPU
		{4EDC366E-26BE-4AEB-A487-1745850AD412}.Debug|ARM.Build.0 = Debug|Any CPU
		{4EDC366E-26BE-4AEB-A487-1745850AD412}.Debug|ARM.Deploy.0 = Debug|Any CPU
		{4EDC366E-26BE-4AEB-A487-1745850AD412}.Debug|iPhone.ActiveCfg = Debug|Any CPU
		{4EDC366E-26BE-4AEB-A487-1745850AD412}.Debug|iPhoneSimulator.ActiveCfg = Debug|Any CPU
		{4EDC366E-26BE-4AEB-A487-1745850AD412}.Debug|x64.ActiveCfg = Debug|Any CPU
		{4EDC366E-26BE-4AEB-A487-1745850AD412}.Debug|x64.Build.0 = Debug|Any CPU
		{4EDC366E-26BE-4AEB-A487-1745850AD412}.Debug|x64.Deploy.0 = Debug|Any CPU
		{4EDC366E-26BE-4AEB-A487-1745850AD412}.Debug|x86.ActiveCfg = Debug|Any CPU
		{4EDC366E-26BE-4AEB-A487-1745850AD412}.Debug|x86.Build.0 = Debug|Any CPU
		{4EDC366E-26BE-4AEB-A487-1745850AD412}.Debug|x86.Deploy.0 = Debug|Any CPU
		{4EDC366E-26BE-4AEB-A487-1745850AD412}.Release|Any CPU.ActiveCfg = Release|Any CPU
		{4EDC366E-26BE-4AEB-A487-1745850AD412}.Release|Any CPU.Build.0 = Release|Any CPU
		{4EDC366E-26BE-4AEB-A487-1745850AD412}.Release|Any CPU.Deploy.0 = Release|Any CPU
		{4EDC366E-26BE-4AEB-A487-1745850AD412}.Release|ARM.ActiveCfg = Release|Any CPU
		{4EDC366E-26BE-4AEB-A487-1745850AD412}.Release|ARM.Build.0 = Release|Any CPU
		{4EDC366E-26BE-4AEB-A487-1745850AD412}.Release|ARM.Deploy.0 = Release|Any CPU
		{4EDC366E-26BE-4AEB-A487-1745850AD412}.Release|iPhone.ActiveCfg = Release|Any CPU
		{4EDC366E-26BE-4AEB-A487-1745850AD412}.Release|iPhoneSimulator.ActiveCfg = Release|Any CPU
		{4EDC366E-26BE-4AEB-A487-1745850AD412}.Release|x64.ActiveCfg = Release|Any CPU
		{4EDC366E-26BE-4AEB-A487-1745850AD412}.Release|x64.Build.0 = Release|Any CPU
		{4EDC366E-26BE-4AEB-A487-1745850AD412}.Release|x64.Deploy.0 = Release|Any CPU
		{4EDC366E-26BE-4AEB-A487-1745850AD412}.Release|x86.ActiveCfg = Release|Any CPU
		{4EDC366E-26BE-4AEB-A487-1745850AD412}.Release|x86.Build.0 = Release|Any CPU
		{4EDC366E-26BE-4AEB-A487-1745850AD412}.Release|x86.Deploy.0 = Release|Any CPU
		{4EDC366E-26BE-4AEB-A487-1745850AD412}.UpdateTest|Any CPU.ActiveCfg = Release|Any CPU
		{4EDC366E-26BE-4AEB-A487-1745850AD412}.UpdateTest|Any CPU.Build.0 = Release|Any CPU
		{4EDC366E-26BE-4AEB-A487-1745850AD412}.UpdateTest|Any CPU.Deploy.0 = Release|Any CPU
		{4EDC366E-26BE-4AEB-A487-1745850AD412}.UpdateTest|ARM.ActiveCfg = Release|Any CPU
		{4EDC366E-26BE-4AEB-A487-1745850AD412}.UpdateTest|ARM.Build.0 = Release|Any CPU
		{4EDC366E-26BE-4AEB-A487-1745850AD412}.UpdateTest|ARM.Deploy.0 = Release|Any CPU
		{4EDC366E-26BE-4AEB-A487-1745850AD412}.UpdateTest|iPhone.ActiveCfg = Release|Any CPU
		{4EDC366E-26BE-4AEB-A487-1745850AD412}.UpdateTest|iPhoneSimulator.ActiveCfg = Release|Any CPU
		{4EDC366E-26BE-4AEB-A487-1745850AD412}.UpdateTest|x64.ActiveCfg = Release|Any CPU
		{4EDC366E-26BE-4AEB-A487-1745850AD412}.UpdateTest|x64.Build.0 = Release|Any CPU
		{4EDC366E-26BE-4AEB-A487-1745850AD412}.UpdateTest|x64.Deploy.0 = Release|Any CPU
		{4EDC366E-26BE-4AEB-A487-1745850AD412}.UpdateTest|x86.ActiveCfg = Release|Any CPU
		{4EDC366E-26BE-4AEB-A487-1745850AD412}.UpdateTest|x86.Build.0 = Release|Any CPU
		{4EDC366E-26BE-4AEB-A487-1745850AD412}.UpdateTest|x86.Deploy.0 = Release|Any CPU
		{C21BC570-43DA-4CE5-BC06-9579756E0FB5}.Ad-Hoc|Any CPU.ActiveCfg = Release|Any CPU
		{C21BC570-43DA-4CE5-BC06-9579756E0FB5}.Ad-Hoc|Any CPU.Build.0 = Release|Any CPU
		{C21BC570-43DA-4CE5-BC06-9579756E0FB5}.Ad-Hoc|ARM.ActiveCfg = Release|Any CPU
		{C21BC570-43DA-4CE5-BC06-9579756E0FB5}.Ad-Hoc|ARM.Build.0 = Release|Any CPU
		{C21BC570-43DA-4CE5-BC06-9579756E0FB5}.Ad-Hoc|iPhone.ActiveCfg = Release|Any CPU
		{C21BC570-43DA-4CE5-BC06-9579756E0FB5}.Ad-Hoc|iPhone.Build.0 = Release|Any CPU
		{C21BC570-43DA-4CE5-BC06-9579756E0FB5}.Ad-Hoc|iPhoneSimulator.ActiveCfg = Release|Any CPU
		{C21BC570-43DA-4CE5-BC06-9579756E0FB5}.Ad-Hoc|iPhoneSimulator.Build.0 = Release|Any CPU
		{C21BC570-43DA-4CE5-BC06-9579756E0FB5}.Ad-Hoc|x64.ActiveCfg = Release|Any CPU
		{C21BC570-43DA-4CE5-BC06-9579756E0FB5}.Ad-Hoc|x64.Build.0 = Release|Any CPU
		{C21BC570-43DA-4CE5-BC06-9579756E0FB5}.Ad-Hoc|x86.ActiveCfg = Release|Any CPU
		{C21BC570-43DA-4CE5-BC06-9579756E0FB5}.Ad-Hoc|x86.Build.0 = Release|Any CPU
		{C21BC570-43DA-4CE5-BC06-9579756E0FB5}.AppStore|Any CPU.ActiveCfg = Release|Any CPU
		{C21BC570-43DA-4CE5-BC06-9579756E0FB5}.AppStore|Any CPU.Build.0 = Release|Any CPU
		{C21BC570-43DA-4CE5-BC06-9579756E0FB5}.AppStore|ARM.ActiveCfg = Release|Any CPU
		{C21BC570-43DA-4CE5-BC06-9579756E0FB5}.AppStore|ARM.Build.0 = Release|Any CPU
		{C21BC570-43DA-4CE5-BC06-9579756E0FB5}.AppStore|iPhone.ActiveCfg = Release|Any CPU
		{C21BC570-43DA-4CE5-BC06-9579756E0FB5}.AppStore|iPhone.Build.0 = Release|Any CPU
		{C21BC570-43DA-4CE5-BC06-9579756E0FB5}.AppStore|iPhoneSimulator.ActiveCfg = Release|Any CPU
		{C21BC570-43DA-4CE5-BC06-9579756E0FB5}.AppStore|iPhoneSimulator.Build.0 = Release|Any CPU
		{C21BC570-43DA-4CE5-BC06-9579756E0FB5}.AppStore|x64.ActiveCfg = Release|Any CPU
		{C21BC570-43DA-4CE5-BC06-9579756E0FB5}.AppStore|x64.Build.0 = Release|Any CPU
		{C21BC570-43DA-4CE5-BC06-9579756E0FB5}.AppStore|x86.ActiveCfg = Release|Any CPU
		{C21BC570-43DA-4CE5-BC06-9579756E0FB5}.AppStore|x86.Build.0 = Release|Any CPU
		{C21BC570-43DA-4CE5-BC06-9579756E0FB5}.Debug|Any CPU.ActiveCfg = Debug|Any CPU
		{C21BC570-43DA-4CE5-BC06-9579756E0FB5}.Debug|Any CPU.Build.0 = Debug|Any CPU
		{C21BC570-43DA-4CE5-BC06-9579756E0FB5}.Debug|ARM.ActiveCfg = Debug|Any CPU
		{C21BC570-43DA-4CE5-BC06-9579756E0FB5}.Debug|ARM.Build.0 = Debug|Any CPU
		{C21BC570-43DA-4CE5-BC06-9579756E0FB5}.Debug|iPhone.ActiveCfg = Debug|Any CPU
		{C21BC570-43DA-4CE5-BC06-9579756E0FB5}.Debug|iPhone.Build.0 = Debug|Any CPU
		{C21BC570-43DA-4CE5-BC06-9579756E0FB5}.Debug|iPhoneSimulator.ActiveCfg = Debug|Any CPU
		{C21BC570-43DA-4CE5-BC06-9579756E0FB5}.Debug|iPhoneSimulator.Build.0 = Debug|Any CPU
		{C21BC570-43DA-4CE5-BC06-9579756E0FB5}.Debug|x64.ActiveCfg = Debug|Any CPU
		{C21BC570-43DA-4CE5-BC06-9579756E0FB5}.Debug|x64.Build.0 = Debug|Any CPU
		{C21BC570-43DA-4CE5-BC06-9579756E0FB5}.Debug|x86.ActiveCfg = Debug|Any CPU
		{C21BC570-43DA-4CE5-BC06-9579756E0FB5}.Debug|x86.Build.0 = Debug|Any CPU
		{C21BC570-43DA-4CE5-BC06-9579756E0FB5}.Release|Any CPU.ActiveCfg = Release|Any CPU
		{C21BC570-43DA-4CE5-BC06-9579756E0FB5}.Release|Any CPU.Build.0 = Release|Any CPU
		{C21BC570-43DA-4CE5-BC06-9579756E0FB5}.Release|ARM.ActiveCfg = Release|Any CPU
		{C21BC570-43DA-4CE5-BC06-9579756E0FB5}.Release|ARM.Build.0 = Release|Any CPU
		{C21BC570-43DA-4CE5-BC06-9579756E0FB5}.Release|iPhone.ActiveCfg = Release|Any CPU
		{C21BC570-43DA-4CE5-BC06-9579756E0FB5}.Release|iPhone.Build.0 = Release|Any CPU
		{C21BC570-43DA-4CE5-BC06-9579756E0FB5}.Release|iPhoneSimulator.ActiveCfg = Release|Any CPU
		{C21BC570-43DA-4CE5-BC06-9579756E0FB5}.Release|iPhoneSimulator.Build.0 = Release|Any CPU
		{C21BC570-43DA-4CE5-BC06-9579756E0FB5}.Release|x64.ActiveCfg = Release|Any CPU
		{C21BC570-43DA-4CE5-BC06-9579756E0FB5}.Release|x64.Build.0 = Release|Any CPU
		{C21BC570-43DA-4CE5-BC06-9579756E0FB5}.Release|x86.ActiveCfg = Release|Any CPU
		{C21BC570-43DA-4CE5-BC06-9579756E0FB5}.Release|x86.Build.0 = Release|Any CPU
		{C21BC570-43DA-4CE5-BC06-9579756E0FB5}.UpdateTest|Any CPU.ActiveCfg = Release|Any CPU
		{C21BC570-43DA-4CE5-BC06-9579756E0FB5}.UpdateTest|Any CPU.Build.0 = Release|Any CPU
		{C21BC570-43DA-4CE5-BC06-9579756E0FB5}.UpdateTest|ARM.ActiveCfg = Release|Any CPU
		{C21BC570-43DA-4CE5-BC06-9579756E0FB5}.UpdateTest|ARM.Build.0 = Release|Any CPU
		{C21BC570-43DA-4CE5-BC06-9579756E0FB5}.UpdateTest|iPhone.ActiveCfg = Release|Any CPU
		{C21BC570-43DA-4CE5-BC06-9579756E0FB5}.UpdateTest|iPhone.Build.0 = Release|Any CPU
		{C21BC570-43DA-4CE5-BC06-9579756E0FB5}.UpdateTest|iPhoneSimulator.ActiveCfg = Release|Any CPU
		{C21BC570-43DA-4CE5-BC06-9579756E0FB5}.UpdateTest|iPhoneSimulator.Build.0 = Release|Any CPU
		{C21BC570-43DA-4CE5-BC06-9579756E0FB5}.UpdateTest|x64.ActiveCfg = Release|Any CPU
		{C21BC570-43DA-4CE5-BC06-9579756E0FB5}.UpdateTest|x64.Build.0 = Release|Any CPU
		{C21BC570-43DA-4CE5-BC06-9579756E0FB5}.UpdateTest|x86.ActiveCfg = Release|Any CPU
		{C21BC570-43DA-4CE5-BC06-9579756E0FB5}.UpdateTest|x86.Build.0 = Release|Any CPU
		{F75E7934-83F0-41A5-B03F-2DEABF4C3808}.Ad-Hoc|Any CPU.ActiveCfg = Release|Any CPU
		{F75E7934-83F0-41A5-B03F-2DEABF4C3808}.Ad-Hoc|Any CPU.Build.0 = Release|Any CPU
		{F75E7934-83F0-41A5-B03F-2DEABF4C3808}.Ad-Hoc|ARM.ActiveCfg = Release|Any CPU
		{F75E7934-83F0-41A5-B03F-2DEABF4C3808}.Ad-Hoc|ARM.Build.0 = Release|Any CPU
		{F75E7934-83F0-41A5-B03F-2DEABF4C3808}.Ad-Hoc|iPhone.ActiveCfg = Release|Any CPU
		{F75E7934-83F0-41A5-B03F-2DEABF4C3808}.Ad-Hoc|iPhone.Build.0 = Release|Any CPU
		{F75E7934-83F0-41A5-B03F-2DEABF4C3808}.Ad-Hoc|iPhoneSimulator.ActiveCfg = Release|Any CPU
		{F75E7934-83F0-41A5-B03F-2DEABF4C3808}.Ad-Hoc|iPhoneSimulator.Build.0 = Release|Any CPU
		{F75E7934-83F0-41A5-B03F-2DEABF4C3808}.Ad-Hoc|x64.ActiveCfg = Release|Any CPU
		{F75E7934-83F0-41A5-B03F-2DEABF4C3808}.Ad-Hoc|x64.Build.0 = Release|Any CPU
		{F75E7934-83F0-41A5-B03F-2DEABF4C3808}.Ad-Hoc|x86.ActiveCfg = Release|Any CPU
		{F75E7934-83F0-41A5-B03F-2DEABF4C3808}.Ad-Hoc|x86.Build.0 = Release|Any CPU
		{F75E7934-83F0-41A5-B03F-2DEABF4C3808}.AppStore|Any CPU.ActiveCfg = Release|Any CPU
		{F75E7934-83F0-41A5-B03F-2DEABF4C3808}.AppStore|Any CPU.Build.0 = Release|Any CPU
		{F75E7934-83F0-41A5-B03F-2DEABF4C3808}.AppStore|ARM.ActiveCfg = Release|Any CPU
		{F75E7934-83F0-41A5-B03F-2DEABF4C3808}.AppStore|ARM.Build.0 = Release|Any CPU
		{F75E7934-83F0-41A5-B03F-2DEABF4C3808}.AppStore|iPhone.ActiveCfg = Release|Any CPU
		{F75E7934-83F0-41A5-B03F-2DEABF4C3808}.AppStore|iPhone.Build.0 = Release|Any CPU
		{F75E7934-83F0-41A5-B03F-2DEABF4C3808}.AppStore|iPhoneSimulator.ActiveCfg = Release|Any CPU
		{F75E7934-83F0-41A5-B03F-2DEABF4C3808}.AppStore|iPhoneSimulator.Build.0 = Release|Any CPU
		{F75E7934-83F0-41A5-B03F-2DEABF4C3808}.AppStore|x64.ActiveCfg = Release|Any CPU
		{F75E7934-83F0-41A5-B03F-2DEABF4C3808}.AppStore|x64.Build.0 = Release|Any CPU
		{F75E7934-83F0-41A5-B03F-2DEABF4C3808}.AppStore|x86.ActiveCfg = Release|Any CPU
		{F75E7934-83F0-41A5-B03F-2DEABF4C3808}.AppStore|x86.Build.0 = Release|Any CPU
		{F75E7934-83F0-41A5-B03F-2DEABF4C3808}.Debug|Any CPU.ActiveCfg = Debug|Any CPU
		{F75E7934-83F0-41A5-B03F-2DEABF4C3808}.Debug|Any CPU.Build.0 = Debug|Any CPU
		{F75E7934-83F0-41A5-B03F-2DEABF4C3808}.Debug|ARM.ActiveCfg = Debug|Any CPU
		{F75E7934-83F0-41A5-B03F-2DEABF4C3808}.Debug|ARM.Build.0 = Debug|Any CPU
		{F75E7934-83F0-41A5-B03F-2DEABF4C3808}.Debug|iPhone.ActiveCfg = Debug|Any CPU
		{F75E7934-83F0-41A5-B03F-2DEABF4C3808}.Debug|iPhone.Build.0 = Debug|Any CPU
		{F75E7934-83F0-41A5-B03F-2DEABF4C3808}.Debug|iPhoneSimulator.ActiveCfg = Debug|Any CPU
		{F75E7934-83F0-41A5-B03F-2DEABF4C3808}.Debug|iPhoneSimulator.Build.0 = Debug|Any CPU
		{F75E7934-83F0-41A5-B03F-2DEABF4C3808}.Debug|x64.ActiveCfg = Debug|Any CPU
		{F75E7934-83F0-41A5-B03F-2DEABF4C3808}.Debug|x64.Build.0 = Debug|Any CPU
		{F75E7934-83F0-41A5-B03F-2DEABF4C3808}.Debug|x86.ActiveCfg = Debug|Any CPU
		{F75E7934-83F0-41A5-B03F-2DEABF4C3808}.Debug|x86.Build.0 = Debug|Any CPU
		{F75E7934-83F0-41A5-B03F-2DEABF4C3808}.Release|Any CPU.ActiveCfg = Release|Any CPU
		{F75E7934-83F0-41A5-B03F-2DEABF4C3808}.Release|Any CPU.Build.0 = Release|Any CPU
		{F75E7934-83F0-41A5-B03F-2DEABF4C3808}.Release|ARM.ActiveCfg = Release|Any CPU
		{F75E7934-83F0-41A5-B03F-2DEABF4C3808}.Release|ARM.Build.0 = Release|Any CPU
		{F75E7934-83F0-41A5-B03F-2DEABF4C3808}.Release|iPhone.ActiveCfg = Release|Any CPU
		{F75E7934-83F0-41A5-B03F-2DEABF4C3808}.Release|iPhone.Build.0 = Release|Any CPU
		{F75E7934-83F0-41A5-B03F-2DEABF4C3808}.Release|iPhoneSimulator.ActiveCfg = Release|Any CPU
		{F75E7934-83F0-41A5-B03F-2DEABF4C3808}.Release|iPhoneSimulator.Build.0 = Release|Any CPU
		{F75E7934-83F0-41A5-B03F-2DEABF4C3808}.Release|x64.ActiveCfg = Release|Any CPU
		{F75E7934-83F0-41A5-B03F-2DEABF4C3808}.Release|x64.Build.0 = Release|Any CPU
		{F75E7934-83F0-41A5-B03F-2DEABF4C3808}.Release|x86.ActiveCfg = Release|Any CPU
		{F75E7934-83F0-41A5-B03F-2DEABF4C3808}.Release|x86.Build.0 = Release|Any CPU
		{F75E7934-83F0-41A5-B03F-2DEABF4C3808}.UpdateTest|Any CPU.ActiveCfg = Release|Any CPU
		{F75E7934-83F0-41A5-B03F-2DEABF4C3808}.UpdateTest|Any CPU.Build.0 = Release|Any CPU
		{F75E7934-83F0-41A5-B03F-2DEABF4C3808}.UpdateTest|ARM.ActiveCfg = Release|Any CPU
		{F75E7934-83F0-41A5-B03F-2DEABF4C3808}.UpdateTest|ARM.Build.0 = Release|Any CPU
		{F75E7934-83F0-41A5-B03F-2DEABF4C3808}.UpdateTest|iPhone.ActiveCfg = Release|Any CPU
		{F75E7934-83F0-41A5-B03F-2DEABF4C3808}.UpdateTest|iPhone.Build.0 = Release|Any CPU
		{F75E7934-83F0-41A5-B03F-2DEABF4C3808}.UpdateTest|iPhoneSimulator.ActiveCfg = Release|Any CPU
		{F75E7934-83F0-41A5-B03F-2DEABF4C3808}.UpdateTest|iPhoneSimulator.Build.0 = Release|Any CPU
		{F75E7934-83F0-41A5-B03F-2DEABF4C3808}.UpdateTest|x64.ActiveCfg = Release|Any CPU
		{F75E7934-83F0-41A5-B03F-2DEABF4C3808}.UpdateTest|x64.Build.0 = Release|Any CPU
		{F75E7934-83F0-41A5-B03F-2DEABF4C3808}.UpdateTest|x86.ActiveCfg = Release|Any CPU
		{F75E7934-83F0-41A5-B03F-2DEABF4C3808}.UpdateTest|x86.Build.0 = Release|Any CPU
		{7F7894BE-C480-4C90-8E50-3588B37DDDC9}.Ad-Hoc|Any CPU.ActiveCfg = Ad-Hoc|iPhone
		{7F7894BE-C480-4C90-8E50-3588B37DDDC9}.Ad-Hoc|ARM.ActiveCfg = Ad-Hoc|iPhone
		{7F7894BE-C480-4C90-8E50-3588B37DDDC9}.Ad-Hoc|iPhone.ActiveCfg = Ad-Hoc|iPhone
		{7F7894BE-C480-4C90-8E50-3588B37DDDC9}.Ad-Hoc|iPhone.Build.0 = Ad-Hoc|iPhone
		{7F7894BE-C480-4C90-8E50-3588B37DDDC9}.Ad-Hoc|iPhoneSimulator.ActiveCfg = Ad-Hoc|iPhoneSimulator
		{7F7894BE-C480-4C90-8E50-3588B37DDDC9}.Ad-Hoc|iPhoneSimulator.Build.0 = Ad-Hoc|iPhoneSimulator
		{7F7894BE-C480-4C90-8E50-3588B37DDDC9}.Ad-Hoc|x64.ActiveCfg = Ad-Hoc|iPhone
		{7F7894BE-C480-4C90-8E50-3588B37DDDC9}.Ad-Hoc|x86.ActiveCfg = Ad-Hoc|iPhone
		{7F7894BE-C480-4C90-8E50-3588B37DDDC9}.AppStore|Any CPU.ActiveCfg = AppStore|iPhone
		{7F7894BE-C480-4C90-8E50-3588B37DDDC9}.AppStore|ARM.ActiveCfg = AppStore|iPhone
		{7F7894BE-C480-4C90-8E50-3588B37DDDC9}.AppStore|iPhone.ActiveCfg = AppStore|iPhone
		{7F7894BE-C480-4C90-8E50-3588B37DDDC9}.AppStore|iPhone.Build.0 = AppStore|iPhone
		{7F7894BE-C480-4C90-8E50-3588B37DDDC9}.AppStore|iPhoneSimulator.ActiveCfg = AppStore|iPhoneSimulator
		{7F7894BE-C480-4C90-8E50-3588B37DDDC9}.AppStore|iPhoneSimulator.Build.0 = AppStore|iPhoneSimulator
		{7F7894BE-C480-4C90-8E50-3588B37DDDC9}.AppStore|x64.ActiveCfg = AppStore|iPhone
		{7F7894BE-C480-4C90-8E50-3588B37DDDC9}.AppStore|x86.ActiveCfg = AppStore|iPhone
		{7F7894BE-C480-4C90-8E50-3588B37DDDC9}.Debug|Any CPU.ActiveCfg = Debug|iPhone
		{7F7894BE-C480-4C90-8E50-3588B37DDDC9}.Debug|ARM.ActiveCfg = Debug|iPhone
		{7F7894BE-C480-4C90-8E50-3588B37DDDC9}.Debug|iPhone.ActiveCfg = Debug|iPhone
		{7F7894BE-C480-4C90-8E50-3588B37DDDC9}.Debug|iPhone.Build.0 = Debug|iPhone
		{7F7894BE-C480-4C90-8E50-3588B37DDDC9}.Debug|iPhoneSimulator.ActiveCfg = Debug|iPhoneSimulator
		{7F7894BE-C480-4C90-8E50-3588B37DDDC9}.Debug|iPhoneSimulator.Build.0 = Debug|iPhoneSimulator
		{7F7894BE-C480-4C90-8E50-3588B37DDDC9}.Debug|x64.ActiveCfg = Debug|iPhone
		{7F7894BE-C480-4C90-8E50-3588B37DDDC9}.Debug|x86.ActiveCfg = Debug|iPhone
		{7F7894BE-C480-4C90-8E50-3588B37DDDC9}.Release|Any CPU.ActiveCfg = Release|iPhone
		{7F7894BE-C480-4C90-8E50-3588B37DDDC9}.Release|ARM.ActiveCfg = Release|iPhone
		{7F7894BE-C480-4C90-8E50-3588B37DDDC9}.Release|iPhone.ActiveCfg = Release|iPhone
		{7F7894BE-C480-4C90-8E50-3588B37DDDC9}.Release|iPhone.Build.0 = Release|iPhone
		{7F7894BE-C480-4C90-8E50-3588B37DDDC9}.Release|iPhoneSimulator.ActiveCfg = Release|iPhoneSimulator
		{7F7894BE-C480-4C90-8E50-3588B37DDDC9}.Release|iPhoneSimulator.Build.0 = Release|iPhoneSimulator
		{7F7894BE-C480-4C90-8E50-3588B37DDDC9}.Release|x64.ActiveCfg = Release|iPhone
		{7F7894BE-C480-4C90-8E50-3588B37DDDC9}.Release|x86.ActiveCfg = Release|iPhone
		{7F7894BE-C480-4C90-8E50-3588B37DDDC9}.UpdateTest|Any CPU.ActiveCfg = AppStore|iPhone
		{7F7894BE-C480-4C90-8E50-3588B37DDDC9}.UpdateTest|Any CPU.Build.0 = AppStore|iPhone
		{7F7894BE-C480-4C90-8E50-3588B37DDDC9}.UpdateTest|ARM.ActiveCfg = AppStore|iPhone
		{7F7894BE-C480-4C90-8E50-3588B37DDDC9}.UpdateTest|ARM.Build.0 = AppStore|iPhone
		{7F7894BE-C480-4C90-8E50-3588B37DDDC9}.UpdateTest|iPhone.ActiveCfg = AppStore|iPhone
		{7F7894BE-C480-4C90-8E50-3588B37DDDC9}.UpdateTest|iPhone.Build.0 = AppStore|iPhone
		{7F7894BE-C480-4C90-8E50-3588B37DDDC9}.UpdateTest|iPhoneSimulator.ActiveCfg = AppStore|iPhoneSimulator
		{7F7894BE-C480-4C90-8E50-3588B37DDDC9}.UpdateTest|iPhoneSimulator.Build.0 = AppStore|iPhoneSimulator
		{7F7894BE-C480-4C90-8E50-3588B37DDDC9}.UpdateTest|x64.ActiveCfg = AppStore|iPhone
		{7F7894BE-C480-4C90-8E50-3588B37DDDC9}.UpdateTest|x64.Build.0 = AppStore|iPhone
		{7F7894BE-C480-4C90-8E50-3588B37DDDC9}.UpdateTest|x86.ActiveCfg = AppStore|iPhone
		{7F7894BE-C480-4C90-8E50-3588B37DDDC9}.UpdateTest|x86.Build.0 = AppStore|iPhone
		{1BB634D7-AC8E-4B9A-B11F-DD67DE2F6183}.Ad-Hoc|Any CPU.ActiveCfg = Debug|Any CPU
		{1BB634D7-AC8E-4B9A-B11F-DD67DE2F6183}.Ad-Hoc|Any CPU.Build.0 = Debug|Any CPU
		{1BB634D7-AC8E-4B9A-B11F-DD67DE2F6183}.Ad-Hoc|ARM.ActiveCfg = Debug|Any CPU
		{1BB634D7-AC8E-4B9A-B11F-DD67DE2F6183}.Ad-Hoc|ARM.Build.0 = Debug|Any CPU
		{1BB634D7-AC8E-4B9A-B11F-DD67DE2F6183}.Ad-Hoc|iPhone.ActiveCfg = Debug|Any CPU
		{1BB634D7-AC8E-4B9A-B11F-DD67DE2F6183}.Ad-Hoc|iPhone.Build.0 = Debug|Any CPU
		{1BB634D7-AC8E-4B9A-B11F-DD67DE2F6183}.Ad-Hoc|iPhoneSimulator.ActiveCfg = Debug|Any CPU
		{1BB634D7-AC8E-4B9A-B11F-DD67DE2F6183}.Ad-Hoc|iPhoneSimulator.Build.0 = Debug|Any CPU
		{1BB634D7-AC8E-4B9A-B11F-DD67DE2F6183}.Ad-Hoc|x64.ActiveCfg = Release|x64
		{1BB634D7-AC8E-4B9A-B11F-DD67DE2F6183}.Ad-Hoc|x64.Build.0 = Release|x64
		{1BB634D7-AC8E-4B9A-B11F-DD67DE2F6183}.Ad-Hoc|x86.ActiveCfg = Release|x86
		{1BB634D7-AC8E-4B9A-B11F-DD67DE2F6183}.Ad-Hoc|x86.Build.0 = Release|x86
		{1BB634D7-AC8E-4B9A-B11F-DD67DE2F6183}.AppStore|Any CPU.ActiveCfg = Debug|Any CPU
		{1BB634D7-AC8E-4B9A-B11F-DD67DE2F6183}.AppStore|Any CPU.Build.0 = Debug|Any CPU
		{1BB634D7-AC8E-4B9A-B11F-DD67DE2F6183}.AppStore|ARM.ActiveCfg = Debug|Any CPU
		{1BB634D7-AC8E-4B9A-B11F-DD67DE2F6183}.AppStore|ARM.Build.0 = Debug|Any CPU
		{1BB634D7-AC8E-4B9A-B11F-DD67DE2F6183}.AppStore|iPhone.ActiveCfg = Debug|Any CPU
		{1BB634D7-AC8E-4B9A-B11F-DD67DE2F6183}.AppStore|iPhone.Build.0 = Debug|Any CPU
		{1BB634D7-AC8E-4B9A-B11F-DD67DE2F6183}.AppStore|iPhoneSimulator.ActiveCfg = Debug|Any CPU
		{1BB634D7-AC8E-4B9A-B11F-DD67DE2F6183}.AppStore|iPhoneSimulator.Build.0 = Debug|Any CPU
		{1BB634D7-AC8E-4B9A-B11F-DD67DE2F6183}.AppStore|x64.ActiveCfg = Release|x64
		{1BB634D7-AC8E-4B9A-B11F-DD67DE2F6183}.AppStore|x64.Build.0 = Release|x64
		{1BB634D7-AC8E-4B9A-B11F-DD67DE2F6183}.AppStore|x86.ActiveCfg = Release|x86
		{1BB634D7-AC8E-4B9A-B11F-DD67DE2F6183}.AppStore|x86.Build.0 = Release|x86
		{1BB634D7-AC8E-4B9A-B11F-DD67DE2F6183}.Debug|Any CPU.ActiveCfg = Debug|Any CPU
		{1BB634D7-AC8E-4B9A-B11F-DD67DE2F6183}.Debug|Any CPU.Build.0 = Debug|Any CPU
		{1BB634D7-AC8E-4B9A-B11F-DD67DE2F6183}.Debug|ARM.ActiveCfg = Debug|Any CPU
		{1BB634D7-AC8E-4B9A-B11F-DD67DE2F6183}.Debug|ARM.Build.0 = Debug|Any CPU
		{1BB634D7-AC8E-4B9A-B11F-DD67DE2F6183}.Debug|iPhone.ActiveCfg = Debug|Any CPU
		{1BB634D7-AC8E-4B9A-B11F-DD67DE2F6183}.Debug|iPhone.Build.0 = Debug|Any CPU
		{1BB634D7-AC8E-4B9A-B11F-DD67DE2F6183}.Debug|iPhoneSimulator.ActiveCfg = Debug|Any CPU
		{1BB634D7-AC8E-4B9A-B11F-DD67DE2F6183}.Debug|iPhoneSimulator.Build.0 = Debug|Any CPU
		{1BB634D7-AC8E-4B9A-B11F-DD67DE2F6183}.Debug|x64.ActiveCfg = Debug|x64
		{1BB634D7-AC8E-4B9A-B11F-DD67DE2F6183}.Debug|x64.Build.0 = Debug|x64
		{1BB634D7-AC8E-4B9A-B11F-DD67DE2F6183}.Debug|x86.ActiveCfg = Debug|x86
		{1BB634D7-AC8E-4B9A-B11F-DD67DE2F6183}.Debug|x86.Build.0 = Debug|x86
		{1BB634D7-AC8E-4B9A-B11F-DD67DE2F6183}.Release|Any CPU.ActiveCfg = Release|Any CPU
		{1BB634D7-AC8E-4B9A-B11F-DD67DE2F6183}.Release|Any CPU.Build.0 = Release|Any CPU
		{1BB634D7-AC8E-4B9A-B11F-DD67DE2F6183}.Release|ARM.ActiveCfg = Release|Any CPU
		{1BB634D7-AC8E-4B9A-B11F-DD67DE2F6183}.Release|ARM.Build.0 = Release|Any CPU
		{1BB634D7-AC8E-4B9A-B11F-DD67DE2F6183}.Release|iPhone.ActiveCfg = Release|Any CPU
		{1BB634D7-AC8E-4B9A-B11F-DD67DE2F6183}.Release|iPhone.Build.0 = Release|Any CPU
		{1BB634D7-AC8E-4B9A-B11F-DD67DE2F6183}.Release|iPhoneSimulator.ActiveCfg = Release|Any CPU
		{1BB634D7-AC8E-4B9A-B11F-DD67DE2F6183}.Release|iPhoneSimulator.Build.0 = Release|Any CPU
		{1BB634D7-AC8E-4B9A-B11F-DD67DE2F6183}.Release|x64.ActiveCfg = Release|x64
		{1BB634D7-AC8E-4B9A-B11F-DD67DE2F6183}.Release|x64.Build.0 = Release|x64
		{1BB634D7-AC8E-4B9A-B11F-DD67DE2F6183}.Release|x86.ActiveCfg = Release|x86
		{1BB634D7-AC8E-4B9A-B11F-DD67DE2F6183}.Release|x86.Build.0 = Release|x86
		{1BB634D7-AC8E-4B9A-B11F-DD67DE2F6183}.UpdateTest|Any CPU.ActiveCfg = Debug|Any CPU
		{1BB634D7-AC8E-4B9A-B11F-DD67DE2F6183}.UpdateTest|Any CPU.Build.0 = Debug|Any CPU
		{1BB634D7-AC8E-4B9A-B11F-DD67DE2F6183}.UpdateTest|ARM.ActiveCfg = Debug|Any CPU
		{1BB634D7-AC8E-4B9A-B11F-DD67DE2F6183}.UpdateTest|ARM.Build.0 = Debug|Any CPU
		{1BB634D7-AC8E-4B9A-B11F-DD67DE2F6183}.UpdateTest|iPhone.ActiveCfg = Debug|Any CPU
		{1BB634D7-AC8E-4B9A-B11F-DD67DE2F6183}.UpdateTest|iPhone.Build.0 = Debug|Any CPU
		{1BB634D7-AC8E-4B9A-B11F-DD67DE2F6183}.UpdateTest|iPhoneSimulator.ActiveCfg = Debug|Any CPU
		{1BB634D7-AC8E-4B9A-B11F-DD67DE2F6183}.UpdateTest|iPhoneSimulator.Build.0 = Debug|Any CPU
		{1BB634D7-AC8E-4B9A-B11F-DD67DE2F6183}.UpdateTest|x64.ActiveCfg = Release|x64
		{1BB634D7-AC8E-4B9A-B11F-DD67DE2F6183}.UpdateTest|x64.Build.0 = Release|x64
		{1BB634D7-AC8E-4B9A-B11F-DD67DE2F6183}.UpdateTest|x86.ActiveCfg = Release|x86
		{1BB634D7-AC8E-4B9A-B11F-DD67DE2F6183}.UpdateTest|x86.Build.0 = Release|x86
		{53D7AF95-9D09-4C52-B9D5-ACC0D229D6AE}.Ad-Hoc|Any CPU.ActiveCfg = Debug|Any CPU
		{53D7AF95-9D09-4C52-B9D5-ACC0D229D6AE}.Ad-Hoc|Any CPU.Build.0 = Debug|Any CPU
		{53D7AF95-9D09-4C52-B9D5-ACC0D229D6AE}.Ad-Hoc|ARM.ActiveCfg = Debug|Any CPU
		{53D7AF95-9D09-4C52-B9D5-ACC0D229D6AE}.Ad-Hoc|ARM.Build.0 = Debug|Any CPU
		{53D7AF95-9D09-4C52-B9D5-ACC0D229D6AE}.Ad-Hoc|iPhone.ActiveCfg = Debug|Any CPU
		{53D7AF95-9D09-4C52-B9D5-ACC0D229D6AE}.Ad-Hoc|iPhone.Build.0 = Debug|Any CPU
		{53D7AF95-9D09-4C52-B9D5-ACC0D229D6AE}.Ad-Hoc|iPhoneSimulator.ActiveCfg = Debug|Any CPU
		{53D7AF95-9D09-4C52-B9D5-ACC0D229D6AE}.Ad-Hoc|iPhoneSimulator.Build.0 = Debug|Any CPU
		{53D7AF95-9D09-4C52-B9D5-ACC0D229D6AE}.Ad-Hoc|x64.ActiveCfg = Debug|Any CPU
		{53D7AF95-9D09-4C52-B9D5-ACC0D229D6AE}.Ad-Hoc|x64.Build.0 = Debug|Any CPU
		{53D7AF95-9D09-4C52-B9D5-ACC0D229D6AE}.Ad-Hoc|x86.ActiveCfg = Debug|Any CPU
		{53D7AF95-9D09-4C52-B9D5-ACC0D229D6AE}.Ad-Hoc|x86.Build.0 = Debug|Any CPU
		{53D7AF95-9D09-4C52-B9D5-ACC0D229D6AE}.AppStore|Any CPU.ActiveCfg = Debug|Any CPU
		{53D7AF95-9D09-4C52-B9D5-ACC0D229D6AE}.AppStore|Any CPU.Build.0 = Debug|Any CPU
		{53D7AF95-9D09-4C52-B9D5-ACC0D229D6AE}.AppStore|ARM.ActiveCfg = Debug|Any CPU
		{53D7AF95-9D09-4C52-B9D5-ACC0D229D6AE}.AppStore|ARM.Build.0 = Debug|Any CPU
		{53D7AF95-9D09-4C52-B9D5-ACC0D229D6AE}.AppStore|iPhone.ActiveCfg = Debug|Any CPU
		{53D7AF95-9D09-4C52-B9D5-ACC0D229D6AE}.AppStore|iPhone.Build.0 = Debug|Any CPU
		{53D7AF95-9D09-4C52-B9D5-ACC0D229D6AE}.AppStore|iPhoneSimulator.ActiveCfg = Debug|Any CPU
		{53D7AF95-9D09-4C52-B9D5-ACC0D229D6AE}.AppStore|iPhoneSimulator.Build.0 = Debug|Any CPU
		{53D7AF95-9D09-4C52-B9D5-ACC0D229D6AE}.AppStore|x64.ActiveCfg = Debug|Any CPU
		{53D7AF95-9D09-4C52-B9D5-ACC0D229D6AE}.AppStore|x64.Build.0 = Debug|Any CPU
		{53D7AF95-9D09-4C52-B9D5-ACC0D229D6AE}.AppStore|x86.ActiveCfg = Debug|Any CPU
		{53D7AF95-9D09-4C52-B9D5-ACC0D229D6AE}.AppStore|x86.Build.0 = Debug|Any CPU
		{53D7AF95-9D09-4C52-B9D5-ACC0D229D6AE}.Debug|Any CPU.ActiveCfg = Debug|Any CPU
		{53D7AF95-9D09-4C52-B9D5-ACC0D229D6AE}.Debug|Any CPU.Build.0 = Debug|Any CPU
		{53D7AF95-9D09-4C52-B9D5-ACC0D229D6AE}.Debug|ARM.ActiveCfg = Debug|Any CPU
		{53D7AF95-9D09-4C52-B9D5-ACC0D229D6AE}.Debug|ARM.Build.0 = Debug|Any CPU
		{53D7AF95-9D09-4C52-B9D5-ACC0D229D6AE}.Debug|iPhone.ActiveCfg = Debug|Any CPU
		{53D7AF95-9D09-4C52-B9D5-ACC0D229D6AE}.Debug|iPhone.Build.0 = Debug|Any CPU
		{53D7AF95-9D09-4C52-B9D5-ACC0D229D6AE}.Debug|iPhoneSimulator.ActiveCfg = Debug|Any CPU
		{53D7AF95-9D09-4C52-B9D5-ACC0D229D6AE}.Debug|iPhoneSimulator.Build.0 = Debug|Any CPU
		{53D7AF95-9D09-4C52-B9D5-ACC0D229D6AE}.Debug|x64.ActiveCfg = Debug|Any CPU
		{53D7AF95-9D09-4C52-B9D5-ACC0D229D6AE}.Debug|x64.Build.0 = Debug|Any CPU
		{53D7AF95-9D09-4C52-B9D5-ACC0D229D6AE}.Debug|x86.ActiveCfg = Debug|Any CPU
		{53D7AF95-9D09-4C52-B9D5-ACC0D229D6AE}.Debug|x86.Build.0 = Debug|Any CPU
		{53D7AF95-9D09-4C52-B9D5-ACC0D229D6AE}.Release|Any CPU.ActiveCfg = Release|Any CPU
		{53D7AF95-9D09-4C52-B9D5-ACC0D229D6AE}.Release|Any CPU.Build.0 = Release|Any CPU
		{53D7AF95-9D09-4C52-B9D5-ACC0D229D6AE}.Release|ARM.ActiveCfg = Release|Any CPU
		{53D7AF95-9D09-4C52-B9D5-ACC0D229D6AE}.Release|ARM.Build.0 = Release|Any CPU
		{53D7AF95-9D09-4C52-B9D5-ACC0D229D6AE}.Release|iPhone.ActiveCfg = Release|Any CPU
		{53D7AF95-9D09-4C52-B9D5-ACC0D229D6AE}.Release|iPhone.Build.0 = Release|Any CPU
		{53D7AF95-9D09-4C52-B9D5-ACC0D229D6AE}.Release|iPhoneSimulator.ActiveCfg = Release|Any CPU
		{53D7AF95-9D09-4C52-B9D5-ACC0D229D6AE}.Release|iPhoneSimulator.Build.0 = Release|Any CPU
		{53D7AF95-9D09-4C52-B9D5-ACC0D229D6AE}.Release|x64.ActiveCfg = Release|Any CPU
		{53D7AF95-9D09-4C52-B9D5-ACC0D229D6AE}.Release|x64.Build.0 = Release|Any CPU
		{53D7AF95-9D09-4C52-B9D5-ACC0D229D6AE}.Release|x86.ActiveCfg = Release|Any CPU
		{53D7AF95-9D09-4C52-B9D5-ACC0D229D6AE}.Release|x86.Build.0 = Release|Any CPU
		{53D7AF95-9D09-4C52-B9D5-ACC0D229D6AE}.UpdateTest|Any CPU.ActiveCfg = Debug|Any CPU
		{53D7AF95-9D09-4C52-B9D5-ACC0D229D6AE}.UpdateTest|Any CPU.Build.0 = Debug|Any CPU
		{53D7AF95-9D09-4C52-B9D5-ACC0D229D6AE}.UpdateTest|ARM.ActiveCfg = Debug|Any CPU
		{53D7AF95-9D09-4C52-B9D5-ACC0D229D6AE}.UpdateTest|ARM.Build.0 = Debug|Any CPU
		{53D7AF95-9D09-4C52-B9D5-ACC0D229D6AE}.UpdateTest|iPhone.ActiveCfg = Debug|Any CPU
		{53D7AF95-9D09-4C52-B9D5-ACC0D229D6AE}.UpdateTest|iPhone.Build.0 = Debug|Any CPU
		{53D7AF95-9D09-4C52-B9D5-ACC0D229D6AE}.UpdateTest|iPhoneSimulator.ActiveCfg = Debug|Any CPU
		{53D7AF95-9D09-4C52-B9D5-ACC0D229D6AE}.UpdateTest|iPhoneSimulator.Build.0 = Debug|Any CPU
		{53D7AF95-9D09-4C52-B9D5-ACC0D229D6AE}.UpdateTest|x64.ActiveCfg = Debug|Any CPU
		{53D7AF95-9D09-4C52-B9D5-ACC0D229D6AE}.UpdateTest|x64.Build.0 = Debug|Any CPU
		{53D7AF95-9D09-4C52-B9D5-ACC0D229D6AE}.UpdateTest|x86.ActiveCfg = Debug|Any CPU
		{53D7AF95-9D09-4C52-B9D5-ACC0D229D6AE}.UpdateTest|x86.Build.0 = Debug|Any CPU
		{F34C3A5C-DD58-4E0F-A834-FF2709158EEF}.Ad-Hoc|Any CPU.ActiveCfg = Release|Any CPU
		{F34C3A5C-DD58-4E0F-A834-FF2709158EEF}.Ad-Hoc|Any CPU.Build.0 = Release|Any CPU
		{F34C3A5C-DD58-4E0F-A834-FF2709158EEF}.Ad-Hoc|ARM.ActiveCfg = Release|Any CPU
		{F34C3A5C-DD58-4E0F-A834-FF2709158EEF}.Ad-Hoc|ARM.Build.0 = Release|Any CPU
		{F34C3A5C-DD58-4E0F-A834-FF2709158EEF}.Ad-Hoc|iPhone.ActiveCfg = Release|Any CPU
		{F34C3A5C-DD58-4E0F-A834-FF2709158EEF}.Ad-Hoc|iPhone.Build.0 = Release|Any CPU
		{F34C3A5C-DD58-4E0F-A834-FF2709158EEF}.Ad-Hoc|iPhoneSimulator.ActiveCfg = Release|Any CPU
		{F34C3A5C-DD58-4E0F-A834-FF2709158EEF}.Ad-Hoc|iPhoneSimulator.Build.0 = Release|Any CPU
		{F34C3A5C-DD58-4E0F-A834-FF2709158EEF}.Ad-Hoc|x64.ActiveCfg = Release|Any CPU
		{F34C3A5C-DD58-4E0F-A834-FF2709158EEF}.Ad-Hoc|x64.Build.0 = Release|Any CPU
		{F34C3A5C-DD58-4E0F-A834-FF2709158EEF}.Ad-Hoc|x86.ActiveCfg = Release|Any CPU
		{F34C3A5C-DD58-4E0F-A834-FF2709158EEF}.Ad-Hoc|x86.Build.0 = Release|Any CPU
		{F34C3A5C-DD58-4E0F-A834-FF2709158EEF}.AppStore|Any CPU.ActiveCfg = Release|Any CPU
		{F34C3A5C-DD58-4E0F-A834-FF2709158EEF}.AppStore|Any CPU.Build.0 = Release|Any CPU
		{F34C3A5C-DD58-4E0F-A834-FF2709158EEF}.AppStore|ARM.ActiveCfg = Release|Any CPU
		{F34C3A5C-DD58-4E0F-A834-FF2709158EEF}.AppStore|ARM.Build.0 = Release|Any CPU
		{F34C3A5C-DD58-4E0F-A834-FF2709158EEF}.AppStore|iPhone.ActiveCfg = Release|Any CPU
		{F34C3A5C-DD58-4E0F-A834-FF2709158EEF}.AppStore|iPhone.Build.0 = Release|Any CPU
		{F34C3A5C-DD58-4E0F-A834-FF2709158EEF}.AppStore|iPhoneSimulator.ActiveCfg = Release|Any CPU
		{F34C3A5C-DD58-4E0F-A834-FF2709158EEF}.AppStore|iPhoneSimulator.Build.0 = Release|Any CPU
		{F34C3A5C-DD58-4E0F-A834-FF2709158EEF}.AppStore|x64.ActiveCfg = Release|Any CPU
		{F34C3A5C-DD58-4E0F-A834-FF2709158EEF}.AppStore|x64.Build.0 = Release|Any CPU
		{F34C3A5C-DD58-4E0F-A834-FF2709158EEF}.AppStore|x86.ActiveCfg = Release|Any CPU
		{F34C3A5C-DD58-4E0F-A834-FF2709158EEF}.AppStore|x86.Build.0 = Release|Any CPU
		{F34C3A5C-DD58-4E0F-A834-FF2709158EEF}.Debug|Any CPU.ActiveCfg = Debug|Any CPU
		{F34C3A5C-DD58-4E0F-A834-FF2709158EEF}.Debug|Any CPU.Build.0 = Debug|Any CPU
		{F34C3A5C-DD58-4E0F-A834-FF2709158EEF}.Debug|ARM.ActiveCfg = Debug|Any CPU
		{F34C3A5C-DD58-4E0F-A834-FF2709158EEF}.Debug|ARM.Build.0 = Debug|Any CPU
		{F34C3A5C-DD58-4E0F-A834-FF2709158EEF}.Debug|iPhone.ActiveCfg = Debug|Any CPU
		{F34C3A5C-DD58-4E0F-A834-FF2709158EEF}.Debug|iPhone.Build.0 = Debug|Any CPU
		{F34C3A5C-DD58-4E0F-A834-FF2709158EEF}.Debug|iPhoneSimulator.ActiveCfg = Debug|Any CPU
		{F34C3A5C-DD58-4E0F-A834-FF2709158EEF}.Debug|iPhoneSimulator.Build.0 = Debug|Any CPU
		{F34C3A5C-DD58-4E0F-A834-FF2709158EEF}.Debug|x64.ActiveCfg = Debug|Any CPU
		{F34C3A5C-DD58-4E0F-A834-FF2709158EEF}.Debug|x64.Build.0 = Debug|Any CPU
		{F34C3A5C-DD58-4E0F-A834-FF2709158EEF}.Debug|x86.ActiveCfg = Debug|Any CPU
		{F34C3A5C-DD58-4E0F-A834-FF2709158EEF}.Debug|x86.Build.0 = Debug|Any CPU
		{F34C3A5C-DD58-4E0F-A834-FF2709158EEF}.Release|Any CPU.ActiveCfg = Release|Any CPU
		{F34C3A5C-DD58-4E0F-A834-FF2709158EEF}.Release|Any CPU.Build.0 = Release|Any CPU
		{F34C3A5C-DD58-4E0F-A834-FF2709158EEF}.Release|ARM.ActiveCfg = Release|Any CPU
		{F34C3A5C-DD58-4E0F-A834-FF2709158EEF}.Release|ARM.Build.0 = Release|Any CPU
		{F34C3A5C-DD58-4E0F-A834-FF2709158EEF}.Release|iPhone.ActiveCfg = Release|Any CPU
		{F34C3A5C-DD58-4E0F-A834-FF2709158EEF}.Release|iPhone.Build.0 = Release|Any CPU
		{F34C3A5C-DD58-4E0F-A834-FF2709158EEF}.Release|iPhoneSimulator.ActiveCfg = Release|Any CPU
		{F34C3A5C-DD58-4E0F-A834-FF2709158EEF}.Release|iPhoneSimulator.Build.0 = Release|Any CPU
		{F34C3A5C-DD58-4E0F-A834-FF2709158EEF}.Release|x64.ActiveCfg = Release|Any CPU
		{F34C3A5C-DD58-4E0F-A834-FF2709158EEF}.Release|x64.Build.0 = Release|Any CPU
		{F34C3A5C-DD58-4E0F-A834-FF2709158EEF}.Release|x86.ActiveCfg = Release|Any CPU
		{F34C3A5C-DD58-4E0F-A834-FF2709158EEF}.Release|x86.Build.0 = Release|Any CPU
		{F34C3A5C-DD58-4E0F-A834-FF2709158EEF}.UpdateTest|Any CPU.ActiveCfg = Release|Any CPU
		{F34C3A5C-DD58-4E0F-A834-FF2709158EEF}.UpdateTest|Any CPU.Build.0 = Release|Any CPU
		{F34C3A5C-DD58-4E0F-A834-FF2709158EEF}.UpdateTest|ARM.ActiveCfg = Release|Any CPU
		{F34C3A5C-DD58-4E0F-A834-FF2709158EEF}.UpdateTest|ARM.Build.0 = Release|Any CPU
		{F34C3A5C-DD58-4E0F-A834-FF2709158EEF}.UpdateTest|iPhone.ActiveCfg = Release|Any CPU
		{F34C3A5C-DD58-4E0F-A834-FF2709158EEF}.UpdateTest|iPhone.Build.0 = Release|Any CPU
		{F34C3A5C-DD58-4E0F-A834-FF2709158EEF}.UpdateTest|iPhoneSimulator.ActiveCfg = Release|Any CPU
		{F34C3A5C-DD58-4E0F-A834-FF2709158EEF}.UpdateTest|iPhoneSimulator.Build.0 = Release|Any CPU
		{F34C3A5C-DD58-4E0F-A834-FF2709158EEF}.UpdateTest|x64.ActiveCfg = Release|Any CPU
		{F34C3A5C-DD58-4E0F-A834-FF2709158EEF}.UpdateTest|x64.Build.0 = Release|Any CPU
		{F34C3A5C-DD58-4E0F-A834-FF2709158EEF}.UpdateTest|x86.ActiveCfg = Release|Any CPU
		{F34C3A5C-DD58-4E0F-A834-FF2709158EEF}.UpdateTest|x86.Build.0 = Release|Any CPU
		{A7E412D4-DF80-48F3-B895-C76B6F39B0A8}.Ad-Hoc|Any CPU.ActiveCfg = Debug|Any CPU
		{A7E412D4-DF80-48F3-B895-C76B6F39B0A8}.Ad-Hoc|Any CPU.Build.0 = Debug|Any CPU
		{A7E412D4-DF80-48F3-B895-C76B6F39B0A8}.Ad-Hoc|ARM.ActiveCfg = Debug|Any CPU
		{A7E412D4-DF80-48F3-B895-C76B6F39B0A8}.Ad-Hoc|ARM.Build.0 = Debug|Any CPU
		{A7E412D4-DF80-48F3-B895-C76B6F39B0A8}.Ad-Hoc|iPhone.ActiveCfg = Debug|Any CPU
		{A7E412D4-DF80-48F3-B895-C76B6F39B0A8}.Ad-Hoc|iPhone.Build.0 = Debug|Any CPU
		{A7E412D4-DF80-48F3-B895-C76B6F39B0A8}.Ad-Hoc|iPhoneSimulator.ActiveCfg = Debug|Any CPU
		{A7E412D4-DF80-48F3-B895-C76B6F39B0A8}.Ad-Hoc|iPhoneSimulator.Build.0 = Debug|Any CPU
		{A7E412D4-DF80-48F3-B895-C76B6F39B0A8}.Ad-Hoc|x64.ActiveCfg = Debug|Any CPU
		{A7E412D4-DF80-48F3-B895-C76B6F39B0A8}.Ad-Hoc|x64.Build.0 = Debug|Any CPU
		{A7E412D4-DF80-48F3-B895-C76B6F39B0A8}.Ad-Hoc|x86.ActiveCfg = Debug|Any CPU
		{A7E412D4-DF80-48F3-B895-C76B6F39B0A8}.Ad-Hoc|x86.Build.0 = Debug|Any CPU
		{A7E412D4-DF80-48F3-B895-C76B6F39B0A8}.AppStore|Any CPU.ActiveCfg = Debug|Any CPU
		{A7E412D4-DF80-48F3-B895-C76B6F39B0A8}.AppStore|Any CPU.Build.0 = Debug|Any CPU
		{A7E412D4-DF80-48F3-B895-C76B6F39B0A8}.AppStore|ARM.ActiveCfg = Debug|Any CPU
		{A7E412D4-DF80-48F3-B895-C76B6F39B0A8}.AppStore|ARM.Build.0 = Debug|Any CPU
		{A7E412D4-DF80-48F3-B895-C76B6F39B0A8}.AppStore|iPhone.ActiveCfg = Debug|Any CPU
		{A7E412D4-DF80-48F3-B895-C76B6F39B0A8}.AppStore|iPhone.Build.0 = Debug|Any CPU
		{A7E412D4-DF80-48F3-B895-C76B6F39B0A8}.AppStore|iPhoneSimulator.ActiveCfg = Debug|Any CPU
		{A7E412D4-DF80-48F3-B895-C76B6F39B0A8}.AppStore|iPhoneSimulator.Build.0 = Debug|Any CPU
		{A7E412D4-DF80-48F3-B895-C76B6F39B0A8}.AppStore|x64.ActiveCfg = Debug|Any CPU
		{A7E412D4-DF80-48F3-B895-C76B6F39B0A8}.AppStore|x64.Build.0 = Debug|Any CPU
		{A7E412D4-DF80-48F3-B895-C76B6F39B0A8}.AppStore|x86.ActiveCfg = Debug|Any CPU
		{A7E412D4-DF80-48F3-B895-C76B6F39B0A8}.AppStore|x86.Build.0 = Debug|Any CPU
		{A7E412D4-DF80-48F3-B895-C76B6F39B0A8}.Debug|Any CPU.ActiveCfg = Debug|Any CPU
		{A7E412D4-DF80-48F3-B895-C76B6F39B0A8}.Debug|Any CPU.Build.0 = Debug|Any CPU
		{A7E412D4-DF80-48F3-B895-C76B6F39B0A8}.Debug|ARM.ActiveCfg = Debug|Any CPU
		{A7E412D4-DF80-48F3-B895-C76B6F39B0A8}.Debug|ARM.Build.0 = Debug|Any CPU
		{A7E412D4-DF80-48F3-B895-C76B6F39B0A8}.Debug|iPhone.ActiveCfg = Debug|Any CPU
		{A7E412D4-DF80-48F3-B895-C76B6F39B0A8}.Debug|iPhone.Build.0 = Debug|Any CPU
		{A7E412D4-DF80-48F3-B895-C76B6F39B0A8}.Debug|iPhoneSimulator.ActiveCfg = Debug|Any CPU
		{A7E412D4-DF80-48F3-B895-C76B6F39B0A8}.Debug|iPhoneSimulator.Build.0 = Debug|Any CPU
		{A7E412D4-DF80-48F3-B895-C76B6F39B0A8}.Debug|x64.ActiveCfg = Debug|Any CPU
		{A7E412D4-DF80-48F3-B895-C76B6F39B0A8}.Debug|x64.Build.0 = Debug|Any CPU
		{A7E412D4-DF80-48F3-B895-C76B6F39B0A8}.Debug|x86.ActiveCfg = Debug|Any CPU
		{A7E412D4-DF80-48F3-B895-C76B6F39B0A8}.Debug|x86.Build.0 = Debug|Any CPU
		{A7E412D4-DF80-48F3-B895-C76B6F39B0A8}.Release|Any CPU.ActiveCfg = Release|Any CPU
		{A7E412D4-DF80-48F3-B895-C76B6F39B0A8}.Release|Any CPU.Build.0 = Release|Any CPU
		{A7E412D4-DF80-48F3-B895-C76B6F39B0A8}.Release|ARM.ActiveCfg = Release|Any CPU
		{A7E412D4-DF80-48F3-B895-C76B6F39B0A8}.Release|ARM.Build.0 = Release|Any CPU
		{A7E412D4-DF80-48F3-B895-C76B6F39B0A8}.Release|iPhone.ActiveCfg = Release|Any CPU
		{A7E412D4-DF80-48F3-B895-C76B6F39B0A8}.Release|iPhone.Build.0 = Release|Any CPU
		{A7E412D4-DF80-48F3-B895-C76B6F39B0A8}.Release|iPhoneSimulator.ActiveCfg = Release|Any CPU
		{A7E412D4-DF80-48F3-B895-C76B6F39B0A8}.Release|iPhoneSimulator.Build.0 = Release|Any CPU
		{A7E412D4-DF80-48F3-B895-C76B6F39B0A8}.Release|x64.ActiveCfg = Release|Any CPU
		{A7E412D4-DF80-48F3-B895-C76B6F39B0A8}.Release|x64.Build.0 = Release|Any CPU
		{A7E412D4-DF80-48F3-B895-C76B6F39B0A8}.Release|x86.ActiveCfg = Release|Any CPU
		{A7E412D4-DF80-48F3-B895-C76B6F39B0A8}.Release|x86.Build.0 = Release|Any CPU
		{A7E412D4-DF80-48F3-B895-C76B6F39B0A8}.UpdateTest|Any CPU.ActiveCfg = Debug|Any CPU
		{A7E412D4-DF80-48F3-B895-C76B6F39B0A8}.UpdateTest|Any CPU.Build.0 = Debug|Any CPU
		{A7E412D4-DF80-48F3-B895-C76B6F39B0A8}.UpdateTest|ARM.ActiveCfg = Debug|Any CPU
		{A7E412D4-DF80-48F3-B895-C76B6F39B0A8}.UpdateTest|ARM.Build.0 = Debug|Any CPU
		{A7E412D4-DF80-48F3-B895-C76B6F39B0A8}.UpdateTest|iPhone.ActiveCfg = Debug|Any CPU
		{A7E412D4-DF80-48F3-B895-C76B6F39B0A8}.UpdateTest|iPhone.Build.0 = Debug|Any CPU
		{A7E412D4-DF80-48F3-B895-C76B6F39B0A8}.UpdateTest|iPhoneSimulator.ActiveCfg = Debug|Any CPU
		{A7E412D4-DF80-48F3-B895-C76B6F39B0A8}.UpdateTest|iPhoneSimulator.Build.0 = Debug|Any CPU
		{A7E412D4-DF80-48F3-B895-C76B6F39B0A8}.UpdateTest|x64.ActiveCfg = Debug|Any CPU
		{A7E412D4-DF80-48F3-B895-C76B6F39B0A8}.UpdateTest|x64.Build.0 = Debug|Any CPU
		{A7E412D4-DF80-48F3-B895-C76B6F39B0A8}.UpdateTest|x86.ActiveCfg = Debug|Any CPU
		{A7E412D4-DF80-48F3-B895-C76B6F39B0A8}.UpdateTest|x86.Build.0 = Debug|Any CPU
	EndGlobalSection
	GlobalSection(SolutionProperties) = preSolution
		HideSolutionNode = FALSE
	EndGlobalSection
	GlobalSection(NestedProjects) = preSolution
		{44593803-3441-4D77-B2D5-F850956DD451} = {6136B8D8-7FDA-4262-AA6A-1F5344CEE932}
		{AC33CEA6-8564-4247-8841-02FEC18ABA1E} = {0BE10BE1-D713-4C9E-BC30-BF72CBEA32DD}
		{AF5C69D2-A703-473A-AF69-601D9F150DBE} = {E95B2FA1-EB2B-4780-8D02-0779CB8009B7}
		{E4D81929-3A93-4FBC-8E98-1160B9B10A58} = {E95B2FA1-EB2B-4780-8D02-0779CB8009B7}
		{79C1DC53-4CFA-460E-B734-5562B512BC4F} = {E95B2FA1-EB2B-4780-8D02-0779CB8009B7}
		{CBF38DC2-8DEF-4357-B078-3A00A2DBB07D} = {E95B2FA1-EB2B-4780-8D02-0779CB8009B7}
		{FD1F653B-99CC-4536-A1A7-9E7ABB2A9987} = {6136B8D8-7FDA-4262-AA6A-1F5344CEE932}
		{02520D4A-C47F-4D27-95B0-7BCE1E7F3E12} = {B9E3AD87-ACB1-4E20-926D-82B0BF13BD1B}
		{E66999C0-42ED-476D-8F6E-F9752612FD71} = {9EAA56A9-2779-4430-91BA-C136014EB2D2}
		{7DD39827-7E49-4E1E-B357-16CD351A841E} = {9EAA56A9-2779-4430-91BA-C136014EB2D2}
		{4EDC366E-26BE-4AEB-A487-1745850AD412} = {B9E3AD87-ACB1-4E20-926D-82B0BF13BD1B}
		{C21BC570-43DA-4CE5-BC06-9579756E0FB5} = {674C10BB-CE93-4618-BB3B-6146EDEBABDB}
		{F75E7934-83F0-41A5-B03F-2DEABF4C3808} = {9EAA56A9-2779-4430-91BA-C136014EB2D2}
		{7F7894BE-C480-4C90-8E50-3588B37DDDC9} = {B9E3AD87-ACB1-4E20-926D-82B0BF13BD1B}
		{1BB634D7-AC8E-4B9A-B11F-DD67DE2F6183} = {0BE10BE1-D713-4C9E-BC30-BF72CBEA32DD}
		{53D7AF95-9D09-4C52-B9D5-ACC0D229D6AE} = {0BE10BE1-D713-4C9E-BC30-BF72CBEA32DD}
		{F34C3A5C-DD58-4E0F-A834-FF2709158EEF} = {0BE10BE1-D713-4C9E-BC30-BF72CBEA32DD}
	EndGlobalSection
	GlobalSection(MercurialSourceControlSolutionProperties) = preSolution
		SolutionBindings = <Solution Location In Database>
		SolutionIsControlled = True
	EndGlobalSection
EndGlobal
