
Microsoft Visual Studio Solution File, Format Version 12.00
# Visual Studio 15
VisualStudioVersion = 15.0.25920.0
MinimumVisualStudioVersion = 10.0.40219.1
Project("{2150E333-8FDC-42A3-9474-1A3956D46DE8}") = "Quala", "Quala", "{7D24B326-A53B-4DF4-BCF1-299DF15EB080}"
EndProject
Project("{FAE04EC0-301F-11D3-BF4B-00C04F79EFBC}") = "Quala.Core", "Quala\Quala.Core\Quala.Core.csproj", "{A5E66253-EF7E-4D71-8A81-ED8EC9C3BAE1}"
EndProject
Project("{FAE04EC0-301F-11D3-BF4B-00C04F79EFBC}") = "Quala.Extensions", "Quala\Quala.Extensions\Quala.Extensions.csproj", "{0043F310-BF6D-4092-9AD0-8CEBB2189C07}"
EndProject
Project("{FAE04EC0-301F-11D3-BF4B-00C04F79EFBC}") = "Quala.Win32", "Quala\Quala.Win32\Quala.Win32.csproj", "{FCE2029A-E183-473A-A6E7-7FD03011A9C2}"
EndProject
Project("{FAE04EC0-301F-11D3-BF4B-00C04F79EFBC}") = "Quala.WPF", "Quala\Quala.WPF\Quala.WPF.csproj", "{05A0FA18-0E59-471E-B4A3-02A1459A08D3}"
EndProject
Project("{FAE04EC0-301F-11D3-BF4B-00C04F79EFBC}") = "sfxcore", "sfxcore\sfxcore.csproj", "{57E5CBE0-5878-441F-BB37-30FDFE873ABD}"
EndProject
Project("{FAE04EC0-301F-11D3-BF4B-00C04F79EFBC}") = "SmartAudioPlayer-Fx", "SmartAudioPlayer-Fx\SmartAudioPlayer-Fx.csproj", "{9AC28558-F8EF-48F2-8F68-051E477F0A30}"
EndProject
Project("{2150E333-8FDC-42A3-9474-1A3956D46DE8}") = "External", "External", "{AAC3F478-B563-4A1A-AE62-422A5BBF976A}"
EndProject
Project("{FAE04EC0-301F-11D3-BF4B-00C04F79EFBC}") = "OpenAL-CS", "External\OpenAL-CS\OpenAL-CS.csproj", "{4FF0E874-ADB4-4AE5-B059-DD6116C4A370}"
EndProject
Project("{2150E333-8FDC-42A3-9474-1A3956D46DE8}") = "test", "test", "{72FF23E2-14F4-4F65-90B9-073253D78E73}"
EndProject
Project("{FAE04EC0-301F-11D3-BF4B-00C04F79EFBC}") = "openal-test-console", "test\openal-test-console\openal-test-console.csproj", "{2A3AACF2-1372-48C9-89C1-6473AD9D2A25}"
EndProject
Global
	GlobalSection(SolutionConfigurationPlatforms) = preSolution
		Debug|Any CPU = Debug|Any CPU
		Debug|x64 = Debug|x64
		Debug|x86 = Debug|x86
		Release|Any CPU = Release|Any CPU
		Release|x64 = Release|x64
		Release|x86 = Release|x86
	EndGlobalSection
	GlobalSection(ProjectConfigurationPlatforms) = postSolution
		{A5E66253-EF7E-4D71-8A81-ED8EC9C3BAE1}.Debug|Any CPU.ActiveCfg = Debug|Any CPU
		{A5E66253-EF7E-4D71-8A81-ED8EC9C3BAE1}.Debug|Any CPU.Build.0 = Debug|Any CPU
		{A5E66253-EF7E-4D71-8A81-ED8EC9C3BAE1}.Debug|x64.ActiveCfg = Debug|Any CPU
		{A5E66253-EF7E-4D71-8A81-ED8EC9C3BAE1}.Debug|x64.Build.0 = Debug|Any CPU
		{A5E66253-EF7E-4D71-8A81-ED8EC9C3BAE1}.Debug|x86.ActiveCfg = Debug|Any CPU
		{A5E66253-EF7E-4D71-8A81-ED8EC9C3BAE1}.Debug|x86.Build.0 = Debug|Any CPU
		{A5E66253-EF7E-4D71-8A81-ED8EC9C3BAE1}.Release|Any CPU.ActiveCfg = Release|Any CPU
		{A5E66253-EF7E-4D71-8A81-ED8EC9C3BAE1}.Release|Any CPU.Build.0 = Release|Any CPU
		{A5E66253-EF7E-4D71-8A81-ED8EC9C3BAE1}.Release|x64.ActiveCfg = Release|Any CPU
		{A5E66253-EF7E-4D71-8A81-ED8EC9C3BAE1}.Release|x64.Build.0 = Release|Any CPU
		{A5E66253-EF7E-4D71-8A81-ED8EC9C3BAE1}.Release|x86.ActiveCfg = Release|Any CPU
		{A5E66253-EF7E-4D71-8A81-ED8EC9C3BAE1}.Release|x86.Build.0 = Release|Any CPU
		{0043F310-BF6D-4092-9AD0-8CEBB2189C07}.Debug|Any CPU.ActiveCfg = Debug|Any CPU
		{0043F310-BF6D-4092-9AD0-8CEBB2189C07}.Debug|Any CPU.Build.0 = Debug|Any CPU
		{0043F310-BF6D-4092-9AD0-8CEBB2189C07}.Debug|x64.ActiveCfg = Debug|Any CPU
		{0043F310-BF6D-4092-9AD0-8CEBB2189C07}.Debug|x64.Build.0 = Debug|Any CPU
		{0043F310-BF6D-4092-9AD0-8CEBB2189C07}.Debug|x86.ActiveCfg = Debug|Any CPU
		{0043F310-BF6D-4092-9AD0-8CEBB2189C07}.Debug|x86.Build.0 = Debug|Any CPU
		{0043F310-BF6D-4092-9AD0-8CEBB2189C07}.Release|Any CPU.ActiveCfg = Release|Any CPU
		{0043F310-BF6D-4092-9AD0-8CEBB2189C07}.Release|Any CPU.Build.0 = Release|Any CPU
		{0043F310-BF6D-4092-9AD0-8CEBB2189C07}.Release|x64.ActiveCfg = Release|Any CPU
		{0043F310-BF6D-4092-9AD0-8CEBB2189C07}.Release|x64.Build.0 = Release|Any CPU
		{0043F310-BF6D-4092-9AD0-8CEBB2189C07}.Release|x86.ActiveCfg = Release|Any CPU
		{0043F310-BF6D-4092-9AD0-8CEBB2189C07}.Release|x86.Build.0 = Release|Any CPU
		{FCE2029A-E183-473A-A6E7-7FD03011A9C2}.Debug|Any CPU.ActiveCfg = Debug|Any CPU
		{FCE2029A-E183-473A-A6E7-7FD03011A9C2}.Debug|Any CPU.Build.0 = Debug|Any CPU
		{FCE2029A-E183-473A-A6E7-7FD03011A9C2}.Debug|x64.ActiveCfg = Debug|Any CPU
		{FCE2029A-E183-473A-A6E7-7FD03011A9C2}.Debug|x64.Build.0 = Debug|Any CPU
		{FCE2029A-E183-473A-A6E7-7FD03011A9C2}.Debug|x86.ActiveCfg = Debug|Any CPU
		{FCE2029A-E183-473A-A6E7-7FD03011A9C2}.Debug|x86.Build.0 = Debug|Any CPU
		{FCE2029A-E183-473A-A6E7-7FD03011A9C2}.Release|Any CPU.ActiveCfg = Release|Any CPU
		{FCE2029A-E183-473A-A6E7-7FD03011A9C2}.Release|Any CPU.Build.0 = Release|Any CPU
		{FCE2029A-E183-473A-A6E7-7FD03011A9C2}.Release|x64.ActiveCfg = Release|Any CPU
		{FCE2029A-E183-473A-A6E7-7FD03011A9C2}.Release|x64.Build.0 = Release|Any CPU
		{FCE2029A-E183-473A-A6E7-7FD03011A9C2}.Release|x86.ActiveCfg = Release|Any CPU
		{FCE2029A-E183-473A-A6E7-7FD03011A9C2}.Release|x86.Build.0 = Release|Any CPU
		{05A0FA18-0E59-471E-B4A3-02A1459A08D3}.Debug|Any CPU.ActiveCfg = Debug|Any CPU
		{05A0FA18-0E59-471E-B4A3-02A1459A08D3}.Debug|Any CPU.Build.0 = Debug|Any CPU
		{05A0FA18-0E59-471E-B4A3-02A1459A08D3}.Debug|x64.ActiveCfg = Debug|Any CPU
		{05A0FA18-0E59-471E-B4A3-02A1459A08D3}.Debug|x64.Build.0 = Debug|Any CPU
		{05A0FA18-0E59-471E-B4A3-02A1459A08D3}.Debug|x86.ActiveCfg = Debug|Any CPU
		{05A0FA18-0E59-471E-B4A3-02A1459A08D3}.Debug|x86.Build.0 = Debug|Any CPU
		{05A0FA18-0E59-471E-B4A3-02A1459A08D3}.Release|Any CPU.ActiveCfg = Release|Any CPU
		{05A0FA18-0E59-471E-B4A3-02A1459A08D3}.Release|Any CPU.Build.0 = Release|Any CPU
		{05A0FA18-0E59-471E-B4A3-02A1459A08D3}.Release|x64.ActiveCfg = Release|Any CPU
		{05A0FA18-0E59-471E-B4A3-02A1459A08D3}.Release|x64.Build.0 = Release|Any CPU
		{05A0FA18-0E59-471E-B4A3-02A1459A08D3}.Release|x86.ActiveCfg = Release|Any CPU
		{05A0FA18-0E59-471E-B4A3-02A1459A08D3}.Release|x86.Build.0 = Release|Any CPU
		{57E5CBE0-5878-441F-BB37-30FDFE873ABD}.Debug|Any CPU.ActiveCfg = Debug|Any CPU
		{57E5CBE0-5878-441F-BB37-30FDFE873ABD}.Debug|Any CPU.Build.0 = Debug|Any CPU
		{57E5CBE0-5878-441F-BB37-30FDFE873ABD}.Debug|x64.ActiveCfg = Debug|Any CPU
		{57E5CBE0-5878-441F-BB37-30FDFE873ABD}.Debug|x64.Build.0 = Debug|Any CPU
		{57E5CBE0-5878-441F-BB37-30FDFE873ABD}.Debug|x86.ActiveCfg = Debug|Any CPU
		{57E5CBE0-5878-441F-BB37-30FDFE873ABD}.Debug|x86.Build.0 = Debug|Any CPU
		{57E5CBE0-5878-441F-BB37-30FDFE873ABD}.Release|Any CPU.ActiveCfg = Release|Any CPU
		{57E5CBE0-5878-441F-BB37-30FDFE873ABD}.Release|Any CPU.Build.0 = Release|Any CPU
		{57E5CBE0-5878-441F-BB37-30FDFE873ABD}.Release|x64.ActiveCfg = Release|Any CPU
		{57E5CBE0-5878-441F-BB37-30FDFE873ABD}.Release|x64.Build.0 = Release|Any CPU
		{57E5CBE0-5878-441F-BB37-30FDFE873ABD}.Release|x86.ActiveCfg = Release|Any CPU
		{57E5CBE0-5878-441F-BB37-30FDFE873ABD}.Release|x86.Build.0 = Release|Any CPU
		{9AC28558-F8EF-48F2-8F68-051E477F0A30}.Debug|Any CPU.ActiveCfg = Debug|Any CPU
		{9AC28558-F8EF-48F2-8F68-051E477F0A30}.Debug|Any CPU.Build.0 = Debug|Any CPU
		{9AC28558-F8EF-48F2-8F68-051E477F0A30}.Debug|x64.ActiveCfg = Debug|Any CPU
		{9AC28558-F8EF-48F2-8F68-051E477F0A30}.Debug|x64.Build.0 = Debug|Any CPU
		{9AC28558-F8EF-48F2-8F68-051E477F0A30}.Debug|x86.ActiveCfg = Debug|Any CPU
		{9AC28558-F8EF-48F2-8F68-051E477F0A30}.Debug|x86.Build.0 = Debug|Any CPU
		{9AC28558-F8EF-48F2-8F68-051E477F0A30}.Release|Any CPU.ActiveCfg = Release|Any CPU
		{9AC28558-F8EF-48F2-8F68-051E477F0A30}.Release|Any CPU.Build.0 = Release|Any CPU
		{9AC28558-F8EF-48F2-8F68-051E477F0A30}.Release|x64.ActiveCfg = Release|Any CPU
		{9AC28558-F8EF-48F2-8F68-051E477F0A30}.Release|x64.Build.0 = Release|Any CPU
		{9AC28558-F8EF-48F2-8F68-051E477F0A30}.Release|x86.ActiveCfg = Release|Any CPU
		{9AC28558-F8EF-48F2-8F68-051E477F0A30}.Release|x86.Build.0 = Release|Any CPU
		{4FF0E874-ADB4-4AE5-B059-DD6116C4A370}.Debug|Any CPU.ActiveCfg = Debug|Any CPU
		{4FF0E874-ADB4-4AE5-B059-DD6116C4A370}.Debug|Any CPU.Build.0 = Debug|Any CPU
		{4FF0E874-ADB4-4AE5-B059-DD6116C4A370}.Debug|x64.ActiveCfg = Debug|x64
		{4FF0E874-ADB4-4AE5-B059-DD6116C4A370}.Debug|x64.Build.0 = Debug|x64
		{4FF0E874-ADB4-4AE5-B059-DD6116C4A370}.Debug|x86.ActiveCfg = Debug|x86
		{4FF0E874-ADB4-4AE5-B059-DD6116C4A370}.Debug|x86.Build.0 = Debug|x86
		{4FF0E874-ADB4-4AE5-B059-DD6116C4A370}.Release|Any CPU.ActiveCfg = Release|Any CPU
		{4FF0E874-ADB4-4AE5-B059-DD6116C4A370}.Release|Any CPU.Build.0 = Release|Any CPU
		{4FF0E874-ADB4-4AE5-B059-DD6116C4A370}.Release|x64.ActiveCfg = Release|x64
		{4FF0E874-ADB4-4AE5-B059-DD6116C4A370}.Release|x64.Build.0 = Release|x64
		{4FF0E874-ADB4-4AE5-B059-DD6116C4A370}.Release|x86.ActiveCfg = Release|x86
		{4FF0E874-ADB4-4AE5-B059-DD6116C4A370}.Release|x86.Build.0 = Release|x86
		{2A3AACF2-1372-48C9-89C1-6473AD9D2A25}.Debug|Any CPU.ActiveCfg = Debug|Any CPU
		{2A3AACF2-1372-48C9-89C1-6473AD9D2A25}.Debug|Any CPU.Build.0 = Debug|Any CPU
		{2A3AACF2-1372-48C9-89C1-6473AD9D2A25}.Debug|x64.ActiveCfg = Debug|Any CPU
		{2A3AACF2-1372-48C9-89C1-6473AD9D2A25}.Debug|x64.Build.0 = Debug|Any CPU
		{2A3AACF2-1372-48C9-89C1-6473AD9D2A25}.Debug|x86.ActiveCfg = Debug|Any CPU
		{2A3AACF2-1372-48C9-89C1-6473AD9D2A25}.Debug|x86.Build.0 = Debug|Any CPU
		{2A3AACF2-1372-48C9-89C1-6473AD9D2A25}.Release|Any CPU.ActiveCfg = Release|Any CPU
		{2A3AACF2-1372-48C9-89C1-6473AD9D2A25}.Release|Any CPU.Build.0 = Release|Any CPU
		{2A3AACF2-1372-48C9-89C1-6473AD9D2A25}.Release|x64.ActiveCfg = Release|Any CPU
		{2A3AACF2-1372-48C9-89C1-6473AD9D2A25}.Release|x64.Build.0 = Release|Any CPU
		{2A3AACF2-1372-48C9-89C1-6473AD9D2A25}.Release|x86.ActiveCfg = Release|Any CPU
		{2A3AACF2-1372-48C9-89C1-6473AD9D2A25}.Release|x86.Build.0 = Release|Any CPU
	EndGlobalSection
	GlobalSection(SolutionProperties) = preSolution
		HideSolutionNode = FALSE
	EndGlobalSection
	GlobalSection(NestedProjects) = preSolution
		{A5E66253-EF7E-4D71-8A81-ED8EC9C3BAE1} = {7D24B326-A53B-4DF4-BCF1-299DF15EB080}
		{0043F310-BF6D-4092-9AD0-8CEBB2189C07} = {7D24B326-A53B-4DF4-BCF1-299DF15EB080}
		{FCE2029A-E183-473A-A6E7-7FD03011A9C2} = {7D24B326-A53B-4DF4-BCF1-299DF15EB080}
		{05A0FA18-0E59-471E-B4A3-02A1459A08D3} = {7D24B326-A53B-4DF4-BCF1-299DF15EB080}
		{4FF0E874-ADB4-4AE5-B059-DD6116C4A370} = {AAC3F478-B563-4A1A-AE62-422A5BBF976A}
		{2A3AACF2-1372-48C9-89C1-6473AD9D2A25} = {72FF23E2-14F4-4F65-90B9-073253D78E73}
	EndGlobalSection
EndGlobal
