
Microsoft Visual Studio Solution File, Format Version 11.00
# Visual C# 2010 Express
Project("{FAE04EC0-301F-11D3-BF4B-00C04F79EFBC}") = "SmartAudioPlayer Fx", "SmartAudioPlayer Fx\SmartAudioPlayer Fx.csproj", "{584670B1-25C8-48FF-9568-5033C4CD21CC}"
EndProject
Project("{FAE04EC0-301F-11D3-BF4B-00C04F79EFBC}") = "Quala", "_ref\Quala\Quala\Quala.csproj", "{7174DC4A-19B1-4A42-BA04-AB3BEA2C1572}"
EndProject
Global
	GlobalSection(SolutionConfigurationPlatforms) = preSolution
		Debug|Any CPU = Debug|Any CPU
		Debug|Mixed Platforms = Debug|Mixed Platforms
		Debug|x86 = Debug|x86
		Release|Any CPU = Release|Any CPU
		Release|Mixed Platforms = Release|Mixed Platforms
		Release|x86 = Release|x86
	EndGlobalSection
	GlobalSection(ProjectConfigurationPlatforms) = postSolution
		{584670B1-25C8-48FF-9568-5033C4CD21CC}.Debug|Any CPU.ActiveCfg = Debug|x86
		{584670B1-25C8-48FF-9568-5033C4CD21CC}.Debug|Mixed Platforms.ActiveCfg = Release|x86
		{584670B1-25C8-48FF-9568-5033C4CD21CC}.Debug|Mixed Platforms.Build.0 = Release|x86
		{584670B1-25C8-48FF-9568-5033C4CD21CC}.Debug|x86.ActiveCfg = Debug|x86
		{584670B1-25C8-48FF-9568-5033C4CD21CC}.Debug|x86.Build.0 = Debug|x86
		{584670B1-25C8-48FF-9568-5033C4CD21CC}.Release|Any CPU.ActiveCfg = Release|x86
		{584670B1-25C8-48FF-9568-5033C4CD21CC}.Release|Mixed Platforms.ActiveCfg = Release|x86
		{584670B1-25C8-48FF-9568-5033C4CD21CC}.Release|Mixed Platforms.Build.0 = Release|x86
		{584670B1-25C8-48FF-9568-5033C4CD21CC}.Release|x86.ActiveCfg = Release|x86
		{584670B1-25C8-48FF-9568-5033C4CD21CC}.Release|x86.Build.0 = Release|x86
		{7174DC4A-19B1-4A42-BA04-AB3BEA2C1572}.Debug|Any CPU.ActiveCfg = Debug|Any CPU
		{7174DC4A-19B1-4A42-BA04-AB3BEA2C1572}.Debug|Any CPU.Build.0 = Debug|Any CPU
		{7174DC4A-19B1-4A42-BA04-AB3BEA2C1572}.Debug|Mixed Platforms.ActiveCfg = Release|Any CPU
		{7174DC4A-19B1-4A42-BA04-AB3BEA2C1572}.Debug|Mixed Platforms.Build.0 = Release|Any CPU
		{7174DC4A-19B1-4A42-BA04-AB3BEA2C1572}.Debug|x86.ActiveCfg = Debug|Any CPU
		{7174DC4A-19B1-4A42-BA04-AB3BEA2C1572}.Release|Any CPU.ActiveCfg = Release|Any CPU
		{7174DC4A-19B1-4A42-BA04-AB3BEA2C1572}.Release|Any CPU.Build.0 = Release|Any CPU
		{7174DC4A-19B1-4A42-BA04-AB3BEA2C1572}.Release|Mixed Platforms.ActiveCfg = Release|Any CPU
		{7174DC4A-19B1-4A42-BA04-AB3BEA2C1572}.Release|Mixed Platforms.Build.0 = Release|Any CPU
		{7174DC4A-19B1-4A42-BA04-AB3BEA2C1572}.Release|x86.ActiveCfg = Release|Any CPU
	EndGlobalSection
	GlobalSection(SolutionProperties) = preSolution
		HideSolutionNode = FALSE
	EndGlobalSection
	GlobalSection(MercurialSourceControlSolutionProperties) = preSolution
		SolutionIsControlled = True
		SolutionBindings = <Solution Location In Database>
	EndGlobalSection
EndGlobal
