
Microsoft Visual Studio Solution File, Format Version 12.00
# Visual Studio 15
VisualStudioVersion = 15.0.25428.1
MinimumVisualStudioVersion = 10.0.40219.1
Project("{FAE04EC0-301F-11D3-BF4B-00C04F79EFBC}") = "SmartAudioPlayer Fx", "SmartAudioPlayer Fx\SmartAudioPlayer Fx.csproj", "{584670B1-25C8-48FF-9568-5033C4CD21CC}"
EndProject
Project("{FAE04EC0-301F-11D3-BF4B-00C04F79EFBC}") = "SmartAudioPlayerFx.Test", "SmartAudioPlayerFx.Test\SmartAudioPlayerFx.Test.csproj", "{44593803-3441-4D77-B2D5-F850956DD451}"
EndProject
Project("{2150E333-8FDC-42A3-9474-1A3956D46DE8}") = "Quala", "Quala", "{0BE10BE1-D713-4C9E-BC30-BF72CBEA32DD}"
EndProject
Project("{FAE04EC0-301F-11D3-BF4B-00C04F79EFBC}") = "Quala.AppService", "Quala\Quala.AppService\Quala.AppService.csproj", "{E9BB1CF4-AB7A-4B76-8BF0-0229CA90EACB}"
EndProject
Project("{FAE04EC0-301F-11D3-BF4B-00C04F79EFBC}") = "Quala.Win32", "Quala\Quala.Win32\Quala.Win32.csproj", "{AC33CEA6-8564-4247-8841-02FEC18ABA1E}"
EndProject
Project("{FAE04EC0-301F-11D3-BF4B-00C04F79EFBC}") = "Quala.Extensions", "Quala\Quala.Extensions\Quala.Extensions.csproj", "{1790FACE-ED88-40FD-92FC-030D81EB9EEE}"
EndProject
Project("{FAE04EC0-301F-11D3-BF4B-00C04F79EFBC}") = "Quala.WPF", "Quala\Quala.WPF\Quala.WPF.csproj", "{0CEADAF2-EE2F-4398-AE1F-274706A732FD}"
EndProject
Project("{2150E333-8FDC-42A3-9474-1A3956D46DE8}") = "SAPFx2", "SAPFx2", "{CBC0548B-E232-4668-9DED-3301E7E2D759}"
EndProject
Project("{FAE04EC0-301F-11D3-BF4B-00C04F79EFBC}") = "sfxcore", "SAPFx2\sfxcore\sfxcore.csproj", "{9EA5A640-88D4-4426-9F42-04F17E4E620C}"
EndProject
Project("{FAE04EC0-301F-11D3-BF4B-00C04F79EFBC}") = "VLCTest", "SAPFx2\VLCTest\VLCTest.csproj", "{79C1DC53-4CFA-460E-B734-5562B512BC4F}"
EndProject
Project("{2150E333-8FDC-42A3-9474-1A3956D46DE8}") = "media", "media", "{E95B2FA1-EB2B-4780-8D02-0779CB8009B7}"
EndProject
Project("{FAE04EC0-301F-11D3-BF4B-00C04F79EFBC}") = "player-application", "media\player-application\player-application.csproj", "{AF5C69D2-A703-473A-AF69-601D9F150DBE}"
EndProject
Project("{FAE04EC0-301F-11D3-BF4B-00C04F79EFBC}") = "openal-ffmpeg", "media\openal-ffmpeg\openal-ffmpeg.csproj", "{E4D81929-3A93-4FBC-8E98-1160B9B10A58}"
EndProject
Global
	GlobalSection(SolutionConfigurationPlatforms) = preSolution
		Debug|Any CPU = Debug|Any CPU
		Debug|ARM = Debug|ARM
		Debug|x64 = Debug|x64
		Debug|x86 = Debug|x86
		Release|Any CPU = Release|Any CPU
		Release|ARM = Release|ARM
		Release|x64 = Release|x64
		Release|x86 = Release|x86
		UpdateTest|Any CPU = UpdateTest|Any CPU
		UpdateTest|ARM = UpdateTest|ARM
		UpdateTest|x64 = UpdateTest|x64
		UpdateTest|x86 = UpdateTest|x86
	EndGlobalSection
	GlobalSection(ProjectConfigurationPlatforms) = postSolution
		{584670B1-25C8-48FF-9568-5033C4CD21CC}.Debug|Any CPU.ActiveCfg = Debug|x86
		{584670B1-25C8-48FF-9568-5033C4CD21CC}.Debug|ARM.ActiveCfg = Debug|Any CPU
		{584670B1-25C8-48FF-9568-5033C4CD21CC}.Debug|ARM.Build.0 = Debug|Any CPU
		{584670B1-25C8-48FF-9568-5033C4CD21CC}.Debug|x64.ActiveCfg = Debug|Any CPU
		{584670B1-25C8-48FF-9568-5033C4CD21CC}.Debug|x64.Build.0 = Debug|Any CPU
		{584670B1-25C8-48FF-9568-5033C4CD21CC}.Debug|x86.ActiveCfg = Debug|x86
		{584670B1-25C8-48FF-9568-5033C4CD21CC}.Debug|x86.Build.0 = Debug|x86
		{584670B1-25C8-48FF-9568-5033C4CD21CC}.Release|Any CPU.ActiveCfg = Release|x86
		{584670B1-25C8-48FF-9568-5033C4CD21CC}.Release|ARM.ActiveCfg = Release|Any CPU
		{584670B1-25C8-48FF-9568-5033C4CD21CC}.Release|ARM.Build.0 = Release|Any CPU
		{584670B1-25C8-48FF-9568-5033C4CD21CC}.Release|x64.ActiveCfg = Release|Any CPU
		{584670B1-25C8-48FF-9568-5033C4CD21CC}.Release|x64.Build.0 = Release|Any CPU
		{584670B1-25C8-48FF-9568-5033C4CD21CC}.Release|x86.ActiveCfg = Release|x86
		{584670B1-25C8-48FF-9568-5033C4CD21CC}.Release|x86.Build.0 = Release|x86
		{584670B1-25C8-48FF-9568-5033C4CD21CC}.UpdateTest|Any CPU.ActiveCfg = UpdateTest|x86
		{584670B1-25C8-48FF-9568-5033C4CD21CC}.UpdateTest|ARM.ActiveCfg = UpdateTest|Any CPU
		{584670B1-25C8-48FF-9568-5033C4CD21CC}.UpdateTest|ARM.Build.0 = UpdateTest|Any CPU
		{584670B1-25C8-48FF-9568-5033C4CD21CC}.UpdateTest|x64.ActiveCfg = UpdateTest|Any CPU
		{584670B1-25C8-48FF-9568-5033C4CD21CC}.UpdateTest|x64.Build.0 = UpdateTest|Any CPU
		{584670B1-25C8-48FF-9568-5033C4CD21CC}.UpdateTest|x86.ActiveCfg = UpdateTest|x86
		{584670B1-25C8-48FF-9568-5033C4CD21CC}.UpdateTest|x86.Build.0 = UpdateTest|x86
		{44593803-3441-4D77-B2D5-F850956DD451}.Debug|Any CPU.ActiveCfg = Debug|x86
		{44593803-3441-4D77-B2D5-F850956DD451}.Debug|ARM.ActiveCfg = Debug|x86
		{44593803-3441-4D77-B2D5-F850956DD451}.Debug|x64.ActiveCfg = Debug|x86
		{44593803-3441-4D77-B2D5-F850956DD451}.Debug|x86.ActiveCfg = Debug|x86
		{44593803-3441-4D77-B2D5-F850956DD451}.Debug|x86.Build.0 = Debug|x86
		{44593803-3441-4D77-B2D5-F850956DD451}.Release|Any CPU.ActiveCfg = Release|x86
		{44593803-3441-4D77-B2D5-F850956DD451}.Release|ARM.ActiveCfg = Release|x86
		{44593803-3441-4D77-B2D5-F850956DD451}.Release|x64.ActiveCfg = Release|x86
		{44593803-3441-4D77-B2D5-F850956DD451}.Release|x86.ActiveCfg = Release|x86
		{44593803-3441-4D77-B2D5-F850956DD451}.Release|x86.Build.0 = Release|x86
		{44593803-3441-4D77-B2D5-F850956DD451}.UpdateTest|Any CPU.ActiveCfg = Release|x86
		{44593803-3441-4D77-B2D5-F850956DD451}.UpdateTest|ARM.ActiveCfg = Release|x86
		{44593803-3441-4D77-B2D5-F850956DD451}.UpdateTest|x64.ActiveCfg = Release|x86
		{44593803-3441-4D77-B2D5-F850956DD451}.UpdateTest|x86.ActiveCfg = Release|x86
		{44593803-3441-4D77-B2D5-F850956DD451}.UpdateTest|x86.Build.0 = Release|x86
		{E9BB1CF4-AB7A-4B76-8BF0-0229CA90EACB}.Debug|Any CPU.ActiveCfg = Debug|Any CPU
		{E9BB1CF4-AB7A-4B76-8BF0-0229CA90EACB}.Debug|Any CPU.Build.0 = Debug|Any CPU
		{E9BB1CF4-AB7A-4B76-8BF0-0229CA90EACB}.Debug|ARM.ActiveCfg = Debug|Any CPU
		{E9BB1CF4-AB7A-4B76-8BF0-0229CA90EACB}.Debug|ARM.Build.0 = Debug|Any CPU
		{E9BB1CF4-AB7A-4B76-8BF0-0229CA90EACB}.Debug|x64.ActiveCfg = Debug|Any CPU
		{E9BB1CF4-AB7A-4B76-8BF0-0229CA90EACB}.Debug|x64.Build.0 = Debug|Any CPU
		{E9BB1CF4-AB7A-4B76-8BF0-0229CA90EACB}.Debug|x86.ActiveCfg = Debug|Any CPU
		{E9BB1CF4-AB7A-4B76-8BF0-0229CA90EACB}.Debug|x86.Build.0 = Debug|Any CPU
		{E9BB1CF4-AB7A-4B76-8BF0-0229CA90EACB}.Release|Any CPU.ActiveCfg = Release|Any CPU
		{E9BB1CF4-AB7A-4B76-8BF0-0229CA90EACB}.Release|Any CPU.Build.0 = Release|Any CPU
		{E9BB1CF4-AB7A-4B76-8BF0-0229CA90EACB}.Release|ARM.ActiveCfg = Release|Any CPU
		{E9BB1CF4-AB7A-4B76-8BF0-0229CA90EACB}.Release|ARM.Build.0 = Release|Any CPU
		{E9BB1CF4-AB7A-4B76-8BF0-0229CA90EACB}.Release|x64.ActiveCfg = Release|Any CPU
		{E9BB1CF4-AB7A-4B76-8BF0-0229CA90EACB}.Release|x64.Build.0 = Release|Any CPU
		{E9BB1CF4-AB7A-4B76-8BF0-0229CA90EACB}.Release|x86.ActiveCfg = Release|Any CPU
		{E9BB1CF4-AB7A-4B76-8BF0-0229CA90EACB}.Release|x86.Build.0 = Release|Any CPU
		{E9BB1CF4-AB7A-4B76-8BF0-0229CA90EACB}.UpdateTest|Any CPU.ActiveCfg = Release|Any CPU
		{E9BB1CF4-AB7A-4B76-8BF0-0229CA90EACB}.UpdateTest|Any CPU.Build.0 = Release|Any CPU
		{E9BB1CF4-AB7A-4B76-8BF0-0229CA90EACB}.UpdateTest|ARM.ActiveCfg = Release|Any CPU
		{E9BB1CF4-AB7A-4B76-8BF0-0229CA90EACB}.UpdateTest|ARM.Build.0 = Release|Any CPU
		{E9BB1CF4-AB7A-4B76-8BF0-0229CA90EACB}.UpdateTest|x64.ActiveCfg = Release|Any CPU
		{E9BB1CF4-AB7A-4B76-8BF0-0229CA90EACB}.UpdateTest|x64.Build.0 = Release|Any CPU
		{E9BB1CF4-AB7A-4B76-8BF0-0229CA90EACB}.UpdateTest|x86.ActiveCfg = Release|Any CPU
		{E9BB1CF4-AB7A-4B76-8BF0-0229CA90EACB}.UpdateTest|x86.Build.0 = Release|Any CPU
		{AC33CEA6-8564-4247-8841-02FEC18ABA1E}.Debug|Any CPU.ActiveCfg = Debug|Any CPU
		{AC33CEA6-8564-4247-8841-02FEC18ABA1E}.Debug|Any CPU.Build.0 = Debug|Any CPU
		{AC33CEA6-8564-4247-8841-02FEC18ABA1E}.Debug|ARM.ActiveCfg = Debug|Any CPU
		{AC33CEA6-8564-4247-8841-02FEC18ABA1E}.Debug|ARM.Build.0 = Debug|Any CPU
		{AC33CEA6-8564-4247-8841-02FEC18ABA1E}.Debug|x64.ActiveCfg = Debug|Any CPU
		{AC33CEA6-8564-4247-8841-02FEC18ABA1E}.Debug|x64.Build.0 = Debug|Any CPU
		{AC33CEA6-8564-4247-8841-02FEC18ABA1E}.Debug|x86.ActiveCfg = Debug|Any CPU
		{AC33CEA6-8564-4247-8841-02FEC18ABA1E}.Debug|x86.Build.0 = Debug|Any CPU
		{AC33CEA6-8564-4247-8841-02FEC18ABA1E}.Release|Any CPU.ActiveCfg = Release|Any CPU
		{AC33CEA6-8564-4247-8841-02FEC18ABA1E}.Release|Any CPU.Build.0 = Release|Any CPU
		{AC33CEA6-8564-4247-8841-02FEC18ABA1E}.Release|ARM.ActiveCfg = Release|Any CPU
		{AC33CEA6-8564-4247-8841-02FEC18ABA1E}.Release|ARM.Build.0 = Release|Any CPU
		{AC33CEA6-8564-4247-8841-02FEC18ABA1E}.Release|x64.ActiveCfg = Release|Any CPU
		{AC33CEA6-8564-4247-8841-02FEC18ABA1E}.Release|x64.Build.0 = Release|Any CPU
		{AC33CEA6-8564-4247-8841-02FEC18ABA1E}.Release|x86.ActiveCfg = Release|Any CPU
		{AC33CEA6-8564-4247-8841-02FEC18ABA1E}.Release|x86.Build.0 = Release|Any CPU
		{AC33CEA6-8564-4247-8841-02FEC18ABA1E}.UpdateTest|Any CPU.ActiveCfg = Release|Any CPU
		{AC33CEA6-8564-4247-8841-02FEC18ABA1E}.UpdateTest|Any CPU.Build.0 = Release|Any CPU
		{AC33CEA6-8564-4247-8841-02FEC18ABA1E}.UpdateTest|ARM.ActiveCfg = Release|Any CPU
		{AC33CEA6-8564-4247-8841-02FEC18ABA1E}.UpdateTest|ARM.Build.0 = Release|Any CPU
		{AC33CEA6-8564-4247-8841-02FEC18ABA1E}.UpdateTest|x64.ActiveCfg = Release|Any CPU
		{AC33CEA6-8564-4247-8841-02FEC18ABA1E}.UpdateTest|x64.Build.0 = Release|Any CPU
		{AC33CEA6-8564-4247-8841-02FEC18ABA1E}.UpdateTest|x86.ActiveCfg = Release|Any CPU
		{AC33CEA6-8564-4247-8841-02FEC18ABA1E}.UpdateTest|x86.Build.0 = Release|Any CPU
		{1790FACE-ED88-40FD-92FC-030D81EB9EEE}.Debug|Any CPU.ActiveCfg = Debug|Any CPU
		{1790FACE-ED88-40FD-92FC-030D81EB9EEE}.Debug|Any CPU.Build.0 = Debug|Any CPU
		{1790FACE-ED88-40FD-92FC-030D81EB9EEE}.Debug|ARM.ActiveCfg = Debug|Any CPU
		{1790FACE-ED88-40FD-92FC-030D81EB9EEE}.Debug|ARM.Build.0 = Debug|Any CPU
		{1790FACE-ED88-40FD-92FC-030D81EB9EEE}.Debug|x64.ActiveCfg = Debug|Any CPU
		{1790FACE-ED88-40FD-92FC-030D81EB9EEE}.Debug|x64.Build.0 = Debug|Any CPU
		{1790FACE-ED88-40FD-92FC-030D81EB9EEE}.Debug|x86.ActiveCfg = Debug|Any CPU
		{1790FACE-ED88-40FD-92FC-030D81EB9EEE}.Debug|x86.Build.0 = Debug|Any CPU
		{1790FACE-ED88-40FD-92FC-030D81EB9EEE}.Release|Any CPU.ActiveCfg = Release|Any CPU
		{1790FACE-ED88-40FD-92FC-030D81EB9EEE}.Release|Any CPU.Build.0 = Release|Any CPU
		{1790FACE-ED88-40FD-92FC-030D81EB9EEE}.Release|ARM.ActiveCfg = Release|Any CPU
		{1790FACE-ED88-40FD-92FC-030D81EB9EEE}.Release|ARM.Build.0 = Release|Any CPU
		{1790FACE-ED88-40FD-92FC-030D81EB9EEE}.Release|x64.ActiveCfg = Release|Any CPU
		{1790FACE-ED88-40FD-92FC-030D81EB9EEE}.Release|x64.Build.0 = Release|Any CPU
		{1790FACE-ED88-40FD-92FC-030D81EB9EEE}.Release|x86.ActiveCfg = Release|Any CPU
		{1790FACE-ED88-40FD-92FC-030D81EB9EEE}.Release|x86.Build.0 = Release|Any CPU
		{1790FACE-ED88-40FD-92FC-030D81EB9EEE}.UpdateTest|Any CPU.ActiveCfg = Release|Any CPU
		{1790FACE-ED88-40FD-92FC-030D81EB9EEE}.UpdateTest|Any CPU.Build.0 = Release|Any CPU
		{1790FACE-ED88-40FD-92FC-030D81EB9EEE}.UpdateTest|ARM.ActiveCfg = Release|Any CPU
		{1790FACE-ED88-40FD-92FC-030D81EB9EEE}.UpdateTest|ARM.Build.0 = Release|Any CPU
		{1790FACE-ED88-40FD-92FC-030D81EB9EEE}.UpdateTest|x64.ActiveCfg = Release|Any CPU
		{1790FACE-ED88-40FD-92FC-030D81EB9EEE}.UpdateTest|x64.Build.0 = Release|Any CPU
		{1790FACE-ED88-40FD-92FC-030D81EB9EEE}.UpdateTest|x86.ActiveCfg = Release|Any CPU
		{1790FACE-ED88-40FD-92FC-030D81EB9EEE}.UpdateTest|x86.Build.0 = Release|Any CPU
		{0CEADAF2-EE2F-4398-AE1F-274706A732FD}.Debug|Any CPU.ActiveCfg = Debug|Any CPU
		{0CEADAF2-EE2F-4398-AE1F-274706A732FD}.Debug|Any CPU.Build.0 = Debug|Any CPU
		{0CEADAF2-EE2F-4398-AE1F-274706A732FD}.Debug|ARM.ActiveCfg = Debug|Any CPU
		{0CEADAF2-EE2F-4398-AE1F-274706A732FD}.Debug|ARM.Build.0 = Debug|Any CPU
		{0CEADAF2-EE2F-4398-AE1F-274706A732FD}.Debug|x64.ActiveCfg = Debug|Any CPU
		{0CEADAF2-EE2F-4398-AE1F-274706A732FD}.Debug|x64.Build.0 = Debug|Any CPU
		{0CEADAF2-EE2F-4398-AE1F-274706A732FD}.Debug|x86.ActiveCfg = Debug|Any CPU
		{0CEADAF2-EE2F-4398-AE1F-274706A732FD}.Debug|x86.Build.0 = Debug|Any CPU
		{0CEADAF2-EE2F-4398-AE1F-274706A732FD}.Release|Any CPU.ActiveCfg = Release|Any CPU
		{0CEADAF2-EE2F-4398-AE1F-274706A732FD}.Release|Any CPU.Build.0 = Release|Any CPU
		{0CEADAF2-EE2F-4398-AE1F-274706A732FD}.Release|ARM.ActiveCfg = Release|Any CPU
		{0CEADAF2-EE2F-4398-AE1F-274706A732FD}.Release|ARM.Build.0 = Release|Any CPU
		{0CEADAF2-EE2F-4398-AE1F-274706A732FD}.Release|x64.ActiveCfg = Release|Any CPU
		{0CEADAF2-EE2F-4398-AE1F-274706A732FD}.Release|x64.Build.0 = Release|Any CPU
		{0CEADAF2-EE2F-4398-AE1F-274706A732FD}.Release|x86.ActiveCfg = Release|Any CPU
		{0CEADAF2-EE2F-4398-AE1F-274706A732FD}.Release|x86.Build.0 = Release|Any CPU
		{0CEADAF2-EE2F-4398-AE1F-274706A732FD}.UpdateTest|Any CPU.ActiveCfg = Release|Any CPU
		{0CEADAF2-EE2F-4398-AE1F-274706A732FD}.UpdateTest|Any CPU.Build.0 = Release|Any CPU
		{0CEADAF2-EE2F-4398-AE1F-274706A732FD}.UpdateTest|ARM.ActiveCfg = Release|Any CPU
		{0CEADAF2-EE2F-4398-AE1F-274706A732FD}.UpdateTest|ARM.Build.0 = Release|Any CPU
		{0CEADAF2-EE2F-4398-AE1F-274706A732FD}.UpdateTest|x64.ActiveCfg = Release|Any CPU
		{0CEADAF2-EE2F-4398-AE1F-274706A732FD}.UpdateTest|x64.Build.0 = Release|Any CPU
		{0CEADAF2-EE2F-4398-AE1F-274706A732FD}.UpdateTest|x86.ActiveCfg = Release|Any CPU
		{0CEADAF2-EE2F-4398-AE1F-274706A732FD}.UpdateTest|x86.Build.0 = Release|Any CPU
		{9EA5A640-88D4-4426-9F42-04F17E4E620C}.Debug|Any CPU.ActiveCfg = Debug|Any CPU
		{9EA5A640-88D4-4426-9F42-04F17E4E620C}.Debug|Any CPU.Build.0 = Debug|Any CPU
		{9EA5A640-88D4-4426-9F42-04F17E4E620C}.Debug|ARM.ActiveCfg = Debug|Any CPU
		{9EA5A640-88D4-4426-9F42-04F17E4E620C}.Debug|ARM.Build.0 = Debug|Any CPU
		{9EA5A640-88D4-4426-9F42-04F17E4E620C}.Debug|x64.ActiveCfg = Debug|Any CPU
		{9EA5A640-88D4-4426-9F42-04F17E4E620C}.Debug|x64.Build.0 = Debug|Any CPU
		{9EA5A640-88D4-4426-9F42-04F17E4E620C}.Debug|x86.ActiveCfg = Debug|Any CPU
		{9EA5A640-88D4-4426-9F42-04F17E4E620C}.Debug|x86.Build.0 = Debug|Any CPU
		{9EA5A640-88D4-4426-9F42-04F17E4E620C}.Release|Any CPU.ActiveCfg = Release|Any CPU
		{9EA5A640-88D4-4426-9F42-04F17E4E620C}.Release|Any CPU.Build.0 = Release|Any CPU
		{9EA5A640-88D4-4426-9F42-04F17E4E620C}.Release|ARM.ActiveCfg = Release|Any CPU
		{9EA5A640-88D4-4426-9F42-04F17E4E620C}.Release|ARM.Build.0 = Release|Any CPU
		{9EA5A640-88D4-4426-9F42-04F17E4E620C}.Release|x64.ActiveCfg = Release|Any CPU
		{9EA5A640-88D4-4426-9F42-04F17E4E620C}.Release|x64.Build.0 = Release|Any CPU
		{9EA5A640-88D4-4426-9F42-04F17E4E620C}.Release|x86.ActiveCfg = Release|Any CPU
		{9EA5A640-88D4-4426-9F42-04F17E4E620C}.Release|x86.Build.0 = Release|Any CPU
		{9EA5A640-88D4-4426-9F42-04F17E4E620C}.UpdateTest|Any CPU.ActiveCfg = Release|Any CPU
		{9EA5A640-88D4-4426-9F42-04F17E4E620C}.UpdateTest|Any CPU.Build.0 = Release|Any CPU
		{9EA5A640-88D4-4426-9F42-04F17E4E620C}.UpdateTest|ARM.ActiveCfg = Release|Any CPU
		{9EA5A640-88D4-4426-9F42-04F17E4E620C}.UpdateTest|ARM.Build.0 = Release|Any CPU
		{9EA5A640-88D4-4426-9F42-04F17E4E620C}.UpdateTest|x64.ActiveCfg = Release|Any CPU
		{9EA5A640-88D4-4426-9F42-04F17E4E620C}.UpdateTest|x64.Build.0 = Release|Any CPU
		{9EA5A640-88D4-4426-9F42-04F17E4E620C}.UpdateTest|x86.ActiveCfg = Release|Any CPU
		{9EA5A640-88D4-4426-9F42-04F17E4E620C}.UpdateTest|x86.Build.0 = Release|Any CPU
		{79C1DC53-4CFA-460E-B734-5562B512BC4F}.Debug|Any CPU.ActiveCfg = Debug|Any CPU
		{79C1DC53-4CFA-460E-B734-5562B512BC4F}.Debug|Any CPU.Build.0 = Debug|Any CPU
		{79C1DC53-4CFA-460E-B734-5562B512BC4F}.Debug|ARM.ActiveCfg = Debug|Any CPU
		{79C1DC53-4CFA-460E-B734-5562B512BC4F}.Debug|ARM.Build.0 = Debug|Any CPU
		{79C1DC53-4CFA-460E-B734-5562B512BC4F}.Debug|x64.ActiveCfg = Debug|Any CPU
		{79C1DC53-4CFA-460E-B734-5562B512BC4F}.Debug|x64.Build.0 = Debug|Any CPU
		{79C1DC53-4CFA-460E-B734-5562B512BC4F}.Debug|x86.ActiveCfg = Debug|Any CPU
		{79C1DC53-4CFA-460E-B734-5562B512BC4F}.Debug|x86.Build.0 = Debug|Any CPU
		{79C1DC53-4CFA-460E-B734-5562B512BC4F}.Release|Any CPU.ActiveCfg = Release|Any CPU
		{79C1DC53-4CFA-460E-B734-5562B512BC4F}.Release|Any CPU.Build.0 = Release|Any CPU
		{79C1DC53-4CFA-460E-B734-5562B512BC4F}.Release|ARM.ActiveCfg = Release|Any CPU
		{79C1DC53-4CFA-460E-B734-5562B512BC4F}.Release|ARM.Build.0 = Release|Any CPU
		{79C1DC53-4CFA-460E-B734-5562B512BC4F}.Release|x64.ActiveCfg = Release|Any CPU
		{79C1DC53-4CFA-460E-B734-5562B512BC4F}.Release|x64.Build.0 = Release|Any CPU
		{79C1DC53-4CFA-460E-B734-5562B512BC4F}.Release|x86.ActiveCfg = Release|Any CPU
		{79C1DC53-4CFA-460E-B734-5562B512BC4F}.Release|x86.Build.0 = Release|Any CPU
		{79C1DC53-4CFA-460E-B734-5562B512BC4F}.UpdateTest|Any CPU.ActiveCfg = Release|Any CPU
		{79C1DC53-4CFA-460E-B734-5562B512BC4F}.UpdateTest|Any CPU.Build.0 = Release|Any CPU
		{79C1DC53-4CFA-460E-B734-5562B512BC4F}.UpdateTest|ARM.ActiveCfg = Release|Any CPU
		{79C1DC53-4CFA-460E-B734-5562B512BC4F}.UpdateTest|ARM.Build.0 = Release|Any CPU
		{79C1DC53-4CFA-460E-B734-5562B512BC4F}.UpdateTest|x64.ActiveCfg = Release|Any CPU
		{79C1DC53-4CFA-460E-B734-5562B512BC4F}.UpdateTest|x64.Build.0 = Release|Any CPU
		{79C1DC53-4CFA-460E-B734-5562B512BC4F}.UpdateTest|x86.ActiveCfg = Release|Any CPU
		{79C1DC53-4CFA-460E-B734-5562B512BC4F}.UpdateTest|x86.Build.0 = Release|Any CPU
		{AF5C69D2-A703-473A-AF69-601D9F150DBE}.Debug|Any CPU.ActiveCfg = Debug|Any CPU
		{AF5C69D2-A703-473A-AF69-601D9F150DBE}.Debug|Any CPU.Build.0 = Debug|Any CPU
		{AF5C69D2-A703-473A-AF69-601D9F150DBE}.Debug|ARM.ActiveCfg = Debug|Any CPU
		{AF5C69D2-A703-473A-AF69-601D9F150DBE}.Debug|ARM.Build.0 = Debug|Any CPU
		{AF5C69D2-A703-473A-AF69-601D9F150DBE}.Debug|x64.ActiveCfg = Debug|Any CPU
		{AF5C69D2-A703-473A-AF69-601D9F150DBE}.Debug|x64.Build.0 = Debug|Any CPU
		{AF5C69D2-A703-473A-AF69-601D9F150DBE}.Debug|x86.ActiveCfg = Debug|Any CPU
		{AF5C69D2-A703-473A-AF69-601D9F150DBE}.Debug|x86.Build.0 = Debug|Any CPU
		{AF5C69D2-A703-473A-AF69-601D9F150DBE}.Release|Any CPU.ActiveCfg = Release|Any CPU
		{AF5C69D2-A703-473A-AF69-601D9F150DBE}.Release|Any CPU.Build.0 = Release|Any CPU
		{AF5C69D2-A703-473A-AF69-601D9F150DBE}.Release|ARM.ActiveCfg = Release|Any CPU
		{AF5C69D2-A703-473A-AF69-601D9F150DBE}.Release|ARM.Build.0 = Release|Any CPU
		{AF5C69D2-A703-473A-AF69-601D9F150DBE}.Release|x64.ActiveCfg = Release|Any CPU
		{AF5C69D2-A703-473A-AF69-601D9F150DBE}.Release|x64.Build.0 = Release|Any CPU
		{AF5C69D2-A703-473A-AF69-601D9F150DBE}.Release|x86.ActiveCfg = Release|Any CPU
		{AF5C69D2-A703-473A-AF69-601D9F150DBE}.Release|x86.Build.0 = Release|Any CPU
		{AF5C69D2-A703-473A-AF69-601D9F150DBE}.UpdateTest|Any CPU.ActiveCfg = Release|Any CPU
		{AF5C69D2-A703-473A-AF69-601D9F150DBE}.UpdateTest|Any CPU.Build.0 = Release|Any CPU
		{AF5C69D2-A703-473A-AF69-601D9F150DBE}.UpdateTest|ARM.ActiveCfg = Release|Any CPU
		{AF5C69D2-A703-473A-AF69-601D9F150DBE}.UpdateTest|ARM.Build.0 = Release|Any CPU
		{AF5C69D2-A703-473A-AF69-601D9F150DBE}.UpdateTest|x64.ActiveCfg = Release|Any CPU
		{AF5C69D2-A703-473A-AF69-601D9F150DBE}.UpdateTest|x64.Build.0 = Release|Any CPU
		{AF5C69D2-A703-473A-AF69-601D9F150DBE}.UpdateTest|x86.ActiveCfg = Release|Any CPU
		{AF5C69D2-A703-473A-AF69-601D9F150DBE}.UpdateTest|x86.Build.0 = Release|Any CPU
		{E4D81929-3A93-4FBC-8E98-1160B9B10A58}.Debug|Any CPU.ActiveCfg = Debug|Any CPU
		{E4D81929-3A93-4FBC-8E98-1160B9B10A58}.Debug|Any CPU.Build.0 = Debug|Any CPU
		{E4D81929-3A93-4FBC-8E98-1160B9B10A58}.Debug|ARM.ActiveCfg = Debug|Any CPU
		{E4D81929-3A93-4FBC-8E98-1160B9B10A58}.Debug|ARM.Build.0 = Debug|Any CPU
		{E4D81929-3A93-4FBC-8E98-1160B9B10A58}.Debug|x64.ActiveCfg = Debug|x64
		{E4D81929-3A93-4FBC-8E98-1160B9B10A58}.Debug|x64.Build.0 = Debug|x64
		{E4D81929-3A93-4FBC-8E98-1160B9B10A58}.Debug|x86.ActiveCfg = Debug|Any CPU
		{E4D81929-3A93-4FBC-8E98-1160B9B10A58}.Debug|x86.Build.0 = Debug|Any CPU
		{E4D81929-3A93-4FBC-8E98-1160B9B10A58}.Release|Any CPU.ActiveCfg = Release|Any CPU
		{E4D81929-3A93-4FBC-8E98-1160B9B10A58}.Release|Any CPU.Build.0 = Release|Any CPU
		{E4D81929-3A93-4FBC-8E98-1160B9B10A58}.Release|ARM.ActiveCfg = Release|Any CPU
		{E4D81929-3A93-4FBC-8E98-1160B9B10A58}.Release|ARM.Build.0 = Release|Any CPU
		{E4D81929-3A93-4FBC-8E98-1160B9B10A58}.Release|x64.ActiveCfg = Release|Any CPU
		{E4D81929-3A93-4FBC-8E98-1160B9B10A58}.Release|x64.Build.0 = Release|Any CPU
		{E4D81929-3A93-4FBC-8E98-1160B9B10A58}.Release|x86.ActiveCfg = Release|Any CPU
		{E4D81929-3A93-4FBC-8E98-1160B9B10A58}.Release|x86.Build.0 = Release|Any CPU
		{E4D81929-3A93-4FBC-8E98-1160B9B10A58}.UpdateTest|Any CPU.ActiveCfg = Release|Any CPU
		{E4D81929-3A93-4FBC-8E98-1160B9B10A58}.UpdateTest|Any CPU.Build.0 = Release|Any CPU
		{E4D81929-3A93-4FBC-8E98-1160B9B10A58}.UpdateTest|ARM.ActiveCfg = Release|Any CPU
		{E4D81929-3A93-4FBC-8E98-1160B9B10A58}.UpdateTest|ARM.Build.0 = Release|Any CPU
		{E4D81929-3A93-4FBC-8E98-1160B9B10A58}.UpdateTest|x64.ActiveCfg = Release|Any CPU
		{E4D81929-3A93-4FBC-8E98-1160B9B10A58}.UpdateTest|x64.Build.0 = Release|Any CPU
		{E4D81929-3A93-4FBC-8E98-1160B9B10A58}.UpdateTest|x86.ActiveCfg = Release|Any CPU
		{E4D81929-3A93-4FBC-8E98-1160B9B10A58}.UpdateTest|x86.Build.0 = Release|Any CPU
	EndGlobalSection
	GlobalSection(SolutionProperties) = preSolution
		HideSolutionNode = FALSE
	EndGlobalSection
	GlobalSection(NestedProjects) = preSolution
		{E9BB1CF4-AB7A-4B76-8BF0-0229CA90EACB} = {0BE10BE1-D713-4C9E-BC30-BF72CBEA32DD}
		{AC33CEA6-8564-4247-8841-02FEC18ABA1E} = {0BE10BE1-D713-4C9E-BC30-BF72CBEA32DD}
		{1790FACE-ED88-40FD-92FC-030D81EB9EEE} = {0BE10BE1-D713-4C9E-BC30-BF72CBEA32DD}
		{0CEADAF2-EE2F-4398-AE1F-274706A732FD} = {0BE10BE1-D713-4C9E-BC30-BF72CBEA32DD}
		{9EA5A640-88D4-4426-9F42-04F17E4E620C} = {CBC0548B-E232-4668-9DED-3301E7E2D759}
		{79C1DC53-4CFA-460E-B734-5562B512BC4F} = {CBC0548B-E232-4668-9DED-3301E7E2D759}
		{AF5C69D2-A703-473A-AF69-601D9F150DBE} = {E95B2FA1-EB2B-4780-8D02-0779CB8009B7}
		{E4D81929-3A93-4FBC-8E98-1160B9B10A58} = {E95B2FA1-EB2B-4780-8D02-0779CB8009B7}
	EndGlobalSection
	GlobalSection(MercurialSourceControlSolutionProperties) = preSolution
		SolutionBindings = <Solution Location In Database>
		SolutionIsControlled = True
	EndGlobalSection
EndGlobal
