
Microsoft Visual Studio Solution File, Format Version 12.00
# Visual Studio 15
VisualStudioVersion = 15.0.25920.0
MinimumVisualStudioVersion = 10.0.40219.1
Project("{2150E333-8FDC-42A3-9474-1A3956D46DE8}") = "Quala", "Quala", "{7D24B326-A53B-4DF4-BCF1-299DF15EB080}"
EndProject
Project("{FAE04EC0-301F-11D3-BF4B-00C04F79EFBC}") = "Quala.Core", "Quala\Quala.Core\Quala.Core.csproj", "{A5E66253-EF7E-4D71-8A81-ED8EC9C3BAE1}"
EndProject
Project("{FAE04EC0-301F-11D3-BF4B-00C04F79EFBC}") = "Quala.Extensions", "Quala\Quala.Extensions\Quala.Extensions.csproj", "{0043F310-BF6D-4092-9AD0-8CEBB2189C07}"
EndProject
Project("{FAE04EC0-301F-11D3-BF4B-00C04F79EFBC}") = "Quala.Win32", "Quala\Quala.Win32\Quala.Win32.csproj", "{FCE2029A-E183-473A-A6E7-7FD03011A9C2}"
EndProject
Project("{FAE04EC0-301F-11D3-BF4B-00C04F79EFBC}") = "Quala.WPF", "Quala\Quala.WPF\Quala.WPF.csproj", "{05A0FA18-0E59-471E-B4A3-02A1459A08D3}"
EndProject
Project("{2150E333-8FDC-42A3-9474-1A3956D46DE8}") = "Lib", "Lib", "{AAC3F478-B563-4A1A-AE62-422A5BBF976A}"
EndProject
Project("{2150E333-8FDC-42A3-9474-1A3956D46DE8}") = "test", "test", "{72FF23E2-14F4-4F65-90B9-073253D78E73}"
EndProject
Project("{FAE04EC0-301F-11D3-BF4B-00C04F79EFBC}") = "openal-test-console", "test\openal-test-console\openal-test-console.csproj", "{2A3AACF2-1372-48C9-89C1-6473AD9D2A25}"
EndProject
Project("{2150E333-8FDC-42A3-9474-1A3956D46DE8}") = "SAPFx", "SAPFx", "{A58757D6-F412-44BD-8884-6147AD01316A}"
EndProject
Project("{2150E333-8FDC-42A3-9474-1A3956D46DE8}") = "SAPMx", "SAPMx", "{449ABEEC-F4D3-4CFC-A895-33981D8160A4}"
EndProject
Project("{FAE04EC0-301F-11D3-BF4B-00C04F79EFBC}") = "SAPMx.UWP", "SAPMx\SAPMx.UWP\SAPMx.UWP.csproj", "{AD7C8CB8-8308-401C-BABC-A859272B81D0}"
EndProject
Project("{FAE04EC0-301F-11D3-BF4B-00C04F79EFBC}") = "OpenAL-CS", "Lib\OpenAL-CS\OpenAL-CS.csproj", "{4FF0E874-ADB4-4AE5-B059-DD6116C4A370}"
EndProject
Project("{FAE04EC0-301F-11D3-BF4B-00C04F79EFBC}") = "sfxcore", "Lib\sfxcore\sfxcore.csproj", "{57E5CBE0-5878-441F-BB37-30FDFE873ABD}"
EndProject
Project("{FAE04EC0-301F-11D3-BF4B-00C04F79EFBC}") = "SAPFx.WPF", "SAPFx\SAPFx.WPF\SAPFx.WPF.csproj", "{48FD3349-915B-4BC5-9544-4BD1F7E41E31}"
EndProject
Global
	GlobalSection(SolutionConfigurationPlatforms) = preSolution
		Ad-Hoc|Any CPU = Ad-Hoc|Any CPU
		Ad-Hoc|ARM = Ad-Hoc|ARM
		Ad-Hoc|iPhone = Ad-Hoc|iPhone
		Ad-Hoc|iPhoneSimulator = Ad-Hoc|iPhoneSimulator
		Ad-Hoc|x64 = Ad-Hoc|x64
		Ad-Hoc|x86 = Ad-Hoc|x86
		AppStore|Any CPU = AppStore|Any CPU
		AppStore|ARM = AppStore|ARM
		AppStore|iPhone = AppStore|iPhone
		AppStore|iPhoneSimulator = AppStore|iPhoneSimulator
		AppStore|x64 = AppStore|x64
		AppStore|x86 = AppStore|x86
		Debug|Any CPU = Debug|Any CPU
		Debug|ARM = Debug|ARM
		Debug|iPhone = Debug|iPhone
		Debug|iPhoneSimulator = Debug|iPhoneSimulator
		Debug|x64 = Debug|x64
		Debug|x86 = Debug|x86
		Release|Any CPU = Release|Any CPU
		Release|ARM = Release|ARM
		Release|iPhone = Release|iPhone
		Release|iPhoneSimulator = Release|iPhoneSimulator
		Release|x64 = Release|x64
		Release|x86 = Release|x86
	EndGlobalSection
	GlobalSection(ProjectConfigurationPlatforms) = postSolution
		{A5E66253-EF7E-4D71-8A81-ED8EC9C3BAE1}.Ad-Hoc|Any CPU.ActiveCfg = Release|Any CPU
		{A5E66253-EF7E-4D71-8A81-ED8EC9C3BAE1}.Ad-Hoc|Any CPU.Build.0 = Release|Any CPU
		{A5E66253-EF7E-4D71-8A81-ED8EC9C3BAE1}.Ad-Hoc|ARM.ActiveCfg = Release|Any CPU
		{A5E66253-EF7E-4D71-8A81-ED8EC9C3BAE1}.Ad-Hoc|ARM.Build.0 = Release|Any CPU
		{A5E66253-EF7E-4D71-8A81-ED8EC9C3BAE1}.Ad-Hoc|iPhone.ActiveCfg = Release|Any CPU
		{A5E66253-EF7E-4D71-8A81-ED8EC9C3BAE1}.Ad-Hoc|iPhone.Build.0 = Release|Any CPU
		{A5E66253-EF7E-4D71-8A81-ED8EC9C3BAE1}.Ad-Hoc|iPhoneSimulator.ActiveCfg = Release|Any CPU
		{A5E66253-EF7E-4D71-8A81-ED8EC9C3BAE1}.Ad-Hoc|iPhoneSimulator.Build.0 = Release|Any CPU
		{A5E66253-EF7E-4D71-8A81-ED8EC9C3BAE1}.Ad-Hoc|x64.ActiveCfg = Release|Any CPU
		{A5E66253-EF7E-4D71-8A81-ED8EC9C3BAE1}.Ad-Hoc|x64.Build.0 = Release|Any CPU
		{A5E66253-EF7E-4D71-8A81-ED8EC9C3BAE1}.Ad-Hoc|x86.ActiveCfg = Release|Any CPU
		{A5E66253-EF7E-4D71-8A81-ED8EC9C3BAE1}.Ad-Hoc|x86.Build.0 = Release|Any CPU
		{A5E66253-EF7E-4D71-8A81-ED8EC9C3BAE1}.AppStore|Any CPU.ActiveCfg = Release|Any CPU
		{A5E66253-EF7E-4D71-8A81-ED8EC9C3BAE1}.AppStore|Any CPU.Build.0 = Release|Any CPU
		{A5E66253-EF7E-4D71-8A81-ED8EC9C3BAE1}.AppStore|ARM.ActiveCfg = Release|Any CPU
		{A5E66253-EF7E-4D71-8A81-ED8EC9C3BAE1}.AppStore|ARM.Build.0 = Release|Any CPU
		{A5E66253-EF7E-4D71-8A81-ED8EC9C3BAE1}.AppStore|iPhone.ActiveCfg = Release|Any CPU
		{A5E66253-EF7E-4D71-8A81-ED8EC9C3BAE1}.AppStore|iPhone.Build.0 = Release|Any CPU
		{A5E66253-EF7E-4D71-8A81-ED8EC9C3BAE1}.AppStore|iPhoneSimulator.ActiveCfg = Release|Any CPU
		{A5E66253-EF7E-4D71-8A81-ED8EC9C3BAE1}.AppStore|iPhoneSimulator.Build.0 = Release|Any CPU
		{A5E66253-EF7E-4D71-8A81-ED8EC9C3BAE1}.AppStore|x64.ActiveCfg = Release|Any CPU
		{A5E66253-EF7E-4D71-8A81-ED8EC9C3BAE1}.AppStore|x64.Build.0 = Release|Any CPU
		{A5E66253-EF7E-4D71-8A81-ED8EC9C3BAE1}.AppStore|x86.ActiveCfg = Release|Any CPU
		{A5E66253-EF7E-4D71-8A81-ED8EC9C3BAE1}.AppStore|x86.Build.0 = Release|Any CPU
		{A5E66253-EF7E-4D71-8A81-ED8EC9C3BAE1}.Debug|Any CPU.ActiveCfg = Debug|Any CPU
		{A5E66253-EF7E-4D71-8A81-ED8EC9C3BAE1}.Debug|Any CPU.Build.0 = Debug|Any CPU
		{A5E66253-EF7E-4D71-8A81-ED8EC9C3BAE1}.Debug|ARM.ActiveCfg = Debug|Any CPU
		{A5E66253-EF7E-4D71-8A81-ED8EC9C3BAE1}.Debug|ARM.Build.0 = Debug|Any CPU
		{A5E66253-EF7E-4D71-8A81-ED8EC9C3BAE1}.Debug|iPhone.ActiveCfg = Debug|Any CPU
		{A5E66253-EF7E-4D71-8A81-ED8EC9C3BAE1}.Debug|iPhone.Build.0 = Debug|Any CPU
		{A5E66253-EF7E-4D71-8A81-ED8EC9C3BAE1}.Debug|iPhoneSimulator.ActiveCfg = Debug|Any CPU
		{A5E66253-EF7E-4D71-8A81-ED8EC9C3BAE1}.Debug|iPhoneSimulator.Build.0 = Debug|Any CPU
		{A5E66253-EF7E-4D71-8A81-ED8EC9C3BAE1}.Debug|x64.ActiveCfg = Debug|Any CPU
		{A5E66253-EF7E-4D71-8A81-ED8EC9C3BAE1}.Debug|x64.Build.0 = Debug|Any CPU
		{A5E66253-EF7E-4D71-8A81-ED8EC9C3BAE1}.Debug|x86.ActiveCfg = Debug|Any CPU
		{A5E66253-EF7E-4D71-8A81-ED8EC9C3BAE1}.Debug|x86.Build.0 = Debug|Any CPU
		{A5E66253-EF7E-4D71-8A81-ED8EC9C3BAE1}.Release|Any CPU.ActiveCfg = Release|Any CPU
		{A5E66253-EF7E-4D71-8A81-ED8EC9C3BAE1}.Release|Any CPU.Build.0 = Release|Any CPU
		{A5E66253-EF7E-4D71-8A81-ED8EC9C3BAE1}.Release|ARM.ActiveCfg = Release|Any CPU
		{A5E66253-EF7E-4D71-8A81-ED8EC9C3BAE1}.Release|ARM.Build.0 = Release|Any CPU
		{A5E66253-EF7E-4D71-8A81-ED8EC9C3BAE1}.Release|iPhone.ActiveCfg = Release|Any CPU
		{A5E66253-EF7E-4D71-8A81-ED8EC9C3BAE1}.Release|iPhone.Build.0 = Release|Any CPU
		{A5E66253-EF7E-4D71-8A81-ED8EC9C3BAE1}.Release|iPhoneSimulator.ActiveCfg = Release|Any CPU
		{A5E66253-EF7E-4D71-8A81-ED8EC9C3BAE1}.Release|iPhoneSimulator.Build.0 = Release|Any CPU
		{A5E66253-EF7E-4D71-8A81-ED8EC9C3BAE1}.Release|x64.ActiveCfg = Release|Any CPU
		{A5E66253-EF7E-4D71-8A81-ED8EC9C3BAE1}.Release|x64.Build.0 = Release|Any CPU
		{A5E66253-EF7E-4D71-8A81-ED8EC9C3BAE1}.Release|x86.ActiveCfg = Release|Any CPU
		{A5E66253-EF7E-4D71-8A81-ED8EC9C3BAE1}.Release|x86.Build.0 = Release|Any CPU
		{0043F310-BF6D-4092-9AD0-8CEBB2189C07}.Ad-Hoc|Any CPU.ActiveCfg = Release|Any CPU
		{0043F310-BF6D-4092-9AD0-8CEBB2189C07}.Ad-Hoc|Any CPU.Build.0 = Release|Any CPU
		{0043F310-BF6D-4092-9AD0-8CEBB2189C07}.Ad-Hoc|ARM.ActiveCfg = Release|Any CPU
		{0043F310-BF6D-4092-9AD0-8CEBB2189C07}.Ad-Hoc|ARM.Build.0 = Release|Any CPU
		{0043F310-BF6D-4092-9AD0-8CEBB2189C07}.Ad-Hoc|iPhone.ActiveCfg = Release|Any CPU
		{0043F310-BF6D-4092-9AD0-8CEBB2189C07}.Ad-Hoc|iPhone.Build.0 = Release|Any CPU
		{0043F310-BF6D-4092-9AD0-8CEBB2189C07}.Ad-Hoc|iPhoneSimulator.ActiveCfg = Release|Any CPU
		{0043F310-BF6D-4092-9AD0-8CEBB2189C07}.Ad-Hoc|iPhoneSimulator.Build.0 = Release|Any CPU
		{0043F310-BF6D-4092-9AD0-8CEBB2189C07}.Ad-Hoc|x64.ActiveCfg = Release|Any CPU
		{0043F310-BF6D-4092-9AD0-8CEBB2189C07}.Ad-Hoc|x64.Build.0 = Release|Any CPU
		{0043F310-BF6D-4092-9AD0-8CEBB2189C07}.Ad-Hoc|x86.ActiveCfg = Release|Any CPU
		{0043F310-BF6D-4092-9AD0-8CEBB2189C07}.Ad-Hoc|x86.Build.0 = Release|Any CPU
		{0043F310-BF6D-4092-9AD0-8CEBB2189C07}.AppStore|Any CPU.ActiveCfg = Release|Any CPU
		{0043F310-BF6D-4092-9AD0-8CEBB2189C07}.AppStore|Any CPU.Build.0 = Release|Any CPU
		{0043F310-BF6D-4092-9AD0-8CEBB2189C07}.AppStore|ARM.ActiveCfg = Release|Any CPU
		{0043F310-BF6D-4092-9AD0-8CEBB2189C07}.AppStore|ARM.Build.0 = Release|Any CPU
		{0043F310-BF6D-4092-9AD0-8CEBB2189C07}.AppStore|iPhone.ActiveCfg = Release|Any CPU
		{0043F310-BF6D-4092-9AD0-8CEBB2189C07}.AppStore|iPhone.Build.0 = Release|Any CPU
		{0043F310-BF6D-4092-9AD0-8CEBB2189C07}.AppStore|iPhoneSimulator.ActiveCfg = Release|Any CPU
		{0043F310-BF6D-4092-9AD0-8CEBB2189C07}.AppStore|iPhoneSimulator.Build.0 = Release|Any CPU
		{0043F310-BF6D-4092-9AD0-8CEBB2189C07}.AppStore|x64.ActiveCfg = Release|Any CPU
		{0043F310-BF6D-4092-9AD0-8CEBB2189C07}.AppStore|x64.Build.0 = Release|Any CPU
		{0043F310-BF6D-4092-9AD0-8CEBB2189C07}.AppStore|x86.ActiveCfg = Release|Any CPU
		{0043F310-BF6D-4092-9AD0-8CEBB2189C07}.AppStore|x86.Build.0 = Release|Any CPU
		{0043F310-BF6D-4092-9AD0-8CEBB2189C07}.Debug|Any CPU.ActiveCfg = Debug|Any CPU
		{0043F310-BF6D-4092-9AD0-8CEBB2189C07}.Debug|Any CPU.Build.0 = Debug|Any CPU
		{0043F310-BF6D-4092-9AD0-8CEBB2189C07}.Debug|ARM.ActiveCfg = Debug|Any CPU
		{0043F310-BF6D-4092-9AD0-8CEBB2189C07}.Debug|ARM.Build.0 = Debug|Any CPU
		{0043F310-BF6D-4092-9AD0-8CEBB2189C07}.Debug|iPhone.ActiveCfg = Debug|Any CPU
		{0043F310-BF6D-4092-9AD0-8CEBB2189C07}.Debug|iPhone.Build.0 = Debug|Any CPU
		{0043F310-BF6D-4092-9AD0-8CEBB2189C07}.Debug|iPhoneSimulator.ActiveCfg = Debug|Any CPU
		{0043F310-BF6D-4092-9AD0-8CEBB2189C07}.Debug|iPhoneSimulator.Build.0 = Debug|Any CPU
		{0043F310-BF6D-4092-9AD0-8CEBB2189C07}.Debug|x64.ActiveCfg = Debug|Any CPU
		{0043F310-BF6D-4092-9AD0-8CEBB2189C07}.Debug|x64.Build.0 = Debug|Any CPU
		{0043F310-BF6D-4092-9AD0-8CEBB2189C07}.Debug|x86.ActiveCfg = Debug|Any CPU
		{0043F310-BF6D-4092-9AD0-8CEBB2189C07}.Debug|x86.Build.0 = Debug|Any CPU
		{0043F310-BF6D-4092-9AD0-8CEBB2189C07}.Release|Any CPU.ActiveCfg = Release|Any CPU
		{0043F310-BF6D-4092-9AD0-8CEBB2189C07}.Release|Any CPU.Build.0 = Release|Any CPU
		{0043F310-BF6D-4092-9AD0-8CEBB2189C07}.Release|ARM.ActiveCfg = Release|Any CPU
		{0043F310-BF6D-4092-9AD0-8CEBB2189C07}.Release|ARM.Build.0 = Release|Any CPU
		{0043F310-BF6D-4092-9AD0-8CEBB2189C07}.Release|iPhone.ActiveCfg = Release|Any CPU
		{0043F310-BF6D-4092-9AD0-8CEBB2189C07}.Release|iPhone.Build.0 = Release|Any CPU
		{0043F310-BF6D-4092-9AD0-8CEBB2189C07}.Release|iPhoneSimulator.ActiveCfg = Release|Any CPU
		{0043F310-BF6D-4092-9AD0-8CEBB2189C07}.Release|iPhoneSimulator.Build.0 = Release|Any CPU
		{0043F310-BF6D-4092-9AD0-8CEBB2189C07}.Release|x64.ActiveCfg = Release|Any CPU
		{0043F310-BF6D-4092-9AD0-8CEBB2189C07}.Release|x64.Build.0 = Release|Any CPU
		{0043F310-BF6D-4092-9AD0-8CEBB2189C07}.Release|x86.ActiveCfg = Release|Any CPU
		{0043F310-BF6D-4092-9AD0-8CEBB2189C07}.Release|x86.Build.0 = Release|Any CPU
		{FCE2029A-E183-473A-A6E7-7FD03011A9C2}.Ad-Hoc|Any CPU.ActiveCfg = Release|Any CPU
		{FCE2029A-E183-473A-A6E7-7FD03011A9C2}.Ad-Hoc|Any CPU.Build.0 = Release|Any CPU
		{FCE2029A-E183-473A-A6E7-7FD03011A9C2}.Ad-Hoc|ARM.ActiveCfg = Release|Any CPU
		{FCE2029A-E183-473A-A6E7-7FD03011A9C2}.Ad-Hoc|ARM.Build.0 = Release|Any CPU
		{FCE2029A-E183-473A-A6E7-7FD03011A9C2}.Ad-Hoc|iPhone.ActiveCfg = Release|Any CPU
		{FCE2029A-E183-473A-A6E7-7FD03011A9C2}.Ad-Hoc|iPhone.Build.0 = Release|Any CPU
		{FCE2029A-E183-473A-A6E7-7FD03011A9C2}.Ad-Hoc|iPhoneSimulator.ActiveCfg = Release|Any CPU
		{FCE2029A-E183-473A-A6E7-7FD03011A9C2}.Ad-Hoc|iPhoneSimulator.Build.0 = Release|Any CPU
		{FCE2029A-E183-473A-A6E7-7FD03011A9C2}.Ad-Hoc|x64.ActiveCfg = Release|Any CPU
		{FCE2029A-E183-473A-A6E7-7FD03011A9C2}.Ad-Hoc|x64.Build.0 = Release|Any CPU
		{FCE2029A-E183-473A-A6E7-7FD03011A9C2}.Ad-Hoc|x86.ActiveCfg = Release|Any CPU
		{FCE2029A-E183-473A-A6E7-7FD03011A9C2}.Ad-Hoc|x86.Build.0 = Release|Any CPU
		{FCE2029A-E183-473A-A6E7-7FD03011A9C2}.AppStore|Any CPU.ActiveCfg = Release|Any CPU
		{FCE2029A-E183-473A-A6E7-7FD03011A9C2}.AppStore|Any CPU.Build.0 = Release|Any CPU
		{FCE2029A-E183-473A-A6E7-7FD03011A9C2}.AppStore|ARM.ActiveCfg = Release|Any CPU
		{FCE2029A-E183-473A-A6E7-7FD03011A9C2}.AppStore|ARM.Build.0 = Release|Any CPU
		{FCE2029A-E183-473A-A6E7-7FD03011A9C2}.AppStore|iPhone.ActiveCfg = Release|Any CPU
		{FCE2029A-E183-473A-A6E7-7FD03011A9C2}.AppStore|iPhone.Build.0 = Release|Any CPU
		{FCE2029A-E183-473A-A6E7-7FD03011A9C2}.AppStore|iPhoneSimulator.ActiveCfg = Release|Any CPU
		{FCE2029A-E183-473A-A6E7-7FD03011A9C2}.AppStore|iPhoneSimulator.Build.0 = Release|Any CPU
		{FCE2029A-E183-473A-A6E7-7FD03011A9C2}.AppStore|x64.ActiveCfg = Release|Any CPU
		{FCE2029A-E183-473A-A6E7-7FD03011A9C2}.AppStore|x64.Build.0 = Release|Any CPU
		{FCE2029A-E183-473A-A6E7-7FD03011A9C2}.AppStore|x86.ActiveCfg = Release|Any CPU
		{FCE2029A-E183-473A-A6E7-7FD03011A9C2}.AppStore|x86.Build.0 = Release|Any CPU
		{FCE2029A-E183-473A-A6E7-7FD03011A9C2}.Debug|Any CPU.ActiveCfg = Debug|Any CPU
		{FCE2029A-E183-473A-A6E7-7FD03011A9C2}.Debug|Any CPU.Build.0 = Debug|Any CPU
		{FCE2029A-E183-473A-A6E7-7FD03011A9C2}.Debug|ARM.ActiveCfg = Debug|Any CPU
		{FCE2029A-E183-473A-A6E7-7FD03011A9C2}.Debug|ARM.Build.0 = Debug|Any CPU
		{FCE2029A-E183-473A-A6E7-7FD03011A9C2}.Debug|iPhone.ActiveCfg = Debug|Any CPU
		{FCE2029A-E183-473A-A6E7-7FD03011A9C2}.Debug|iPhone.Build.0 = Debug|Any CPU
		{FCE2029A-E183-473A-A6E7-7FD03011A9C2}.Debug|iPhoneSimulator.ActiveCfg = Debug|Any CPU
		{FCE2029A-E183-473A-A6E7-7FD03011A9C2}.Debug|iPhoneSimulator.Build.0 = Debug|Any CPU
		{FCE2029A-E183-473A-A6E7-7FD03011A9C2}.Debug|x64.ActiveCfg = Debug|Any CPU
		{FCE2029A-E183-473A-A6E7-7FD03011A9C2}.Debug|x64.Build.0 = Debug|Any CPU
		{FCE2029A-E183-473A-A6E7-7FD03011A9C2}.Debug|x86.ActiveCfg = Debug|Any CPU
		{FCE2029A-E183-473A-A6E7-7FD03011A9C2}.Debug|x86.Build.0 = Debug|Any CPU
		{FCE2029A-E183-473A-A6E7-7FD03011A9C2}.Release|Any CPU.ActiveCfg = Release|Any CPU
		{FCE2029A-E183-473A-A6E7-7FD03011A9C2}.Release|Any CPU.Build.0 = Release|Any CPU
		{FCE2029A-E183-473A-A6E7-7FD03011A9C2}.Release|ARM.ActiveCfg = Release|Any CPU
		{FCE2029A-E183-473A-A6E7-7FD03011A9C2}.Release|ARM.Build.0 = Release|Any CPU
		{FCE2029A-E183-473A-A6E7-7FD03011A9C2}.Release|iPhone.ActiveCfg = Release|Any CPU
		{FCE2029A-E183-473A-A6E7-7FD03011A9C2}.Release|iPhone.Build.0 = Release|Any CPU
		{FCE2029A-E183-473A-A6E7-7FD03011A9C2}.Release|iPhoneSimulator.ActiveCfg = Release|Any CPU
		{FCE2029A-E183-473A-A6E7-7FD03011A9C2}.Release|iPhoneSimulator.Build.0 = Release|Any CPU
		{FCE2029A-E183-473A-A6E7-7FD03011A9C2}.Release|x64.ActiveCfg = Release|Any CPU
		{FCE2029A-E183-473A-A6E7-7FD03011A9C2}.Release|x64.Build.0 = Release|Any CPU
		{FCE2029A-E183-473A-A6E7-7FD03011A9C2}.Release|x86.ActiveCfg = Release|Any CPU
		{FCE2029A-E183-473A-A6E7-7FD03011A9C2}.Release|x86.Build.0 = Release|Any CPU
		{05A0FA18-0E59-471E-B4A3-02A1459A08D3}.Ad-Hoc|Any CPU.ActiveCfg = Release|Any CPU
		{05A0FA18-0E59-471E-B4A3-02A1459A08D3}.Ad-Hoc|Any CPU.Build.0 = Release|Any CPU
		{05A0FA18-0E59-471E-B4A3-02A1459A08D3}.Ad-Hoc|ARM.ActiveCfg = Release|Any CPU
		{05A0FA18-0E59-471E-B4A3-02A1459A08D3}.Ad-Hoc|ARM.Build.0 = Release|Any CPU
		{05A0FA18-0E59-471E-B4A3-02A1459A08D3}.Ad-Hoc|iPhone.ActiveCfg = Release|Any CPU
		{05A0FA18-0E59-471E-B4A3-02A1459A08D3}.Ad-Hoc|iPhone.Build.0 = Release|Any CPU
		{05A0FA18-0E59-471E-B4A3-02A1459A08D3}.Ad-Hoc|iPhoneSimulator.ActiveCfg = Release|Any CPU
		{05A0FA18-0E59-471E-B4A3-02A1459A08D3}.Ad-Hoc|iPhoneSimulator.Build.0 = Release|Any CPU
		{05A0FA18-0E59-471E-B4A3-02A1459A08D3}.Ad-Hoc|x64.ActiveCfg = Release|Any CPU
		{05A0FA18-0E59-471E-B4A3-02A1459A08D3}.Ad-Hoc|x64.Build.0 = Release|Any CPU
		{05A0FA18-0E59-471E-B4A3-02A1459A08D3}.Ad-Hoc|x86.ActiveCfg = Release|Any CPU
		{05A0FA18-0E59-471E-B4A3-02A1459A08D3}.Ad-Hoc|x86.Build.0 = Release|Any CPU
		{05A0FA18-0E59-471E-B4A3-02A1459A08D3}.AppStore|Any CPU.ActiveCfg = Release|Any CPU
		{05A0FA18-0E59-471E-B4A3-02A1459A08D3}.AppStore|Any CPU.Build.0 = Release|Any CPU
		{05A0FA18-0E59-471E-B4A3-02A1459A08D3}.AppStore|ARM.ActiveCfg = Release|Any CPU
		{05A0FA18-0E59-471E-B4A3-02A1459A08D3}.AppStore|ARM.Build.0 = Release|Any CPU
		{05A0FA18-0E59-471E-B4A3-02A1459A08D3}.AppStore|iPhone.ActiveCfg = Release|Any CPU
		{05A0FA18-0E59-471E-B4A3-02A1459A08D3}.AppStore|iPhone.Build.0 = Release|Any CPU
		{05A0FA18-0E59-471E-B4A3-02A1459A08D3}.AppStore|iPhoneSimulator.ActiveCfg = Release|Any CPU
		{05A0FA18-0E59-471E-B4A3-02A1459A08D3}.AppStore|iPhoneSimulator.Build.0 = Release|Any CPU
		{05A0FA18-0E59-471E-B4A3-02A1459A08D3}.AppStore|x64.ActiveCfg = Release|Any CPU
		{05A0FA18-0E59-471E-B4A3-02A1459A08D3}.AppStore|x64.Build.0 = Release|Any CPU
		{05A0FA18-0E59-471E-B4A3-02A1459A08D3}.AppStore|x86.ActiveCfg = Release|Any CPU
		{05A0FA18-0E59-471E-B4A3-02A1459A08D3}.AppStore|x86.Build.0 = Release|Any CPU
		{05A0FA18-0E59-471E-B4A3-02A1459A08D3}.Debug|Any CPU.ActiveCfg = Debug|Any CPU
		{05A0FA18-0E59-471E-B4A3-02A1459A08D3}.Debug|Any CPU.Build.0 = Debug|Any CPU
		{05A0FA18-0E59-471E-B4A3-02A1459A08D3}.Debug|ARM.ActiveCfg = Debug|Any CPU
		{05A0FA18-0E59-471E-B4A3-02A1459A08D3}.Debug|ARM.Build.0 = Debug|Any CPU
		{05A0FA18-0E59-471E-B4A3-02A1459A08D3}.Debug|iPhone.ActiveCfg = Debug|Any CPU
		{05A0FA18-0E59-471E-B4A3-02A1459A08D3}.Debug|iPhone.Build.0 = Debug|Any CPU
		{05A0FA18-0E59-471E-B4A3-02A1459A08D3}.Debug|iPhoneSimulator.ActiveCfg = Debug|Any CPU
		{05A0FA18-0E59-471E-B4A3-02A1459A08D3}.Debug|iPhoneSimulator.Build.0 = Debug|Any CPU
		{05A0FA18-0E59-471E-B4A3-02A1459A08D3}.Debug|x64.ActiveCfg = Debug|Any CPU
		{05A0FA18-0E59-471E-B4A3-02A1459A08D3}.Debug|x64.Build.0 = Debug|Any CPU
		{05A0FA18-0E59-471E-B4A3-02A1459A08D3}.Debug|x86.ActiveCfg = Debug|Any CPU
		{05A0FA18-0E59-471E-B4A3-02A1459A08D3}.Debug|x86.Build.0 = Debug|Any CPU
		{05A0FA18-0E59-471E-B4A3-02A1459A08D3}.Release|Any CPU.ActiveCfg = Release|Any CPU
		{05A0FA18-0E59-471E-B4A3-02A1459A08D3}.Release|Any CPU.Build.0 = Release|Any CPU
		{05A0FA18-0E59-471E-B4A3-02A1459A08D3}.Release|ARM.ActiveCfg = Release|Any CPU
		{05A0FA18-0E59-471E-B4A3-02A1459A08D3}.Release|ARM.Build.0 = Release|Any CPU
		{05A0FA18-0E59-471E-B4A3-02A1459A08D3}.Release|iPhone.ActiveCfg = Release|Any CPU
		{05A0FA18-0E59-471E-B4A3-02A1459A08D3}.Release|iPhone.Build.0 = Release|Any CPU
		{05A0FA18-0E59-471E-B4A3-02A1459A08D3}.Release|iPhoneSimulator.ActiveCfg = Release|Any CPU
		{05A0FA18-0E59-471E-B4A3-02A1459A08D3}.Release|iPhoneSimulator.Build.0 = Release|Any CPU
		{05A0FA18-0E59-471E-B4A3-02A1459A08D3}.Release|x64.ActiveCfg = Release|Any CPU
		{05A0FA18-0E59-471E-B4A3-02A1459A08D3}.Release|x64.Build.0 = Release|Any CPU
		{05A0FA18-0E59-471E-B4A3-02A1459A08D3}.Release|x86.ActiveCfg = Release|Any CPU
		{05A0FA18-0E59-471E-B4A3-02A1459A08D3}.Release|x86.Build.0 = Release|Any CPU
		{2A3AACF2-1372-48C9-89C1-6473AD9D2A25}.Ad-Hoc|Any CPU.ActiveCfg = Release|Any CPU
		{2A3AACF2-1372-48C9-89C1-6473AD9D2A25}.Ad-Hoc|Any CPU.Build.0 = Release|Any CPU
		{2A3AACF2-1372-48C9-89C1-6473AD9D2A25}.Ad-Hoc|ARM.ActiveCfg = Release|Any CPU
		{2A3AACF2-1372-48C9-89C1-6473AD9D2A25}.Ad-Hoc|ARM.Build.0 = Release|Any CPU
		{2A3AACF2-1372-48C9-89C1-6473AD9D2A25}.Ad-Hoc|iPhone.ActiveCfg = Release|Any CPU
		{2A3AACF2-1372-48C9-89C1-6473AD9D2A25}.Ad-Hoc|iPhone.Build.0 = Release|Any CPU
		{2A3AACF2-1372-48C9-89C1-6473AD9D2A25}.Ad-Hoc|iPhoneSimulator.ActiveCfg = Release|Any CPU
		{2A3AACF2-1372-48C9-89C1-6473AD9D2A25}.Ad-Hoc|iPhoneSimulator.Build.0 = Release|Any CPU
		{2A3AACF2-1372-48C9-89C1-6473AD9D2A25}.Ad-Hoc|x64.ActiveCfg = Release|Any CPU
		{2A3AACF2-1372-48C9-89C1-6473AD9D2A25}.Ad-Hoc|x64.Build.0 = Release|Any CPU
		{2A3AACF2-1372-48C9-89C1-6473AD9D2A25}.Ad-Hoc|x86.ActiveCfg = Release|Any CPU
		{2A3AACF2-1372-48C9-89C1-6473AD9D2A25}.Ad-Hoc|x86.Build.0 = Release|Any CPU
		{2A3AACF2-1372-48C9-89C1-6473AD9D2A25}.AppStore|Any CPU.ActiveCfg = Release|Any CPU
		{2A3AACF2-1372-48C9-89C1-6473AD9D2A25}.AppStore|Any CPU.Build.0 = Release|Any CPU
		{2A3AACF2-1372-48C9-89C1-6473AD9D2A25}.AppStore|ARM.ActiveCfg = Release|Any CPU
		{2A3AACF2-1372-48C9-89C1-6473AD9D2A25}.AppStore|ARM.Build.0 = Release|Any CPU
		{2A3AACF2-1372-48C9-89C1-6473AD9D2A25}.AppStore|iPhone.ActiveCfg = Release|Any CPU
		{2A3AACF2-1372-48C9-89C1-6473AD9D2A25}.AppStore|iPhone.Build.0 = Release|Any CPU
		{2A3AACF2-1372-48C9-89C1-6473AD9D2A25}.AppStore|iPhoneSimulator.ActiveCfg = Release|Any CPU
		{2A3AACF2-1372-48C9-89C1-6473AD9D2A25}.AppStore|iPhoneSimulator.Build.0 = Release|Any CPU
		{2A3AACF2-1372-48C9-89C1-6473AD9D2A25}.AppStore|x64.ActiveCfg = Release|Any CPU
		{2A3AACF2-1372-48C9-89C1-6473AD9D2A25}.AppStore|x64.Build.0 = Release|Any CPU
		{2A3AACF2-1372-48C9-89C1-6473AD9D2A25}.AppStore|x86.ActiveCfg = Release|Any CPU
		{2A3AACF2-1372-48C9-89C1-6473AD9D2A25}.AppStore|x86.Build.0 = Release|Any CPU
		{2A3AACF2-1372-48C9-89C1-6473AD9D2A25}.Debug|Any CPU.ActiveCfg = Debug|Any CPU
		{2A3AACF2-1372-48C9-89C1-6473AD9D2A25}.Debug|Any CPU.Build.0 = Debug|Any CPU
		{2A3AACF2-1372-48C9-89C1-6473AD9D2A25}.Debug|ARM.ActiveCfg = Debug|Any CPU
		{2A3AACF2-1372-48C9-89C1-6473AD9D2A25}.Debug|ARM.Build.0 = Debug|Any CPU
		{2A3AACF2-1372-48C9-89C1-6473AD9D2A25}.Debug|iPhone.ActiveCfg = Debug|Any CPU
		{2A3AACF2-1372-48C9-89C1-6473AD9D2A25}.Debug|iPhone.Build.0 = Debug|Any CPU
		{2A3AACF2-1372-48C9-89C1-6473AD9D2A25}.Debug|iPhoneSimulator.ActiveCfg = Debug|Any CPU
		{2A3AACF2-1372-48C9-89C1-6473AD9D2A25}.Debug|iPhoneSimulator.Build.0 = Debug|Any CPU
		{2A3AACF2-1372-48C9-89C1-6473AD9D2A25}.Debug|x64.ActiveCfg = Debug|Any CPU
		{2A3AACF2-1372-48C9-89C1-6473AD9D2A25}.Debug|x64.Build.0 = Debug|Any CPU
		{2A3AACF2-1372-48C9-89C1-6473AD9D2A25}.Debug|x86.ActiveCfg = Debug|Any CPU
		{2A3AACF2-1372-48C9-89C1-6473AD9D2A25}.Debug|x86.Build.0 = Debug|Any CPU
		{2A3AACF2-1372-48C9-89C1-6473AD9D2A25}.Release|Any CPU.ActiveCfg = Release|Any CPU
		{2A3AACF2-1372-48C9-89C1-6473AD9D2A25}.Release|Any CPU.Build.0 = Release|Any CPU
		{2A3AACF2-1372-48C9-89C1-6473AD9D2A25}.Release|ARM.ActiveCfg = Release|Any CPU
		{2A3AACF2-1372-48C9-89C1-6473AD9D2A25}.Release|ARM.Build.0 = Release|Any CPU
		{2A3AACF2-1372-48C9-89C1-6473AD9D2A25}.Release|iPhone.ActiveCfg = Release|Any CPU
		{2A3AACF2-1372-48C9-89C1-6473AD9D2A25}.Release|iPhone.Build.0 = Release|Any CPU
		{2A3AACF2-1372-48C9-89C1-6473AD9D2A25}.Release|iPhoneSimulator.ActiveCfg = Release|Any CPU
		{2A3AACF2-1372-48C9-89C1-6473AD9D2A25}.Release|iPhoneSimulator.Build.0 = Release|Any CPU
		{2A3AACF2-1372-48C9-89C1-6473AD9D2A25}.Release|x64.ActiveCfg = Release|Any CPU
		{2A3AACF2-1372-48C9-89C1-6473AD9D2A25}.Release|x64.Build.0 = Release|Any CPU
		{2A3AACF2-1372-48C9-89C1-6473AD9D2A25}.Release|x86.ActiveCfg = Release|Any CPU
		{2A3AACF2-1372-48C9-89C1-6473AD9D2A25}.Release|x86.Build.0 = Release|Any CPU
		{AD7C8CB8-8308-401C-BABC-A859272B81D0}.Ad-Hoc|Any CPU.ActiveCfg = Release|x64
		{AD7C8CB8-8308-401C-BABC-A859272B81D0}.Ad-Hoc|Any CPU.Build.0 = Release|x64
		{AD7C8CB8-8308-401C-BABC-A859272B81D0}.Ad-Hoc|Any CPU.Deploy.0 = Release|x64
		{AD7C8CB8-8308-401C-BABC-A859272B81D0}.Ad-Hoc|ARM.ActiveCfg = Release|ARM
		{AD7C8CB8-8308-401C-BABC-A859272B81D0}.Ad-Hoc|ARM.Build.0 = Release|ARM
		{AD7C8CB8-8308-401C-BABC-A859272B81D0}.Ad-Hoc|ARM.Deploy.0 = Release|ARM
		{AD7C8CB8-8308-401C-BABC-A859272B81D0}.Ad-Hoc|iPhone.ActiveCfg = Release|x64
		{AD7C8CB8-8308-401C-BABC-A859272B81D0}.Ad-Hoc|iPhone.Build.0 = Release|x64
		{AD7C8CB8-8308-401C-BABC-A859272B81D0}.Ad-Hoc|iPhone.Deploy.0 = Release|x64
		{AD7C8CB8-8308-401C-BABC-A859272B81D0}.Ad-Hoc|iPhoneSimulator.ActiveCfg = Release|x64
		{AD7C8CB8-8308-401C-BABC-A859272B81D0}.Ad-Hoc|iPhoneSimulator.Build.0 = Release|x64
		{AD7C8CB8-8308-401C-BABC-A859272B81D0}.Ad-Hoc|iPhoneSimulator.Deploy.0 = Release|x64
		{AD7C8CB8-8308-401C-BABC-A859272B81D0}.Ad-Hoc|x64.ActiveCfg = Release|x64
		{AD7C8CB8-8308-401C-BABC-A859272B81D0}.Ad-Hoc|x64.Build.0 = Release|x64
		{AD7C8CB8-8308-401C-BABC-A859272B81D0}.Ad-Hoc|x64.Deploy.0 = Release|x64
		{AD7C8CB8-8308-401C-BABC-A859272B81D0}.Ad-Hoc|x86.ActiveCfg = Release|x86
		{AD7C8CB8-8308-401C-BABC-A859272B81D0}.Ad-Hoc|x86.Build.0 = Release|x86
		{AD7C8CB8-8308-401C-BABC-A859272B81D0}.Ad-Hoc|x86.Deploy.0 = Release|x86
		{AD7C8CB8-8308-401C-BABC-A859272B81D0}.AppStore|Any CPU.ActiveCfg = Release|x64
		{AD7C8CB8-8308-401C-BABC-A859272B81D0}.AppStore|Any CPU.Build.0 = Release|x64
		{AD7C8CB8-8308-401C-BABC-A859272B81D0}.AppStore|Any CPU.Deploy.0 = Release|x64
		{AD7C8CB8-8308-401C-BABC-A859272B81D0}.AppStore|ARM.ActiveCfg = Release|ARM
		{AD7C8CB8-8308-401C-BABC-A859272B81D0}.AppStore|ARM.Build.0 = Release|ARM
		{AD7C8CB8-8308-401C-BABC-A859272B81D0}.AppStore|ARM.Deploy.0 = Release|ARM
		{AD7C8CB8-8308-401C-BABC-A859272B81D0}.AppStore|iPhone.ActiveCfg = Release|x64
		{AD7C8CB8-8308-401C-BABC-A859272B81D0}.AppStore|iPhone.Build.0 = Release|x64
		{AD7C8CB8-8308-401C-BABC-A859272B81D0}.AppStore|iPhone.Deploy.0 = Release|x64
		{AD7C8CB8-8308-401C-BABC-A859272B81D0}.AppStore|iPhoneSimulator.ActiveCfg = Release|x64
		{AD7C8CB8-8308-401C-BABC-A859272B81D0}.AppStore|iPhoneSimulator.Build.0 = Release|x64
		{AD7C8CB8-8308-401C-BABC-A859272B81D0}.AppStore|iPhoneSimulator.Deploy.0 = Release|x64
		{AD7C8CB8-8308-401C-BABC-A859272B81D0}.AppStore|x64.ActiveCfg = Release|x64
		{AD7C8CB8-8308-401C-BABC-A859272B81D0}.AppStore|x64.Build.0 = Release|x64
		{AD7C8CB8-8308-401C-BABC-A859272B81D0}.AppStore|x64.Deploy.0 = Release|x64
		{AD7C8CB8-8308-401C-BABC-A859272B81D0}.AppStore|x86.ActiveCfg = Release|x86
		{AD7C8CB8-8308-401C-BABC-A859272B81D0}.AppStore|x86.Build.0 = Release|x86
		{AD7C8CB8-8308-401C-BABC-A859272B81D0}.AppStore|x86.Deploy.0 = Release|x86
		{AD7C8CB8-8308-401C-BABC-A859272B81D0}.Debug|Any CPU.ActiveCfg = Debug|x86
		{AD7C8CB8-8308-401C-BABC-A859272B81D0}.Debug|ARM.ActiveCfg = Debug|ARM
		{AD7C8CB8-8308-401C-BABC-A859272B81D0}.Debug|ARM.Build.0 = Debug|ARM
		{AD7C8CB8-8308-401C-BABC-A859272B81D0}.Debug|ARM.Deploy.0 = Debug|ARM
		{AD7C8CB8-8308-401C-BABC-A859272B81D0}.Debug|iPhone.ActiveCfg = Debug|x86
		{AD7C8CB8-8308-401C-BABC-A859272B81D0}.Debug|iPhoneSimulator.ActiveCfg = Debug|x86
		{AD7C8CB8-8308-401C-BABC-A859272B81D0}.Debug|x64.ActiveCfg = Debug|x64
		{AD7C8CB8-8308-401C-BABC-A859272B81D0}.Debug|x64.Build.0 = Debug|x64
		{AD7C8CB8-8308-401C-BABC-A859272B81D0}.Debug|x64.Deploy.0 = Debug|x64
		{AD7C8CB8-8308-401C-BABC-A859272B81D0}.Debug|x86.ActiveCfg = Debug|x86
		{AD7C8CB8-8308-401C-BABC-A859272B81D0}.Debug|x86.Build.0 = Debug|x86
		{AD7C8CB8-8308-401C-BABC-A859272B81D0}.Debug|x86.Deploy.0 = Debug|x86
		{AD7C8CB8-8308-401C-BABC-A859272B81D0}.Release|Any CPU.ActiveCfg = Release|x86
		{AD7C8CB8-8308-401C-BABC-A859272B81D0}.Release|ARM.ActiveCfg = Release|ARM
		{AD7C8CB8-8308-401C-BABC-A859272B81D0}.Release|ARM.Build.0 = Release|ARM
		{AD7C8CB8-8308-401C-BABC-A859272B81D0}.Release|ARM.Deploy.0 = Release|ARM
		{AD7C8CB8-8308-401C-BABC-A859272B81D0}.Release|iPhone.ActiveCfg = Release|x86
		{AD7C8CB8-8308-401C-BABC-A859272B81D0}.Release|iPhoneSimulator.ActiveCfg = Release|x86
		{AD7C8CB8-8308-401C-BABC-A859272B81D0}.Release|x64.ActiveCfg = Release|x64
		{AD7C8CB8-8308-401C-BABC-A859272B81D0}.Release|x64.Build.0 = Release|x64
		{AD7C8CB8-8308-401C-BABC-A859272B81D0}.Release|x64.Deploy.0 = Release|x64
		{AD7C8CB8-8308-401C-BABC-A859272B81D0}.Release|x86.ActiveCfg = Release|x86
		{AD7C8CB8-8308-401C-BABC-A859272B81D0}.Release|x86.Build.0 = Release|x86
		{AD7C8CB8-8308-401C-BABC-A859272B81D0}.Release|x86.Deploy.0 = Release|x86
		{4FF0E874-ADB4-4AE5-B059-DD6116C4A370}.Ad-Hoc|Any CPU.ActiveCfg = Release|Any CPU
		{4FF0E874-ADB4-4AE5-B059-DD6116C4A370}.Ad-Hoc|Any CPU.Build.0 = Release|Any CPU
		{4FF0E874-ADB4-4AE5-B059-DD6116C4A370}.Ad-Hoc|ARM.ActiveCfg = Release|Any CPU
		{4FF0E874-ADB4-4AE5-B059-DD6116C4A370}.Ad-Hoc|ARM.Build.0 = Release|Any CPU
		{4FF0E874-ADB4-4AE5-B059-DD6116C4A370}.Ad-Hoc|iPhone.ActiveCfg = Release|Any CPU
		{4FF0E874-ADB4-4AE5-B059-DD6116C4A370}.Ad-Hoc|iPhone.Build.0 = Release|Any CPU
		{4FF0E874-ADB4-4AE5-B059-DD6116C4A370}.Ad-Hoc|iPhoneSimulator.ActiveCfg = Release|Any CPU
		{4FF0E874-ADB4-4AE5-B059-DD6116C4A370}.Ad-Hoc|iPhoneSimulator.Build.0 = Release|Any CPU
		{4FF0E874-ADB4-4AE5-B059-DD6116C4A370}.Ad-Hoc|x64.ActiveCfg = Release|x64
		{4FF0E874-ADB4-4AE5-B059-DD6116C4A370}.Ad-Hoc|x64.Build.0 = Release|x64
		{4FF0E874-ADB4-4AE5-B059-DD6116C4A370}.Ad-Hoc|x86.ActiveCfg = Release|x86
		{4FF0E874-ADB4-4AE5-B059-DD6116C4A370}.Ad-Hoc|x86.Build.0 = Release|x86
		{4FF0E874-ADB4-4AE5-B059-DD6116C4A370}.AppStore|Any CPU.ActiveCfg = Release|Any CPU
		{4FF0E874-ADB4-4AE5-B059-DD6116C4A370}.AppStore|Any CPU.Build.0 = Release|Any CPU
		{4FF0E874-ADB4-4AE5-B059-DD6116C4A370}.AppStore|ARM.ActiveCfg = Release|Any CPU
		{4FF0E874-ADB4-4AE5-B059-DD6116C4A370}.AppStore|ARM.Build.0 = Release|Any CPU
		{4FF0E874-ADB4-4AE5-B059-DD6116C4A370}.AppStore|iPhone.ActiveCfg = Release|Any CPU
		{4FF0E874-ADB4-4AE5-B059-DD6116C4A370}.AppStore|iPhone.Build.0 = Release|Any CPU
		{4FF0E874-ADB4-4AE5-B059-DD6116C4A370}.AppStore|iPhoneSimulator.ActiveCfg = Release|Any CPU
		{4FF0E874-ADB4-4AE5-B059-DD6116C4A370}.AppStore|iPhoneSimulator.Build.0 = Release|Any CPU
		{4FF0E874-ADB4-4AE5-B059-DD6116C4A370}.AppStore|x64.ActiveCfg = Release|x64
		{4FF0E874-ADB4-4AE5-B059-DD6116C4A370}.AppStore|x64.Build.0 = Release|x64
		{4FF0E874-ADB4-4AE5-B059-DD6116C4A370}.AppStore|x86.ActiveCfg = Release|x86
		{4FF0E874-ADB4-4AE5-B059-DD6116C4A370}.AppStore|x86.Build.0 = Release|x86
		{4FF0E874-ADB4-4AE5-B059-DD6116C4A370}.Debug|Any CPU.ActiveCfg = Debug|Any CPU
		{4FF0E874-ADB4-4AE5-B059-DD6116C4A370}.Debug|Any CPU.Build.0 = Debug|Any CPU
		{4FF0E874-ADB4-4AE5-B059-DD6116C4A370}.Debug|ARM.ActiveCfg = Debug|Any CPU
		{4FF0E874-ADB4-4AE5-B059-DD6116C4A370}.Debug|ARM.Build.0 = Debug|Any CPU
		{4FF0E874-ADB4-4AE5-B059-DD6116C4A370}.Debug|iPhone.ActiveCfg = Debug|Any CPU
		{4FF0E874-ADB4-4AE5-B059-DD6116C4A370}.Debug|iPhone.Build.0 = Debug|Any CPU
		{4FF0E874-ADB4-4AE5-B059-DD6116C4A370}.Debug|iPhoneSimulator.ActiveCfg = Debug|Any CPU
		{4FF0E874-ADB4-4AE5-B059-DD6116C4A370}.Debug|iPhoneSimulator.Build.0 = Debug|Any CPU
		{4FF0E874-ADB4-4AE5-B059-DD6116C4A370}.Debug|x64.ActiveCfg = Debug|x64
		{4FF0E874-ADB4-4AE5-B059-DD6116C4A370}.Debug|x64.Build.0 = Debug|x64
		{4FF0E874-ADB4-4AE5-B059-DD6116C4A370}.Debug|x86.ActiveCfg = Debug|x86
		{4FF0E874-ADB4-4AE5-B059-DD6116C4A370}.Debug|x86.Build.0 = Debug|x86
		{4FF0E874-ADB4-4AE5-B059-DD6116C4A370}.Release|Any CPU.ActiveCfg = Release|Any CPU
		{4FF0E874-ADB4-4AE5-B059-DD6116C4A370}.Release|Any CPU.Build.0 = Release|Any CPU
		{4FF0E874-ADB4-4AE5-B059-DD6116C4A370}.Release|ARM.ActiveCfg = Release|Any CPU
		{4FF0E874-ADB4-4AE5-B059-DD6116C4A370}.Release|ARM.Build.0 = Release|Any CPU
		{4FF0E874-ADB4-4AE5-B059-DD6116C4A370}.Release|iPhone.ActiveCfg = Release|Any CPU
		{4FF0E874-ADB4-4AE5-B059-DD6116C4A370}.Release|iPhone.Build.0 = Release|Any CPU
		{4FF0E874-ADB4-4AE5-B059-DD6116C4A370}.Release|iPhoneSimulator.ActiveCfg = Release|Any CPU
		{4FF0E874-ADB4-4AE5-B059-DD6116C4A370}.Release|iPhoneSimulator.Build.0 = Release|Any CPU
		{4FF0E874-ADB4-4AE5-B059-DD6116C4A370}.Release|x64.ActiveCfg = Release|x64
		{4FF0E874-ADB4-4AE5-B059-DD6116C4A370}.Release|x64.Build.0 = Release|x64
		{4FF0E874-ADB4-4AE5-B059-DD6116C4A370}.Release|x86.ActiveCfg = Release|x86
		{4FF0E874-ADB4-4AE5-B059-DD6116C4A370}.Release|x86.Build.0 = Release|x86
		{57E5CBE0-5878-441F-BB37-30FDFE873ABD}.Ad-Hoc|Any CPU.ActiveCfg = Release|Any CPU
		{57E5CBE0-5878-441F-BB37-30FDFE873ABD}.Ad-Hoc|Any CPU.Build.0 = Release|Any CPU
		{57E5CBE0-5878-441F-BB37-30FDFE873ABD}.Ad-Hoc|ARM.ActiveCfg = Release|Any CPU
		{57E5CBE0-5878-441F-BB37-30FDFE873ABD}.Ad-Hoc|ARM.Build.0 = Release|Any CPU
		{57E5CBE0-5878-441F-BB37-30FDFE873ABD}.Ad-Hoc|iPhone.ActiveCfg = Release|Any CPU
		{57E5CBE0-5878-441F-BB37-30FDFE873ABD}.Ad-Hoc|iPhone.Build.0 = Release|Any CPU
		{57E5CBE0-5878-441F-BB37-30FDFE873ABD}.Ad-Hoc|iPhoneSimulator.ActiveCfg = Release|Any CPU
		{57E5CBE0-5878-441F-BB37-30FDFE873ABD}.Ad-Hoc|iPhoneSimulator.Build.0 = Release|Any CPU
		{57E5CBE0-5878-441F-BB37-30FDFE873ABD}.Ad-Hoc|x64.ActiveCfg = Release|Any CPU
		{57E5CBE0-5878-441F-BB37-30FDFE873ABD}.Ad-Hoc|x64.Build.0 = Release|Any CPU
		{57E5CBE0-5878-441F-BB37-30FDFE873ABD}.Ad-Hoc|x86.ActiveCfg = Release|Any CPU
		{57E5CBE0-5878-441F-BB37-30FDFE873ABD}.Ad-Hoc|x86.Build.0 = Release|Any CPU
		{57E5CBE0-5878-441F-BB37-30FDFE873ABD}.AppStore|Any CPU.ActiveCfg = Release|Any CPU
		{57E5CBE0-5878-441F-BB37-30FDFE873ABD}.AppStore|Any CPU.Build.0 = Release|Any CPU
		{57E5CBE0-5878-441F-BB37-30FDFE873ABD}.AppStore|ARM.ActiveCfg = Release|Any CPU
		{57E5CBE0-5878-441F-BB37-30FDFE873ABD}.AppStore|ARM.Build.0 = Release|Any CPU
		{57E5CBE0-5878-441F-BB37-30FDFE873ABD}.AppStore|iPhone.ActiveCfg = Release|Any CPU
		{57E5CBE0-5878-441F-BB37-30FDFE873ABD}.AppStore|iPhone.Build.0 = Release|Any CPU
		{57E5CBE0-5878-441F-BB37-30FDFE873ABD}.AppStore|iPhoneSimulator.ActiveCfg = Release|Any CPU
		{57E5CBE0-5878-441F-BB37-30FDFE873ABD}.AppStore|iPhoneSimulator.Build.0 = Release|Any CPU
		{57E5CBE0-5878-441F-BB37-30FDFE873ABD}.AppStore|x64.ActiveCfg = Release|Any CPU
		{57E5CBE0-5878-441F-BB37-30FDFE873ABD}.AppStore|x64.Build.0 = Release|Any CPU
		{57E5CBE0-5878-441F-BB37-30FDFE873ABD}.AppStore|x86.ActiveCfg = Release|Any CPU
		{57E5CBE0-5878-441F-BB37-30FDFE873ABD}.AppStore|x86.Build.0 = Release|Any CPU
		{57E5CBE0-5878-441F-BB37-30FDFE873ABD}.Debug|Any CPU.ActiveCfg = Debug|Any CPU
		{57E5CBE0-5878-441F-BB37-30FDFE873ABD}.Debug|Any CPU.Build.0 = Debug|Any CPU
		{57E5CBE0-5878-441F-BB37-30FDFE873ABD}.Debug|ARM.ActiveCfg = Debug|Any CPU
		{57E5CBE0-5878-441F-BB37-30FDFE873ABD}.Debug|ARM.Build.0 = Debug|Any CPU
		{57E5CBE0-5878-441F-BB37-30FDFE873ABD}.Debug|iPhone.ActiveCfg = Debug|Any CPU
		{57E5CBE0-5878-441F-BB37-30FDFE873ABD}.Debug|iPhone.Build.0 = Debug|Any CPU
		{57E5CBE0-5878-441F-BB37-30FDFE873ABD}.Debug|iPhoneSimulator.ActiveCfg = Debug|Any CPU
		{57E5CBE0-5878-441F-BB37-30FDFE873ABD}.Debug|iPhoneSimulator.Build.0 = Debug|Any CPU
		{57E5CBE0-5878-441F-BB37-30FDFE873ABD}.Debug|x64.ActiveCfg = Debug|Any CPU
		{57E5CBE0-5878-441F-BB37-30FDFE873ABD}.Debug|x64.Build.0 = Debug|Any CPU
		{57E5CBE0-5878-441F-BB37-30FDFE873ABD}.Debug|x86.ActiveCfg = Debug|Any CPU
		{57E5CBE0-5878-441F-BB37-30FDFE873ABD}.Debug|x86.Build.0 = Debug|Any CPU
		{57E5CBE0-5878-441F-BB37-30FDFE873ABD}.Release|Any CPU.ActiveCfg = Release|Any CPU
		{57E5CBE0-5878-441F-BB37-30FDFE873ABD}.Release|Any CPU.Build.0 = Release|Any CPU
		{57E5CBE0-5878-441F-BB37-30FDFE873ABD}.Release|ARM.ActiveCfg = Release|Any CPU
		{57E5CBE0-5878-441F-BB37-30FDFE873ABD}.Release|ARM.Build.0 = Release|Any CPU
		{57E5CBE0-5878-441F-BB37-30FDFE873ABD}.Release|iPhone.ActiveCfg = Release|Any CPU
		{57E5CBE0-5878-441F-BB37-30FDFE873ABD}.Release|iPhone.Build.0 = Release|Any CPU
		{57E5CBE0-5878-441F-BB37-30FDFE873ABD}.Release|iPhoneSimulator.ActiveCfg = Release|Any CPU
		{57E5CBE0-5878-441F-BB37-30FDFE873ABD}.Release|iPhoneSimulator.Build.0 = Release|Any CPU
		{57E5CBE0-5878-441F-BB37-30FDFE873ABD}.Release|x64.ActiveCfg = Release|Any CPU
		{57E5CBE0-5878-441F-BB37-30FDFE873ABD}.Release|x64.Build.0 = Release|Any CPU
		{57E5CBE0-5878-441F-BB37-30FDFE873ABD}.Release|x86.ActiveCfg = Release|Any CPU
		{57E5CBE0-5878-441F-BB37-30FDFE873ABD}.Release|x86.Build.0 = Release|Any CPU
		{48FD3349-915B-4BC5-9544-4BD1F7E41E31}.Ad-Hoc|Any CPU.ActiveCfg = Release|Any CPU
		{48FD3349-915B-4BC5-9544-4BD1F7E41E31}.Ad-Hoc|Any CPU.Build.0 = Release|Any CPU
		{48FD3349-915B-4BC5-9544-4BD1F7E41E31}.Ad-Hoc|ARM.ActiveCfg = Release|Any CPU
		{48FD3349-915B-4BC5-9544-4BD1F7E41E31}.Ad-Hoc|ARM.Build.0 = Release|Any CPU
		{48FD3349-915B-4BC5-9544-4BD1F7E41E31}.Ad-Hoc|iPhone.ActiveCfg = Release|Any CPU
		{48FD3349-915B-4BC5-9544-4BD1F7E41E31}.Ad-Hoc|iPhone.Build.0 = Release|Any CPU
		{48FD3349-915B-4BC5-9544-4BD1F7E41E31}.Ad-Hoc|iPhoneSimulator.ActiveCfg = Release|Any CPU
		{48FD3349-915B-4BC5-9544-4BD1F7E41E31}.Ad-Hoc|iPhoneSimulator.Build.0 = Release|Any CPU
		{48FD3349-915B-4BC5-9544-4BD1F7E41E31}.Ad-Hoc|x64.ActiveCfg = Release|Any CPU
		{48FD3349-915B-4BC5-9544-4BD1F7E41E31}.Ad-Hoc|x64.Build.0 = Release|Any CPU
		{48FD3349-915B-4BC5-9544-4BD1F7E41E31}.Ad-Hoc|x86.ActiveCfg = Release|Any CPU
		{48FD3349-915B-4BC5-9544-4BD1F7E41E31}.Ad-Hoc|x86.Build.0 = Release|Any CPU
		{48FD3349-915B-4BC5-9544-4BD1F7E41E31}.AppStore|Any CPU.ActiveCfg = Release|Any CPU
		{48FD3349-915B-4BC5-9544-4BD1F7E41E31}.AppStore|Any CPU.Build.0 = Release|Any CPU
		{48FD3349-915B-4BC5-9544-4BD1F7E41E31}.AppStore|ARM.ActiveCfg = Release|Any CPU
		{48FD3349-915B-4BC5-9544-4BD1F7E41E31}.AppStore|ARM.Build.0 = Release|Any CPU
		{48FD3349-915B-4BC5-9544-4BD1F7E41E31}.AppStore|iPhone.ActiveCfg = Release|Any CPU
		{48FD3349-915B-4BC5-9544-4BD1F7E41E31}.AppStore|iPhone.Build.0 = Release|Any CPU
		{48FD3349-915B-4BC5-9544-4BD1F7E41E31}.AppStore|iPhoneSimulator.ActiveCfg = Release|Any CPU
		{48FD3349-915B-4BC5-9544-4BD1F7E41E31}.AppStore|iPhoneSimulator.Build.0 = Release|Any CPU
		{48FD3349-915B-4BC5-9544-4BD1F7E41E31}.AppStore|x64.ActiveCfg = Release|Any CPU
		{48FD3349-915B-4BC5-9544-4BD1F7E41E31}.AppStore|x64.Build.0 = Release|Any CPU
		{48FD3349-915B-4BC5-9544-4BD1F7E41E31}.AppStore|x86.ActiveCfg = Release|Any CPU
		{48FD3349-915B-4BC5-9544-4BD1F7E41E31}.AppStore|x86.Build.0 = Release|Any CPU
		{48FD3349-915B-4BC5-9544-4BD1F7E41E31}.Debug|Any CPU.ActiveCfg = Debug|Any CPU
		{48FD3349-915B-4BC5-9544-4BD1F7E41E31}.Debug|Any CPU.Build.0 = Debug|Any CPU
		{48FD3349-915B-4BC5-9544-4BD1F7E41E31}.Debug|ARM.ActiveCfg = Debug|Any CPU
		{48FD3349-915B-4BC5-9544-4BD1F7E41E31}.Debug|ARM.Build.0 = Debug|Any CPU
		{48FD3349-915B-4BC5-9544-4BD1F7E41E31}.Debug|iPhone.ActiveCfg = Debug|Any CPU
		{48FD3349-915B-4BC5-9544-4BD1F7E41E31}.Debug|iPhone.Build.0 = Debug|Any CPU
		{48FD3349-915B-4BC5-9544-4BD1F7E41E31}.Debug|iPhoneSimulator.ActiveCfg = Debug|Any CPU
		{48FD3349-915B-4BC5-9544-4BD1F7E41E31}.Debug|iPhoneSimulator.Build.0 = Debug|Any CPU
		{48FD3349-915B-4BC5-9544-4BD1F7E41E31}.Debug|x64.ActiveCfg = Debug|Any CPU
		{48FD3349-915B-4BC5-9544-4BD1F7E41E31}.Debug|x64.Build.0 = Debug|Any CPU
		{48FD3349-915B-4BC5-9544-4BD1F7E41E31}.Debug|x86.ActiveCfg = Debug|Any CPU
		{48FD3349-915B-4BC5-9544-4BD1F7E41E31}.Debug|x86.Build.0 = Debug|Any CPU
		{48FD3349-915B-4BC5-9544-4BD1F7E41E31}.Release|Any CPU.ActiveCfg = Release|Any CPU
		{48FD3349-915B-4BC5-9544-4BD1F7E41E31}.Release|Any CPU.Build.0 = Release|Any CPU
		{48FD3349-915B-4BC5-9544-4BD1F7E41E31}.Release|ARM.ActiveCfg = Release|Any CPU
		{48FD3349-915B-4BC5-9544-4BD1F7E41E31}.Release|ARM.Build.0 = Release|Any CPU
		{48FD3349-915B-4BC5-9544-4BD1F7E41E31}.Release|iPhone.ActiveCfg = Release|Any CPU
		{48FD3349-915B-4BC5-9544-4BD1F7E41E31}.Release|iPhone.Build.0 = Release|Any CPU
		{48FD3349-915B-4BC5-9544-4BD1F7E41E31}.Release|iPhoneSimulator.ActiveCfg = Release|Any CPU
		{48FD3349-915B-4BC5-9544-4BD1F7E41E31}.Release|iPhoneSimulator.Build.0 = Release|Any CPU
		{48FD3349-915B-4BC5-9544-4BD1F7E41E31}.Release|x64.ActiveCfg = Release|Any CPU
		{48FD3349-915B-4BC5-9544-4BD1F7E41E31}.Release|x64.Build.0 = Release|Any CPU
		{48FD3349-915B-4BC5-9544-4BD1F7E41E31}.Release|x86.ActiveCfg = Release|Any CPU
		{48FD3349-915B-4BC5-9544-4BD1F7E41E31}.Release|x86.Build.0 = Release|Any CPU
	EndGlobalSection
	GlobalSection(SolutionProperties) = preSolution
		HideSolutionNode = FALSE
	EndGlobalSection
	GlobalSection(NestedProjects) = preSolution
		{A5E66253-EF7E-4D71-8A81-ED8EC9C3BAE1} = {7D24B326-A53B-4DF4-BCF1-299DF15EB080}
		{0043F310-BF6D-4092-9AD0-8CEBB2189C07} = {7D24B326-A53B-4DF4-BCF1-299DF15EB080}
		{FCE2029A-E183-473A-A6E7-7FD03011A9C2} = {7D24B326-A53B-4DF4-BCF1-299DF15EB080}
		{05A0FA18-0E59-471E-B4A3-02A1459A08D3} = {7D24B326-A53B-4DF4-BCF1-299DF15EB080}
		{2A3AACF2-1372-48C9-89C1-6473AD9D2A25} = {72FF23E2-14F4-4F65-90B9-073253D78E73}
		{AD7C8CB8-8308-401C-BABC-A859272B81D0} = {449ABEEC-F4D3-4CFC-A895-33981D8160A4}
		{4FF0E874-ADB4-4AE5-B059-DD6116C4A370} = {AAC3F478-B563-4A1A-AE62-422A5BBF976A}
		{57E5CBE0-5878-441F-BB37-30FDFE873ABD} = {AAC3F478-B563-4A1A-AE62-422A5BBF976A}
		{48FD3349-915B-4BC5-9544-4BD1F7E41E31} = {A58757D6-F412-44BD-8884-6147AD01316A}
	EndGlobalSection
EndGlobal
